
Microsoft Visual Studio Solution File, Format Version 12.00
# Visual Studio Version 16
VisualStudioVersion = 16.0.29306.81
MinimumVisualStudioVersion = 10.0.40219.1
Project("{FAE04EC0-301F-11D3-BF4B-00C04F79EFBC}") = "CH0306", "CH0306.csproj", "{B75EE9DD-2A67-454A-837A-DEE9FB17D381}"
EndProject
Global
	GlobalSection(SolutionConfigurationPlatforms) = preSolution
		Debug|Any CPU = Debug|Any CPU
		Release|Any CPU = Release|Any CPU
	EndGlobalSection
	GlobalSection(ProjectConfigurationPlatforms) = postSolution
		{B75EE9DD-2A67-454A-837A-DEE9FB17D381}.Debug|Any CPU.ActiveCfg = Debug|Any CPU
		{B75EE9DD-2A67-454A-837A-DEE9FB17D381}.Debug|Any CPU.Build.0 = Debug|Any CPU
		{B75EE9DD-2A67-454A-837A-DEE9FB17D381}.Release|Any CPU.ActiveCfg = Release|Any CPU
		{B75EE9DD-2A67-454A-837A-DEE9FB17D381}.Release|Any CPU.Build.0 = Release|Any CPU
	EndGlobalSection
	GlobalSection(SolutionProperties) = preSolution
		HideSolutionNode = FALSE
	EndGlobalSection
	GlobalSection(ExtensibilityGlobals) = postSolution
		SolutionGuid = {B8F27F66-3887-4F8F-8D7E-8206F5B90E01}
	EndGlobalSection
EndGlobal
