
Microsoft Visual Studio Solution File, Format Version 12.00
# Visual Studio Express 2012 for Windows Desktop
Project("{FAE04EC0-301F-11D3-BF4B-00C04F79EFBC}") = "9.4-1", "9.4-1\9.4-1.csproj", "{63A00102-BF2E-4495-A583-35FB39B54C42}"
EndProject
Global
	GlobalSection(SolutionConfigurationPlatforms) = preSolution
		Debug|Any CPU = Debug|Any CPU
		Release|Any CPU = Release|Any CPU
	EndGlobalSection
	GlobalSection(ProjectConfigurationPlatforms) = postSolution
		{63A00102-BF2E-4495-A583-35FB39B54C42}.Debug|Any CPU.ActiveCfg = Debug|Any CPU
		{63A00102-BF2E-4495-A583-35FB39B54C42}.Debug|Any CPU.Build.0 = Debug|Any CPU
		{63A00102-BF2E-4495-A583-35FB39B54C42}.Release|Any CPU.ActiveCfg = Release|Any CPU
		{63A00102-BF2E-4495-A583-35FB39B54C42}.Release|Any CPU.Build.0 = Release|Any CPU
	EndGlobalSection
	GlobalSection(SolutionProperties) = preSolution
		HideSolutionNode = FALSE
	EndGlobalSection
EndGlobal
