
Microsoft Visual Studio Solution File, Format Version 11.00
# Visual C# Express 2010
Project("{FAE04EC0-301F-11D3-BF4B-00C04F79EFBC}") = "howto_draw_nonintersecting_star", "howto_draw_nonintersecting_star.csproj", "{DEAFA04A-A44D-47B5-85B9-4714454B3B33}"
EndProject
Global
	GlobalSection(SolutionConfigurationPlatforms) = preSolution
		Debug|Any CPU = Debug|Any CPU
		Release|Any CPU = Release|Any CPU
	EndGlobalSection
	GlobalSection(ProjectConfigurationPlatforms) = postSolution
		{DEAFA04A-A44D-47B5-85B9-4714454B3B33}.Debug|Any CPU.ActiveCfg = Debug|Any CPU
		{DEAFA04A-A44D-47B5-85B9-4714454B3B33}.Debug|Any CPU.Build.0 = Debug|Any CPU
		{DEAFA04A-A44D-47B5-85B9-4714454B3B33}.Release|Any CPU.ActiveCfg = Release|Any CPU
		{DEAFA04A-A44D-47B5-85B9-4714454B3B33}.Release|Any CPU.Build.0 = Release|Any CPU
	EndGlobalSection
	GlobalSection(SolutionProperties) = preSolution
		HideSolutionNode = FALSE
	EndGlobalSection
EndGlobal
