
Microsoft Visual Studio Solution File, Format Version 10.00
# Visual Studio 2008
Project("{FAE04EC0-301F-11D3-BF4B-00C04F79EFBC}") = "Access2000Path", "Access2000Path\Access2000Path.csproj", "{5ADE0874-5085-49FE-A0BD-1BFF59B4DC01}"
EndProject
Global
	GlobalSection(SolutionConfigurationPlatforms) = preSolution
		Debug|Any CPU = Debug|Any CPU
		Release|Any CPU = Release|Any CPU
	EndGlobalSection
	GlobalSection(ProjectConfigurationPlatforms) = postSolution
		{5ADE0874-5085-49FE-A0BD-1BFF59B4DC01}.Debug|Any CPU.ActiveCfg = Debug|Any CPU
		{5ADE0874-5085-49FE-A0BD-1BFF59B4DC01}.Debug|Any CPU.Build.0 = Debug|Any CPU
		{5ADE0874-5085-49FE-A0BD-1BFF59B4DC01}.Release|Any CPU.ActiveCfg = Release|Any CPU
		{5ADE0874-5085-49FE-A0BD-1BFF59B4DC01}.Release|Any CPU.Build.0 = Release|Any CPU
	EndGlobalSection
	GlobalSection(SolutionProperties) = preSolution
		HideSolutionNode = FALSE
	EndGlobalSection
EndGlobal
