
Microsoft Visual Studio Solution File, Format Version 10.00
# Visual Studio 2008
Project("{FAE04EC0-301F-11D3-BF4B-00C04F79EFBC}") = "WaveImage", "WaveImage\WaveImage.csproj", "{1283DED0-91E8-48C3-BB55-37435F4B6B22}"
EndProject
Global
	GlobalSection(SolutionConfigurationPlatforms) = preSolution
		Debug|Any CPU = Debug|Any CPU
		Release|Any CPU = Release|Any CPU
	EndGlobalSection
	GlobalSection(ProjectConfigurationPlatforms) = postSolution
		{1283DED0-91E8-48C3-BB55-37435F4B6B22}.Debug|Any CPU.ActiveCfg = Debug|Any CPU
		{1283DED0-91E8-48C3-BB55-37435F4B6B22}.Debug|Any CPU.Build.0 = Debug|Any CPU
		{1283DED0-91E8-48C3-BB55-37435F4B6B22}.Release|Any CPU.ActiveCfg = Release|Any CPU
		{1283DED0-91E8-48C3-BB55-37435F4B6B22}.Release|Any CPU.Build.0 = Release|Any CPU
	EndGlobalSection
	GlobalSection(SolutionProperties) = preSolution
		HideSolutionNode = FALSE
	EndGlobalSection
EndGlobal
