
Microsoft Visual Studio Solution File, Format Version 10.00
# Visual Studio 2008
Project("{FAE04EC0-301F-11D3-BF4B-00C04F79EFBC}") = "TriggerNesting", "TriggerNesting\TriggerNesting.csproj", "{2CF376ED-D6D6-4722-9254-BA33DD737029}"
EndProject
Global
	GlobalSection(SolutionConfigurationPlatforms) = preSolution
		Debug|Any CPU = Debug|Any CPU
		Release|Any CPU = Release|Any CPU
	EndGlobalSection
	GlobalSection(ProjectConfigurationPlatforms) = postSolution
		{2CF376ED-D6D6-4722-9254-BA33DD737029}.Debug|Any CPU.ActiveCfg = Debug|Any CPU
		{2CF376ED-D6D6-4722-9254-BA33DD737029}.Debug|Any CPU.Build.0 = Debug|Any CPU
		{2CF376ED-D6D6-4722-9254-BA33DD737029}.Release|Any CPU.ActiveCfg = Release|Any CPU
		{2CF376ED-D6D6-4722-9254-BA33DD737029}.Release|Any CPU.Build.0 = Release|Any CPU
	EndGlobalSection
	GlobalSection(SolutionProperties) = preSolution
		HideSolutionNode = FALSE
	EndGlobalSection
EndGlobal
