
Microsoft Visual Studio Solution File, Format Version 10.00
# Visual Studio 2008
Project("{FAE04EC0-301F-11D3-BF4B-00C04F79EFBC}") = "啟動螢幕保護", "啟動螢幕保護\啟動螢幕保護.csproj", "{093826D5-EA93-4F9F-9E3C-60517384BF26}"
EndProject
Global
	GlobalSection(SolutionConfigurationPlatforms) = preSolution
		Debug|Any CPU = Debug|Any CPU
		Release|Any CPU = Release|Any CPU
	EndGlobalSection
	GlobalSection(ProjectConfigurationPlatforms) = postSolution
		{093826D5-EA93-4F9F-9E3C-60517384BF26}.Debug|Any CPU.ActiveCfg = Debug|Any CPU
		{093826D5-EA93-4F9F-9E3C-60517384BF26}.Debug|Any CPU.Build.0 = Debug|Any CPU
		{093826D5-EA93-4F9F-9E3C-60517384BF26}.Release|Any CPU.ActiveCfg = Release|Any CPU
		{093826D5-EA93-4F9F-9E3C-60517384BF26}.Release|Any CPU.Build.0 = Release|Any CPU
	EndGlobalSection
	GlobalSection(SolutionProperties) = preSolution
		HideSolutionNode = FALSE
	EndGlobalSection
EndGlobal
