
Microsoft Visual Studio Solution File, Format Version 12.00
# Visual Studio Version 16
VisualStudioVersion = 16.0.28803.452
MinimumVisualStudioVersion = 10.0.40219.1
Project("{FAE04EC0-301F-11D3-BF4B-00C04F79EFBC}") = "CH1204", "CH1204.csproj", "{C87C953F-F225-4607-90E3-A906058FCC8C}"
EndProject
Global
	GlobalSection(SolutionConfigurationPlatforms) = preSolution
		Debug|Any CPU = Debug|Any CPU
		Release|Any CPU = Release|Any CPU
	EndGlobalSection
	GlobalSection(ProjectConfigurationPlatforms) = postSolution
		{C87C953F-F225-4607-90E3-A906058FCC8C}.Debug|Any CPU.ActiveCfg = Debug|Any CPU
		{C87C953F-F225-4607-90E3-A906058FCC8C}.Debug|Any CPU.Build.0 = Debug|Any CPU
		{C87C953F-F225-4607-90E3-A906058FCC8C}.Release|Any CPU.ActiveCfg = Release|Any CPU
		{C87C953F-F225-4607-90E3-A906058FCC8C}.Release|Any CPU.Build.0 = Release|Any CPU
	EndGlobalSection
	GlobalSection(SolutionProperties) = preSolution
		HideSolutionNode = FALSE
	EndGlobalSection
	GlobalSection(ExtensibilityGlobals) = postSolution
		SolutionGuid = {D103B176-B40C-4279-A274-6ABDEC09AA68}
	EndGlobalSection
EndGlobal
