
Microsoft Visual Studio Solution File, Format Version 11.00
# Visual C# Express 2010
Project("{FAE04EC0-301F-11D3-BF4B-00C04F79EFBC}") = "vcs_ChangeLanguage", "vcs_ChangeLanguage\vcs_ChangeLanguage.csproj", "{EF49454B-19AC-4701-83D2-4627DE1823F6}"
EndProject
Global
	GlobalSection(SolutionConfigurationPlatforms) = preSolution
		Debug|x86 = Debug|x86
		Release|x86 = Release|x86
	EndGlobalSection
	GlobalSection(ProjectConfigurationPlatforms) = postSolution
		{EF49454B-19AC-4701-83D2-4627DE1823F6}.Debug|x86.ActiveCfg = Debug|x86
		{EF49454B-19AC-4701-83D2-4627DE1823F6}.Debug|x86.Build.0 = Debug|x86
		{EF49454B-19AC-4701-83D2-4627DE1823F6}.Release|x86.ActiveCfg = Release|x86
		{EF49454B-19AC-4701-83D2-4627DE1823F6}.Release|x86.Build.0 = Release|x86
	EndGlobalSection
	GlobalSection(SolutionProperties) = preSolution
		HideSolutionNode = FALSE
	EndGlobalSection
EndGlobal
