
Microsoft Visual Studio Solution File, Format Version 11.00
# Visual C# Express 2010
Project("{FAE04EC0-301F-11D3-BF4B-00C04F79EFBC}") = "vcs_Bin2Hex", "vcs_Bin2Hex\vcs_Bin2Hex.csproj", "{9D8DD2D9-2D4B-4BD4-91B6-8F71035008A1}"
EndProject
Global
	GlobalSection(SolutionConfigurationPlatforms) = preSolution
		Debug|x86 = Debug|x86
		Release|x86 = Release|x86
	EndGlobalSection
	GlobalSection(ProjectConfigurationPlatforms) = postSolution
		{9D8DD2D9-2D4B-4BD4-91B6-8F71035008A1}.Debug|x86.ActiveCfg = Debug|x86
		{9D8DD2D9-2D4B-4BD4-91B6-8F71035008A1}.Debug|x86.Build.0 = Debug|x86
		{9D8DD2D9-2D4B-4BD4-91B6-8F71035008A1}.Release|x86.ActiveCfg = Release|x86
		{9D8DD2D9-2D4B-4BD4-91B6-8F71035008A1}.Release|x86.Build.0 = Release|x86
	EndGlobalSection
	GlobalSection(SolutionProperties) = preSolution
		HideSolutionNode = FALSE
	EndGlobalSection
EndGlobal
