
Microsoft Visual Studio Solution File, Format Version 11.00
# Visual C# Express 2010
Project("{FAE04EC0-301F-11D3-BF4B-00C04F79EFBC}") = "WinTextBox", "WinTextBox.csproj", "{2A4E7CE1-6A52-4F40-8B49-A5F46D27B46B}"
EndProject
Global
	GlobalSection(SolutionConfigurationPlatforms) = preSolution
		Debug|Any CPU = Debug|Any CPU
		Release|Any CPU = Release|Any CPU
	EndGlobalSection
	GlobalSection(ProjectConfigurationPlatforms) = postSolution
		{2A4E7CE1-6A52-4F40-8B49-A5F46D27B46B}.Debug|Any CPU.ActiveCfg = Debug|Any CPU
		{2A4E7CE1-6A52-4F40-8B49-A5F46D27B46B}.Debug|Any CPU.Build.0 = Debug|Any CPU
		{2A4E7CE1-6A52-4F40-8B49-A5F46D27B46B}.Release|Any CPU.ActiveCfg = Release|Any CPU
		{2A4E7CE1-6A52-4F40-8B49-A5F46D27B46B}.Release|Any CPU.Build.0 = Release|Any CPU
	EndGlobalSection
	GlobalSection(SolutionProperties) = preSolution
		HideSolutionNode = FALSE
	EndGlobalSection
EndGlobal
