
Microsoft Visual Studio Solution File, Format Version 11.00
# Visual C# Express 2010
Project("{FAE04EC0-301F-11D3-BF4B-00C04F79EFBC}") = "TheEntryOfControl", "TheEntryOfControl\TheEntryOfControl.csproj", "{3C7C7DAE-2617-4C69-A659-A96CA684931B}"
EndProject
Global
	GlobalSection(SolutionConfigurationPlatforms) = preSolution
		Debug|Any CPU = Debug|Any CPU
		Release|Any CPU = Release|Any CPU
	EndGlobalSection
	GlobalSection(ProjectConfigurationPlatforms) = postSolution
		{3C7C7DAE-2617-4C69-A659-A96CA684931B}.Debug|Any CPU.ActiveCfg = Debug|Any CPU
		{3C7C7DAE-2617-4C69-A659-A96CA684931B}.Debug|Any CPU.Build.0 = Debug|Any CPU
		{3C7C7DAE-2617-4C69-A659-A96CA684931B}.Release|Any CPU.ActiveCfg = Release|Any CPU
		{3C7C7DAE-2617-4C69-A659-A96CA684931B}.Release|Any CPU.Build.0 = Release|Any CPU
	EndGlobalSection
	GlobalSection(SolutionProperties) = preSolution
		HideSolutionNode = FALSE
	EndGlobalSection
EndGlobal
