
Microsoft Visual Studio Solution File, Format Version 10.00
# Visual Studio 2008
Project("{FAE04EC0-301F-11D3-BF4B-00C04F79EFBC}") = "ImageCopy", "ImageCopy\ImageCopy.csproj", "{F5919BBF-E832-48C5-B31C-711131C54BB2}"
EndProject
Global
	GlobalSection(SolutionConfigurationPlatforms) = preSolution
		Debug|Any CPU = Debug|Any CPU
		Release|Any CPU = Release|Any CPU
	EndGlobalSection
	GlobalSection(ProjectConfigurationPlatforms) = postSolution
		{F5919BBF-E832-48C5-B31C-711131C54BB2}.Debug|Any CPU.ActiveCfg = Debug|Any CPU
		{F5919BBF-E832-48C5-B31C-711131C54BB2}.Debug|Any CPU.Build.0 = Debug|Any CPU
		{F5919BBF-E832-48C5-B31C-711131C54BB2}.Release|Any CPU.ActiveCfg = Release|Any CPU
		{F5919BBF-E832-48C5-B31C-711131C54BB2}.Release|Any CPU.Build.0 = Release|Any CPU
	EndGlobalSection
	GlobalSection(SolutionProperties) = preSolution
		HideSolutionNode = FALSE
	EndGlobalSection
EndGlobal
