
Microsoft Visual Studio Solution File, Format Version 12.00
# Visual Studio Version 16
VisualStudioVersion = 16.0.28803.452
MinimumVisualStudioVersion = 10.0.40219.1
Project("{FAE04EC0-301F-11D3-BF4B-00C04F79EFBC}") = "Constructor", "Constructor\Constructor.csproj", "{173FC953-5DD3-4B5A-9BD4-D72A993C15B4}"
EndProject
Global
	GlobalSection(SolutionConfigurationPlatforms) = preSolution
		Debug|Any CPU = Debug|Any CPU
		Release|Any CPU = Release|Any CPU
	EndGlobalSection
	GlobalSection(ProjectConfigurationPlatforms) = postSolution
		{173FC953-5DD3-4B5A-9BD4-D72A993C15B4}.Debug|Any CPU.ActiveCfg = Debug|Any CPU
		{173FC953-5DD3-4B5A-9BD4-D72A993C15B4}.Debug|Any CPU.Build.0 = Debug|Any CPU
		{173FC953-5DD3-4B5A-9BD4-D72A993C15B4}.Release|Any CPU.ActiveCfg = Release|Any CPU
		{173FC953-5DD3-4B5A-9BD4-D72A993C15B4}.Release|Any CPU.Build.0 = Release|Any CPU
	EndGlobalSection
	GlobalSection(SolutionProperties) = preSolution
		HideSolutionNode = FALSE
	EndGlobalSection
	GlobalSection(ExtensibilityGlobals) = postSolution
		SolutionGuid = {0C7ABBF3-9644-49E9-B880-0DF95A3A302A}
	EndGlobalSection
EndGlobal
