
Microsoft Visual Studio Solution File, Format Version 11.00
# Visual C# Express 2010
Project("{FAE04EC0-301F-11D3-BF4B-00C04F79EFBC}") = "howto_dash_caps", "howto_dash_caps.csproj", "{6A3ABD31-E3EA-4C10-B9E7-911A38547D65}"
EndProject
Global
	GlobalSection(SolutionConfigurationPlatforms) = preSolution
		Debug|Any CPU = Debug|Any CPU
		Release|Any CPU = Release|Any CPU
	EndGlobalSection
	GlobalSection(ProjectConfigurationPlatforms) = postSolution
		{6A3ABD31-E3EA-4C10-B9E7-911A38547D65}.Debug|Any CPU.ActiveCfg = Debug|Any CPU
		{6A3ABD31-E3EA-4C10-B9E7-911A38547D65}.Debug|Any CPU.Build.0 = Debug|Any CPU
		{6A3ABD31-E3EA-4C10-B9E7-911A38547D65}.Release|Any CPU.ActiveCfg = Release|Any CPU
		{6A3ABD31-E3EA-4C10-B9E7-911A38547D65}.Release|Any CPU.Build.0 = Release|Any CPU
	EndGlobalSection
	GlobalSection(SolutionProperties) = preSolution
		HideSolutionNode = FALSE
	EndGlobalSection
EndGlobal
