
Microsoft Visual Studio Solution File, Format Version 11.00
# Visual C# Express 2010
Project("{FAE04EC0-301F-11D3-BF4B-00C04F79EFBC}") = "vcs_SmoothProgressBar", "vcs_SmoothProgressBar\vcs_SmoothProgressBar.csproj", "{E04795AD-5A8C-45BF-B2C4-E3E7C032022D}"
EndProject
Global
	GlobalSection(SolutionConfigurationPlatforms) = preSolution
		Debug|x86 = Debug|x86
		Release|x86 = Release|x86
	EndGlobalSection
	GlobalSection(ProjectConfigurationPlatforms) = postSolution
		{E04795AD-5A8C-45BF-B2C4-E3E7C032022D}.Debug|x86.ActiveCfg = Debug|x86
		{E04795AD-5A8C-45BF-B2C4-E3E7C032022D}.Debug|x86.Build.0 = Debug|x86
		{E04795AD-5A8C-45BF-B2C4-E3E7C032022D}.Release|x86.ActiveCfg = Release|x86
		{E04795AD-5A8C-45BF-B2C4-E3E7C032022D}.Release|x86.Build.0 = Release|x86
	EndGlobalSection
	GlobalSection(SolutionProperties) = preSolution
		HideSolutionNode = FALSE
	EndGlobalSection
EndGlobal
