
Microsoft Visual Studio Solution File, Format Version 11.00
# Visual C# Express 2010
Project("{FAE04EC0-301F-11D3-BF4B-00C04F79EFBC}") = "xCh2-1-11", "xCh2-1-11\xCh2-1-11.csproj", "{D80E922F-FEC4-4E27-870B-BFB3BD238883}"
EndProject
Global
	GlobalSection(SolutionConfigurationPlatforms) = preSolution
		Debug|Any CPU = Debug|Any CPU
		Release|Any CPU = Release|Any CPU
	EndGlobalSection
	GlobalSection(ProjectConfigurationPlatforms) = postSolution
		{D80E922F-FEC4-4E27-870B-BFB3BD238883}.Debug|Any CPU.ActiveCfg = Debug|Any CPU
		{D80E922F-FEC4-4E27-870B-BFB3BD238883}.Debug|Any CPU.Build.0 = Debug|Any CPU
		{D80E922F-FEC4-4E27-870B-BFB3BD238883}.Release|Any CPU.ActiveCfg = Release|Any CPU
		{D80E922F-FEC4-4E27-870B-BFB3BD238883}.Release|Any CPU.Build.0 = Release|Any CPU
	EndGlobalSection
	GlobalSection(SolutionProperties) = preSolution
		HideSolutionNode = FALSE
	EndGlobalSection
EndGlobal
