
Microsoft Visual Studio Solution File, Format Version 11.00
# Visual C# Express 2010
Project("{FAE04EC0-301F-11D3-BF4B-00C04F79EFBC}") = "howto_custom_end_caps", "howto_custom_end_caps.csproj", "{A1FEBE54-A36A-47FD-A61B-AF13672FC4C2}"
EndProject
Global
	GlobalSection(SolutionConfigurationPlatforms) = preSolution
		Debug|Any CPU = Debug|Any CPU
		Release|Any CPU = Release|Any CPU
	EndGlobalSection
	GlobalSection(ProjectConfigurationPlatforms) = postSolution
		{A1FEBE54-A36A-47FD-A61B-AF13672FC4C2}.Debug|Any CPU.ActiveCfg = Debug|Any CPU
		{A1FEBE54-A36A-47FD-A61B-AF13672FC4C2}.Debug|Any CPU.Build.0 = Debug|Any CPU
		{A1FEBE54-A36A-47FD-A61B-AF13672FC4C2}.Release|Any CPU.ActiveCfg = Release|Any CPU
		{A1FEBE54-A36A-47FD-A61B-AF13672FC4C2}.Release|Any CPU.Build.0 = Release|Any CPU
	EndGlobalSection
	GlobalSection(SolutionProperties) = preSolution
		HideSolutionNode = FALSE
	EndGlobalSection
EndGlobal
