
Microsoft Visual Studio Solution File, Format Version 12.00
# Visual Studio Version 16
VisualStudioVersion = 16.0.28803.452
MinimumVisualStudioVersion = 10.0.40219.1
Project("{FAE04EC0-301F-11D3-BF4B-00C04F79EFBC}") = "StringFormat", "StringFormat\StringFormat.csproj", "{88D88CE9-2172-48CF-BA70-EC8C360F7630}"
EndProject
Global
	GlobalSection(SolutionConfigurationPlatforms) = preSolution
		Debug|Any CPU = Debug|Any CPU
		Release|Any CPU = Release|Any CPU
	EndGlobalSection
	GlobalSection(ProjectConfigurationPlatforms) = postSolution
		{88D88CE9-2172-48CF-BA70-EC8C360F7630}.Debug|Any CPU.ActiveCfg = Debug|Any CPU
		{88D88CE9-2172-48CF-BA70-EC8C360F7630}.Debug|Any CPU.Build.0 = Debug|Any CPU
		{88D88CE9-2172-48CF-BA70-EC8C360F7630}.Release|Any CPU.ActiveCfg = Release|Any CPU
		{88D88CE9-2172-48CF-BA70-EC8C360F7630}.Release|Any CPU.Build.0 = Release|Any CPU
	EndGlobalSection
	GlobalSection(SolutionProperties) = preSolution
		HideSolutionNode = FALSE
	EndGlobalSection
	GlobalSection(ExtensibilityGlobals) = postSolution
		SolutionGuid = {04A9056C-DB96-4B6B-B673-454393E5CD07}
	EndGlobalSection
EndGlobal
