
Microsoft Visual Studio Solution File, Format Version 12.00
# Visual Studio Express 2012 for Windows Desktop
Project("{FAE04EC0-301F-11D3-BF4B-00C04F79EFBC}") = "ConsoleDriveInfo1", "ConsoleDriveInfo1.csproj", "{30F4ADEB-A6C9-4400-AD6E-DBEA9501BA5B}"
EndProject
Global
	GlobalSection(SolutionConfigurationPlatforms) = preSolution
		Debug|Any CPU = Debug|Any CPU
		Release|Any CPU = Release|Any CPU
	EndGlobalSection
	GlobalSection(ProjectConfigurationPlatforms) = postSolution
		{30F4ADEB-A6C9-4400-AD6E-DBEA9501BA5B}.Debug|Any CPU.ActiveCfg = Debug|Any CPU
		{30F4ADEB-A6C9-4400-AD6E-DBEA9501BA5B}.Debug|Any CPU.Build.0 = Debug|Any CPU
		{30F4ADEB-A6C9-4400-AD6E-DBEA9501BA5B}.Release|Any CPU.ActiveCfg = Release|Any CPU
		{30F4ADEB-A6C9-4400-AD6E-DBEA9501BA5B}.Release|Any CPU.Build.0 = Release|Any CPU
	EndGlobalSection
	GlobalSection(SolutionProperties) = preSolution
		HideSolutionNode = FALSE
	EndGlobalSection
EndGlobal
