
Microsoft Visual Studio Solution File, Format Version 12.00
# Visual Studio 2012
Project("{FAE04EC0-301F-11D3-BF4B-00C04F79EFBC}") = "xCh4-1-2-91", "xCh4-1-2-91\xCh4-1-2-91.csproj", "{5A6438B4-A8EC-46AD-81D2-D47FDC3159E8}"
EndProject
Global
	GlobalSection(SolutionConfigurationPlatforms) = preSolution
		Debug|Any CPU = Debug|Any CPU
		Release|Any CPU = Release|Any CPU
	EndGlobalSection
	GlobalSection(ProjectConfigurationPlatforms) = postSolution
		{5A6438B4-A8EC-46AD-81D2-D47FDC3159E8}.Debug|Any CPU.ActiveCfg = Debug|Any CPU
		{5A6438B4-A8EC-46AD-81D2-D47FDC3159E8}.Debug|Any CPU.Build.0 = Debug|Any CPU
		{5A6438B4-A8EC-46AD-81D2-D47FDC3159E8}.Release|Any CPU.ActiveCfg = Release|Any CPU
		{5A6438B4-A8EC-46AD-81D2-D47FDC3159E8}.Release|Any CPU.Build.0 = Release|Any CPU
	EndGlobalSection
	GlobalSection(SolutionProperties) = preSolution
		HideSolutionNode = FALSE
	EndGlobalSection
EndGlobal
