
Microsoft Visual Studio Solution File, Format Version 12.00
# Visual Studio 14
VisualStudioVersion = 14.0.23107.0
MinimumVisualStudioVersion = 10.0.40219.1
Project("{FAE04EC0-301F-11D3-BF4B-00C04F79EFBC}") = "MouseMove", "MouseMove.csproj", "{D13B903C-0957-4F3B-9F0E-642521177383}"
EndProject
Global
	GlobalSection(SolutionConfigurationPlatforms) = preSolution
		Debug|Any CPU = Debug|Any CPU
		Release|Any CPU = Release|Any CPU
	EndGlobalSection
	GlobalSection(ProjectConfigurationPlatforms) = postSolution
		{D13B903C-0957-4F3B-9F0E-642521177383}.Debug|Any CPU.ActiveCfg = Debug|Any CPU
		{D13B903C-0957-4F3B-9F0E-642521177383}.Debug|Any CPU.Build.0 = Debug|Any CPU
		{D13B903C-0957-4F3B-9F0E-642521177383}.Release|Any CPU.ActiveCfg = Release|Any CPU
		{D13B903C-0957-4F3B-9F0E-642521177383}.Release|Any CPU.Build.0 = Release|Any CPU
	EndGlobalSection
	GlobalSection(SolutionProperties) = preSolution
		HideSolutionNode = FALSE
	EndGlobalSection
EndGlobal
