
Microsoft Visual Studio Solution File, Format Version 11.00
# Visual C# Express 2010
Project("{FAE04EC0-301F-11D3-BF4B-00C04F79EFBC}") = "howto_breadth_first_tree", "howto_breadth_first_tree.csproj", "{F273D56F-B1CC-4366-8CC0-C720762DEA1C}"
EndProject
Global
	GlobalSection(SolutionConfigurationPlatforms) = preSolution
		Debug|Any CPU = Debug|Any CPU
		Release|Any CPU = Release|Any CPU
	EndGlobalSection
	GlobalSection(ProjectConfigurationPlatforms) = postSolution
		{F273D56F-B1CC-4366-8CC0-C720762DEA1C}.Debug|Any CPU.ActiveCfg = Debug|Any CPU
		{F273D56F-B1CC-4366-8CC0-C720762DEA1C}.Debug|Any CPU.Build.0 = Debug|Any CPU
		{F273D56F-B1CC-4366-8CC0-C720762DEA1C}.Release|Any CPU.ActiveCfg = Release|Any CPU
		{F273D56F-B1CC-4366-8CC0-C720762DEA1C}.Release|Any CPU.Build.0 = Release|Any CPU
	EndGlobalSection
	GlobalSection(SolutionProperties) = preSolution
		HideSolutionNode = FALSE
	EndGlobalSection
EndGlobal
