
Microsoft Visual Studio Solution File, Format Version 11.00
# Visual C# Express 2010
Project("{FAE04EC0-301F-11D3-BF4B-00C04F79EFBC}") = "vcs_ReadWrite_PDF2", "vcs_ReadWrite_PDF2\vcs_ReadWrite_PDF2.csproj", "{A623E247-A446-47A9-B77E-7C231D606920}"
EndProject
Global
	GlobalSection(SolutionConfigurationPlatforms) = preSolution
		Debug|x86 = Debug|x86
		Release|x86 = Release|x86
	EndGlobalSection
	GlobalSection(ProjectConfigurationPlatforms) = postSolution
		{A623E247-A446-47A9-B77E-7C231D606920}.Debug|x86.ActiveCfg = Debug|x86
		{A623E247-A446-47A9-B77E-7C231D606920}.Debug|x86.Build.0 = Debug|x86
		{A623E247-A446-47A9-B77E-7C231D606920}.Release|x86.ActiveCfg = Release|x86
		{A623E247-A446-47A9-B77E-7C231D606920}.Release|x86.Build.0 = Release|x86
	EndGlobalSection
	GlobalSection(SolutionProperties) = preSolution
		HideSolutionNode = FALSE
	EndGlobalSection
EndGlobal
