
Microsoft Visual Studio Solution File, Format Version 12.00
# Visual Studio Version 16
VisualStudioVersion = 16.0.28803.452
MinimumVisualStudioVersion = 10.0.40219.1
Project("{FAE04EC0-301F-11D3-BF4B-00C04F79EFBC}") = "StrAdd", "StrAdd\StrAdd.csproj", "{74FF9F04-3A52-481C-ADA1-7748F0CFFB4E}"
EndProject
Global
	GlobalSection(SolutionConfigurationPlatforms) = preSolution
		Debug|Any CPU = Debug|Any CPU
		Release|Any CPU = Release|Any CPU
	EndGlobalSection
	GlobalSection(ProjectConfigurationPlatforms) = postSolution
		{74FF9F04-3A52-481C-ADA1-7748F0CFFB4E}.Debug|Any CPU.ActiveCfg = Debug|Any CPU
		{74FF9F04-3A52-481C-ADA1-7748F0CFFB4E}.Debug|Any CPU.Build.0 = Debug|Any CPU
		{74FF9F04-3A52-481C-ADA1-7748F0CFFB4E}.Release|Any CPU.ActiveCfg = Release|Any CPU
		{74FF9F04-3A52-481C-ADA1-7748F0CFFB4E}.Release|Any CPU.Build.0 = Release|Any CPU
	EndGlobalSection
	GlobalSection(SolutionProperties) = preSolution
		HideSolutionNode = FALSE
	EndGlobalSection
	GlobalSection(ExtensibilityGlobals) = postSolution
		SolutionGuid = {20CB27E6-BF54-4FBB-BF18-2162A128E21B}
	EndGlobalSection
EndGlobal
