
Microsoft Visual Studio Solution File, Format Version 10.00
# Visual Studio 2008
Project("{FAE04EC0-301F-11D3-BF4B-00C04F79EFBC}") = "圖表顯示磁盤容量", "圖表顯示磁盤容量\圖表顯示磁盤容量.csproj", "{C8A7C0E9-A960-49B6-9935-D7BDE6C119B7}"
EndProject
Global
	GlobalSection(SolutionConfigurationPlatforms) = preSolution
		Debug|Any CPU = Debug|Any CPU
		Release|Any CPU = Release|Any CPU
	EndGlobalSection
	GlobalSection(ProjectConfigurationPlatforms) = postSolution
		{C8A7C0E9-A960-49B6-9935-D7BDE6C119B7}.Debug|Any CPU.ActiveCfg = Debug|Any CPU
		{C8A7C0E9-A960-49B6-9935-D7BDE6C119B7}.Debug|Any CPU.Build.0 = Debug|Any CPU
		{C8A7C0E9-A960-49B6-9935-D7BDE6C119B7}.Release|Any CPU.ActiveCfg = Release|Any CPU
		{C8A7C0E9-A960-49B6-9935-D7BDE6C119B7}.Release|Any CPU.Build.0 = Release|Any CPU
	EndGlobalSection
	GlobalSection(SolutionProperties) = preSolution
		HideSolutionNode = FALSE
	EndGlobalSection
EndGlobal
