
Microsoft Visual Studio Solution File, Format Version 11.00
# Visual C# Express 2010
Project("{FAE04EC0-301F-11D3-BF4B-00C04F79EFBC}") = "vcs_Color", "vcs_Color\vcs_Color.csproj", "{A284110E-F875-4804-94E1-633DF33F1EF9}"
EndProject
Global
	GlobalSection(SolutionConfigurationPlatforms) = preSolution
		Debug|x86 = Debug|x86
		Release|x86 = Release|x86
	EndGlobalSection
	GlobalSection(ProjectConfigurationPlatforms) = postSolution
		{A284110E-F875-4804-94E1-633DF33F1EF9}.Debug|x86.ActiveCfg = Debug|x86
		{A284110E-F875-4804-94E1-633DF33F1EF9}.Debug|x86.Build.0 = Debug|x86
		{A284110E-F875-4804-94E1-633DF33F1EF9}.Release|x86.ActiveCfg = Release|x86
		{A284110E-F875-4804-94E1-633DF33F1EF9}.Release|x86.Build.0 = Release|x86
	EndGlobalSection
	GlobalSection(SolutionProperties) = preSolution
		HideSolutionNode = FALSE
	EndGlobalSection
EndGlobal
