
Microsoft Visual Studio Solution File, Format Version 12.00
# Visual Studio Version 16
VisualStudioVersion = 16.0.29306.81
MinimumVisualStudioVersion = 10.0.40219.1
Project("{FAE04EC0-301F-11D3-BF4B-00C04F79EFBC}") = "CH0304", "CH0304.csproj", "{FBF63509-7CC4-4D54-A383-EDD9672CDE77}"
EndProject
Global
	GlobalSection(SolutionConfigurationPlatforms) = preSolution
		Debug|Any CPU = Debug|Any CPU
		Release|Any CPU = Release|Any CPU
	EndGlobalSection
	GlobalSection(ProjectConfigurationPlatforms) = postSolution
		{FBF63509-7CC4-4D54-A383-EDD9672CDE77}.Debug|Any CPU.ActiveCfg = Debug|Any CPU
		{FBF63509-7CC4-4D54-A383-EDD9672CDE77}.Debug|Any CPU.Build.0 = Debug|Any CPU
		{FBF63509-7CC4-4D54-A383-EDD9672CDE77}.Release|Any CPU.ActiveCfg = Release|Any CPU
		{FBF63509-7CC4-4D54-A383-EDD9672CDE77}.Release|Any CPU.Build.0 = Release|Any CPU
	EndGlobalSection
	GlobalSection(SolutionProperties) = preSolution
		HideSolutionNode = FALSE
	EndGlobalSection
	GlobalSection(ExtensibilityGlobals) = postSolution
		SolutionGuid = {8002931F-E049-4630-85BC-7DEAE1A2975B}
	EndGlobalSection
EndGlobal
