
Microsoft Visual Studio Solution File, Format Version 11.00
# Visual C# Express 2010
Project("{FAE04EC0-301F-11D3-BF4B-00C04F79EFBC}") = "vcs_MyLibrary", "vcs_MyLibrary\vcs_MyLibrary.csproj", "{BCC3BA7F-E743-452C-B3B6-F07B76405E32}"
EndProject
Global
	GlobalSection(SolutionConfigurationPlatforms) = preSolution
		Debug|Any CPU = Debug|Any CPU
		Release|Any CPU = Release|Any CPU
	EndGlobalSection
	GlobalSection(ProjectConfigurationPlatforms) = postSolution
		{BCC3BA7F-E743-452C-B3B6-F07B76405E32}.Debug|Any CPU.ActiveCfg = Debug|Any CPU
		{BCC3BA7F-E743-452C-B3B6-F07B76405E32}.Debug|Any CPU.Build.0 = Debug|Any CPU
		{BCC3BA7F-E743-452C-B3B6-F07B76405E32}.Release|Any CPU.ActiveCfg = Release|Any CPU
		{BCC3BA7F-E743-452C-B3B6-F07B76405E32}.Release|Any CPU.Build.0 = Release|Any CPU
	EndGlobalSection
	GlobalSection(SolutionProperties) = preSolution
		HideSolutionNode = FALSE
	EndGlobalSection
EndGlobal
