
Microsoft Visual Studio Solution File, Format Version 11.00
# Visual C# Express 2010
Project("{FAE04EC0-301F-11D3-BF4B-00C04F79EFBC}") = "vcs_Screensaver5", "vcs_Screensaver5\vcs_Screensaver5.csproj", "{F252423A-DA36-47E7-8FAE-82F52841FE22}"
EndProject
Global
	GlobalSection(SolutionConfigurationPlatforms) = preSolution
		Debug|x86 = Debug|x86
		Release|x86 = Release|x86
	EndGlobalSection
	GlobalSection(ProjectConfigurationPlatforms) = postSolution
		{F252423A-DA36-47E7-8FAE-82F52841FE22}.Debug|x86.ActiveCfg = Debug|x86
		{F252423A-DA36-47E7-8FAE-82F52841FE22}.Debug|x86.Build.0 = Debug|x86
		{F252423A-DA36-47E7-8FAE-82F52841FE22}.Release|x86.ActiveCfg = Release|x86
		{F252423A-DA36-47E7-8FAE-82F52841FE22}.Release|x86.Build.0 = Release|x86
	EndGlobalSection
	GlobalSection(SolutionProperties) = preSolution
		HideSolutionNode = FALSE
	EndGlobalSection
EndGlobal
