
Microsoft Visual Studio Solution File, Format Version 12.00
# Visual Studio Version 17
VisualStudioVersion = 17.0.32802.463
MinimumVisualStudioVersion = 10.0.40219.1
Project("{8BC9CEB8-8B4A-11D0-8D11-00A0C91BC942}") = "bicubicTexture", "bicubicTexture_vs2022.vcxproj", "{1911BBF0-332C-48D8-9C0E-3CA2EEB78411}"
EndProject
Global
	GlobalSection(SolutionConfigurationPlatforms) = preSolution
		Debug|x64 = Debug|x64
		Release|x64 = Release|x64
	EndGlobalSection
	GlobalSection(ProjectConfigurationPlatforms) = postSolution
		{1911BBF0-332C-48D8-9C0E-3CA2EEB78411}.Debug|x64.ActiveCfg = Debug|x64
		{1911BBF0-332C-48D8-9C0E-3CA2EEB78411}.Debug|x64.Build.0 = Debug|x64
		{1911BBF0-332C-48D8-9C0E-3CA2EEB78411}.Release|x64.ActiveCfg = Release|x64
		{1911BBF0-332C-48D8-9C0E-3CA2EEB78411}.Release|x64.Build.0 = Release|x64
	EndGlobalSection
	GlobalSection(SolutionProperties) = preSolution
		HideSolutionNode = FALSE
	EndGlobalSection
	GlobalSection(ExtensibilityGlobals) = postSolution
		SolutionGuid = {D38F5E8B-A254-45C1-93FD-A8CBF752792E}
	EndGlobalSection
EndGlobal
