
Microsoft Visual Studio Solution File, Format Version 11.00
# Visual C# Express 2010
Project("{FAE04EC0-301F-11D3-BF4B-00C04F79EFBC}") = "WindowsApplication11", "WindowsApplication11.csproj", "{C92620D3-757F-46CF-BD8D-BD8AB2755610}"
EndProject
Global
	GlobalSection(SolutionConfigurationPlatforms) = preSolution
		Debug|Any CPU = Debug|Any CPU
		Release|Any CPU = Release|Any CPU
	EndGlobalSection
	GlobalSection(ProjectConfigurationPlatforms) = postSolution
		{C92620D3-757F-46CF-BD8D-BD8AB2755610}.Debug|Any CPU.ActiveCfg = Debug|Any CPU
		{C92620D3-757F-46CF-BD8D-BD8AB2755610}.Debug|Any CPU.Build.0 = Debug|Any CPU
		{C92620D3-757F-46CF-BD8D-BD8AB2755610}.Release|Any CPU.ActiveCfg = Release|Any CPU
		{C92620D3-757F-46CF-BD8D-BD8AB2755610}.Release|Any CPU.Build.0 = Release|Any CPU
	EndGlobalSection
	GlobalSection(SolutionProperties) = preSolution
		HideSolutionNode = FALSE
	EndGlobalSection
EndGlobal
