
Microsoft Visual Studio Solution File, Format Version 11.00
# Visual C# Express 2010
Project("{FAE04EC0-301F-11D3-BF4B-00C04F79EFBC}") = "ProcedureUpData", "ProcedureUpData\ProcedureUpData.csproj", "{90B79656-39ED-4B59-A1DB-38F6CE77F430}"
EndProject
Global
	GlobalSection(SolutionConfigurationPlatforms) = preSolution
		Debug|Any CPU = Debug|Any CPU
		Release|Any CPU = Release|Any CPU
	EndGlobalSection
	GlobalSection(ProjectConfigurationPlatforms) = postSolution
		{90B79656-39ED-4B59-A1DB-38F6CE77F430}.Debug|Any CPU.ActiveCfg = Debug|Any CPU
		{90B79656-39ED-4B59-A1DB-38F6CE77F430}.Debug|Any CPU.Build.0 = Debug|Any CPU
		{90B79656-39ED-4B59-A1DB-38F6CE77F430}.Release|Any CPU.ActiveCfg = Release|Any CPU
		{90B79656-39ED-4B59-A1DB-38F6CE77F430}.Release|Any CPU.Build.0 = Release|Any CPU
	EndGlobalSection
	GlobalSection(SolutionProperties) = preSolution
		HideSolutionNode = FALSE
	EndGlobalSection
EndGlobal
