
Microsoft Visual Studio Solution File, Format Version 12.00
# Visual Studio Version 16
VisualStudioVersion = 16.0.28803.452
MinimumVisualStudioVersion = 10.0.40219.1
Project("{FAE04EC0-301F-11D3-BF4B-00C04F79EFBC}") = "CH0811", "CH0811.csproj", "{9AB37BF1-EDC4-4805-AD52-DA6AD0A09B2E}"
EndProject
Global
	GlobalSection(SolutionConfigurationPlatforms) = preSolution
		Debug|Any CPU = Debug|Any CPU
		Release|Any CPU = Release|Any CPU
	EndGlobalSection
	GlobalSection(ProjectConfigurationPlatforms) = postSolution
		{9AB37BF1-EDC4-4805-AD52-DA6AD0A09B2E}.Debug|Any CPU.ActiveCfg = Debug|Any CPU
		{9AB37BF1-EDC4-4805-AD52-DA6AD0A09B2E}.Debug|Any CPU.Build.0 = Debug|Any CPU
		{9AB37BF1-EDC4-4805-AD52-DA6AD0A09B2E}.Release|Any CPU.ActiveCfg = Release|Any CPU
		{9AB37BF1-EDC4-4805-AD52-DA6AD0A09B2E}.Release|Any CPU.Build.0 = Release|Any CPU
	EndGlobalSection
	GlobalSection(SolutionProperties) = preSolution
		HideSolutionNode = FALSE
	EndGlobalSection
	GlobalSection(ExtensibilityGlobals) = postSolution
		SolutionGuid = {C26A610B-0C00-4C62-98C9-A510DD993D17}
	EndGlobalSection
EndGlobal
