
Microsoft Visual Studio Solution File, Format Version 11.00
# Visual C++ Express 2010
Project("{8BC9CEB8-8B4A-11D0-8D11-00A0C91BC942}") = "ptr_test1", "ptr_test1\ptr_test1.vcxproj", "{3273AFB6-0848-4E0E-9A69-CBF3272F7656}"
EndProject
Global
	GlobalSection(SolutionConfigurationPlatforms) = preSolution
		Debug|Win32 = Debug|Win32
		Release|Win32 = Release|Win32
	EndGlobalSection
	GlobalSection(ProjectConfigurationPlatforms) = postSolution
		{3273AFB6-0848-4E0E-9A69-CBF3272F7656}.Debug|Win32.ActiveCfg = Debug|Win32
		{3273AFB6-0848-4E0E-9A69-CBF3272F7656}.Debug|Win32.Build.0 = Debug|Win32
		{3273AFB6-0848-4E0E-9A69-CBF3272F7656}.Release|Win32.ActiveCfg = Release|Win32
		{3273AFB6-0848-4E0E-9A69-CBF3272F7656}.Release|Win32.Build.0 = Release|Win32
	EndGlobalSection
	GlobalSection(SolutionProperties) = preSolution
		HideSolutionNode = FALSE
	EndGlobalSection
EndGlobal
