
Microsoft Visual Studio Solution File, Format Version 12.00
# Visual Studio 2012
Project("{FAE04EC0-301F-11D3-BF4B-00C04F79EFBC}") = "xCh11-6-2-11", "xCh11-6-2-11\xCh11-6-2-11.csproj", "{FE942878-8BE5-4497-80BE-6414E29E785D}"
EndProject
Global
	GlobalSection(SolutionConfigurationPlatforms) = preSolution
		Debug|Any CPU = Debug|Any CPU
		Release|Any CPU = Release|Any CPU
	EndGlobalSection
	GlobalSection(ProjectConfigurationPlatforms) = postSolution
		{FE942878-8BE5-4497-80BE-6414E29E785D}.Debug|Any CPU.ActiveCfg = Debug|Any CPU
		{FE942878-8BE5-4497-80BE-6414E29E785D}.Debug|Any CPU.Build.0 = Debug|Any CPU
		{FE942878-8BE5-4497-80BE-6414E29E785D}.Release|Any CPU.ActiveCfg = Release|Any CPU
		{FE942878-8BE5-4497-80BE-6414E29E785D}.Release|Any CPU.Build.0 = Release|Any CPU
	EndGlobalSection
	GlobalSection(SolutionProperties) = preSolution
		HideSolutionNode = FALSE
	EndGlobalSection
EndGlobal
