
Microsoft Visual Studio Solution File, Format Version 11.00
# Visual C# Express 2010
Project("{FAE04EC0-301F-11D3-BF4B-00C04F79EFBC}") = "WindowsApplication2", "WindowsApplication2.csproj", "{9A1A10ED-5A19-4D5F-89A1-01C64CDE4B64}"
EndProject
Global
	GlobalSection(SolutionConfigurationPlatforms) = preSolution
		Debug|Any CPU = Debug|Any CPU
		Release|Any CPU = Release|Any CPU
	EndGlobalSection
	GlobalSection(ProjectConfigurationPlatforms) = postSolution
		{9A1A10ED-5A19-4D5F-89A1-01C64CDE4B64}.Debug|Any CPU.ActiveCfg = Debug|Any CPU
		{9A1A10ED-5A19-4D5F-89A1-01C64CDE4B64}.Debug|Any CPU.Build.0 = Debug|Any CPU
		{9A1A10ED-5A19-4D5F-89A1-01C64CDE4B64}.Release|Any CPU.ActiveCfg = Release|Any CPU
		{9A1A10ED-5A19-4D5F-89A1-01C64CDE4B64}.Release|Any CPU.Build.0 = Release|Any CPU
	EndGlobalSection
	GlobalSection(SolutionProperties) = preSolution
		HideSolutionNode = FALSE
	EndGlobalSection
EndGlobal
