
Microsoft Visual Studio Solution File, Format Version 12.00
# Visual Studio Version 16
VisualStudioVersion = 16.0.28803.452
MinimumVisualStudioVersion = 10.0.40219.1
Project("{FAE04EC0-301F-11D3-BF4B-00C04F79EFBC}") = "Overload", "Overload\Overload.csproj", "{75F4F990-B41F-45A9-A21B-D892E78952C1}"
EndProject
Global
	GlobalSection(SolutionConfigurationPlatforms) = preSolution
		Debug|Any CPU = Debug|Any CPU
		Release|Any CPU = Release|Any CPU
	EndGlobalSection
	GlobalSection(ProjectConfigurationPlatforms) = postSolution
		{75F4F990-B41F-45A9-A21B-D892E78952C1}.Debug|Any CPU.ActiveCfg = Debug|Any CPU
		{75F4F990-B41F-45A9-A21B-D892E78952C1}.Debug|Any CPU.Build.0 = Debug|Any CPU
		{75F4F990-B41F-45A9-A21B-D892E78952C1}.Release|Any CPU.ActiveCfg = Release|Any CPU
		{75F4F990-B41F-45A9-A21B-D892E78952C1}.Release|Any CPU.Build.0 = Release|Any CPU
	EndGlobalSection
	GlobalSection(SolutionProperties) = preSolution
		HideSolutionNode = FALSE
	EndGlobalSection
	GlobalSection(ExtensibilityGlobals) = postSolution
		SolutionGuid = {47B5C900-1911-4847-9D23-31FC99C6BE00}
	EndGlobalSection
EndGlobal
