
Microsoft Visual Studio Solution File, Format Version 10.00
# Visual Studio 2008
Project("{FAE04EC0-301F-11D3-BF4B-00C04F79EFBC}") = "RightOuterJoin", "RightOuterJoin\RightOuterJoin.csproj", "{6414FD9E-2A41-4418-978C-D21F2596FEEF}"
EndProject
Global
	GlobalSection(SolutionConfigurationPlatforms) = preSolution
		Debug|Any CPU = Debug|Any CPU
		Release|Any CPU = Release|Any CPU
	EndGlobalSection
	GlobalSection(ProjectConfigurationPlatforms) = postSolution
		{6414FD9E-2A41-4418-978C-D21F2596FEEF}.Debug|Any CPU.ActiveCfg = Debug|Any CPU
		{6414FD9E-2A41-4418-978C-D21F2596FEEF}.Debug|Any CPU.Build.0 = Debug|Any CPU
		{6414FD9E-2A41-4418-978C-D21F2596FEEF}.Release|Any CPU.ActiveCfg = Release|Any CPU
		{6414FD9E-2A41-4418-978C-D21F2596FEEF}.Release|Any CPU.Build.0 = Release|Any CPU
	EndGlobalSection
	GlobalSection(SolutionProperties) = preSolution
		HideSolutionNode = FALSE
	EndGlobalSection
EndGlobal
