
Microsoft Visual Studio Solution File, Format Version 12.00
# Visual Studio Version 16
VisualStudioVersion = 16.0.28803.452
MinimumVisualStudioVersion = 10.0.40219.1
Project("{FAE04EC0-301F-11D3-BF4B-00C04F79EFBC}") = "CH0612", "CH0612.csproj", "{53752A04-7BA8-496B-A5E0-13F9F1F856C3}"
EndProject
Global
	GlobalSection(SolutionConfigurationPlatforms) = preSolution
		Debug|Any CPU = Debug|Any CPU
		Release|Any CPU = Release|Any CPU
	EndGlobalSection
	GlobalSection(ProjectConfigurationPlatforms) = postSolution
		{53752A04-7BA8-496B-A5E0-13F9F1F856C3}.Debug|Any CPU.ActiveCfg = Debug|Any CPU
		{53752A04-7BA8-496B-A5E0-13F9F1F856C3}.Debug|Any CPU.Build.0 = Debug|Any CPU
		{53752A04-7BA8-496B-A5E0-13F9F1F856C3}.Release|Any CPU.ActiveCfg = Release|Any CPU
		{53752A04-7BA8-496B-A5E0-13F9F1F856C3}.Release|Any CPU.Build.0 = Release|Any CPU
	EndGlobalSection
	GlobalSection(SolutionProperties) = preSolution
		HideSolutionNode = FALSE
	EndGlobalSection
	GlobalSection(ExtensibilityGlobals) = postSolution
		SolutionGuid = {BC52DD92-6A8C-4B05-96B8-6BF2D1D7940C}
	EndGlobalSection
EndGlobal
