
Microsoft Visual Studio Solution File, Format Version 12.00
# Visual Studio Version 16
VisualStudioVersion = 16.0.28803.452
MinimumVisualStudioVersion = 10.0.40219.1
Project("{FAE04EC0-301F-11D3-BF4B-00C04F79EFBC}") = "CH1104", "CH1104.csproj", "{341E56EF-A032-41A0-9BC8-380DAB6913A9}"
EndProject
Global
	GlobalSection(SolutionConfigurationPlatforms) = preSolution
		Debug|Any CPU = Debug|Any CPU
		Release|Any CPU = Release|Any CPU
	EndGlobalSection
	GlobalSection(ProjectConfigurationPlatforms) = postSolution
		{341E56EF-A032-41A0-9BC8-380DAB6913A9}.Debug|Any CPU.ActiveCfg = Debug|Any CPU
		{341E56EF-A032-41A0-9BC8-380DAB6913A9}.Debug|Any CPU.Build.0 = Debug|Any CPU
		{341E56EF-A032-41A0-9BC8-380DAB6913A9}.Release|Any CPU.ActiveCfg = Release|Any CPU
		{341E56EF-A032-41A0-9BC8-380DAB6913A9}.Release|Any CPU.Build.0 = Release|Any CPU
	EndGlobalSection
	GlobalSection(SolutionProperties) = preSolution
		HideSolutionNode = FALSE
	EndGlobalSection
	GlobalSection(ExtensibilityGlobals) = postSolution
		SolutionGuid = {B4A8F13B-7311-4E2A-8EAF-B33E8ED7EDAA}
	EndGlobalSection
EndGlobal
