
Microsoft Visual Studio Solution File, Format Version 12.00
# Visual Studio Version 16
VisualStudioVersion = 16.0.29306.81
MinimumVisualStudioVersion = 10.0.40219.1
Project("{FAE04EC0-301F-11D3-BF4B-00C04F79EFBC}") = "CH0313", "CH0313.csproj", "{101A62AD-E547-4B0A-8812-9AA7E8ECD203}"
EndProject
Global
	GlobalSection(SolutionConfigurationPlatforms) = preSolution
		Debug|Any CPU = Debug|Any CPU
		Release|Any CPU = Release|Any CPU
	EndGlobalSection
	GlobalSection(ProjectConfigurationPlatforms) = postSolution
		{101A62AD-E547-4B0A-8812-9AA7E8ECD203}.Debug|Any CPU.ActiveCfg = Debug|Any CPU
		{101A62AD-E547-4B0A-8812-9AA7E8ECD203}.Debug|Any CPU.Build.0 = Debug|Any CPU
		{101A62AD-E547-4B0A-8812-9AA7E8ECD203}.Release|Any CPU.ActiveCfg = Release|Any CPU
		{101A62AD-E547-4B0A-8812-9AA7E8ECD203}.Release|Any CPU.Build.0 = Release|Any CPU
	EndGlobalSection
	GlobalSection(SolutionProperties) = preSolution
		HideSolutionNode = FALSE
	EndGlobalSection
	GlobalSection(ExtensibilityGlobals) = postSolution
		SolutionGuid = {3A9E92D1-0C6D-4FAC-B115-32E1B2676999}
	EndGlobalSection
EndGlobal
