
Microsoft Visual Studio Solution File, Format Version 12.00
# Visual Studio Express 2012 for Windows Desktop
Project("{FAE04EC0-301F-11D3-BF4B-00C04F79EFBC}") = "ConsoleInterface1", "ConsoleInterface1.csproj", "{07918A1D-99CF-4A4F-99BB-9DD92D437651}"
EndProject
Global
	GlobalSection(SolutionConfigurationPlatforms) = preSolution
		Debug|Any CPU = Debug|Any CPU
		Release|Any CPU = Release|Any CPU
	EndGlobalSection
	GlobalSection(ProjectConfigurationPlatforms) = postSolution
		{07918A1D-99CF-4A4F-99BB-9DD92D437651}.Debug|Any CPU.ActiveCfg = Debug|Any CPU
		{07918A1D-99CF-4A4F-99BB-9DD92D437651}.Debug|Any CPU.Build.0 = Debug|Any CPU
		{07918A1D-99CF-4A4F-99BB-9DD92D437651}.Release|Any CPU.ActiveCfg = Release|Any CPU
		{07918A1D-99CF-4A4F-99BB-9DD92D437651}.Release|Any CPU.Build.0 = Release|Any CPU
	EndGlobalSection
	GlobalSection(SolutionProperties) = preSolution
		HideSolutionNode = FALSE
	EndGlobalSection
EndGlobal
