
Microsoft Visual Studio Solution File, Format Version 12.00
# Visual Studio Version 16
VisualStudioVersion = 16.0.28803.452
MinimumVisualStudioVersion = 10.0.40219.1
Project("{FAE04EC0-301F-11D3-BF4B-00C04F79EFBC}") = "CH0905", "CH0905.csproj", "{2F5B8C41-3B9A-4B59-B2E7-80799B62A809}"
EndProject
Global
	GlobalSection(SolutionConfigurationPlatforms) = preSolution
		Debug|Any CPU = Debug|Any CPU
		Release|Any CPU = Release|Any CPU
	EndGlobalSection
	GlobalSection(ProjectConfigurationPlatforms) = postSolution
		{2F5B8C41-3B9A-4B59-B2E7-80799B62A809}.Debug|Any CPU.ActiveCfg = Debug|Any CPU
		{2F5B8C41-3B9A-4B59-B2E7-80799B62A809}.Debug|Any CPU.Build.0 = Debug|Any CPU
		{2F5B8C41-3B9A-4B59-B2E7-80799B62A809}.Release|Any CPU.ActiveCfg = Release|Any CPU
		{2F5B8C41-3B9A-4B59-B2E7-80799B62A809}.Release|Any CPU.Build.0 = Release|Any CPU
	EndGlobalSection
	GlobalSection(SolutionProperties) = preSolution
		HideSolutionNode = FALSE
	EndGlobalSection
	GlobalSection(ExtensibilityGlobals) = postSolution
		SolutionGuid = {EDBC9222-1DC3-4F02-A99A-8075AB21D28F}
	EndGlobalSection
EndGlobal
