
Microsoft Visual Studio Solution File, Format Version 12.00
# Visual Studio 2012
Project("{FAE04EC0-301F-11D3-BF4B-00C04F79EFBC}") = "xCh6-1-5-11", "xCh6-1-5-11\xCh6-1-5-11.csproj", "{361AFFC5-FAF5-49E0-BA82-CE26380FB297}"
EndProject
Global
	GlobalSection(SolutionConfigurationPlatforms) = preSolution
		Debug|Any CPU = Debug|Any CPU
		Release|Any CPU = Release|Any CPU
	EndGlobalSection
	GlobalSection(ProjectConfigurationPlatforms) = postSolution
		{361AFFC5-FAF5-49E0-BA82-CE26380FB297}.Debug|Any CPU.ActiveCfg = Debug|Any CPU
		{361AFFC5-FAF5-49E0-BA82-CE26380FB297}.Debug|Any CPU.Build.0 = Debug|Any CPU
		{361AFFC5-FAF5-49E0-BA82-CE26380FB297}.Release|Any CPU.ActiveCfg = Release|Any CPU
		{361AFFC5-FAF5-49E0-BA82-CE26380FB297}.Release|Any CPU.Build.0 = Release|Any CPU
	EndGlobalSection
	GlobalSection(SolutionProperties) = preSolution
		HideSolutionNode = FALSE
	EndGlobalSection
EndGlobal
