
Microsoft Visual Studio Solution File, Format Version 10.00
# Visual Studio 2008
Project("{FAE04EC0-301F-11D3-BF4B-00C04F79EFBC}") = "Mosaic", "Mosaic\Mosaic.csproj", "{61315B58-1867-47E1-B74F-EB71F35F6339}"
EndProject
Global
	GlobalSection(SolutionConfigurationPlatforms) = preSolution
		Debug|Any CPU = Debug|Any CPU
		Release|Any CPU = Release|Any CPU
	EndGlobalSection
	GlobalSection(ProjectConfigurationPlatforms) = postSolution
		{61315B58-1867-47E1-B74F-EB71F35F6339}.Debug|Any CPU.ActiveCfg = Debug|Any CPU
		{61315B58-1867-47E1-B74F-EB71F35F6339}.Debug|Any CPU.Build.0 = Debug|Any CPU
		{61315B58-1867-47E1-B74F-EB71F35F6339}.Release|Any CPU.ActiveCfg = Release|Any CPU
		{61315B58-1867-47E1-B74F-EB71F35F6339}.Release|Any CPU.Build.0 = Release|Any CPU
	EndGlobalSection
	GlobalSection(SolutionProperties) = preSolution
		HideSolutionNode = FALSE
	EndGlobalSection
EndGlobal
