
Microsoft Visual Studio Solution File, Format Version 11.00
# Visual C# Express 2010
Project("{FAE04EC0-301F-11D3-BF4B-00C04F79EFBC}") = "vcs__small", "vcs__small\vcs__small.csproj", "{A7A07BA8-F49A-4C45-97CD-F570106CE986}"
EndProject
Global
	GlobalSection(SolutionConfigurationPlatforms) = preSolution
		Debug|x86 = Debug|x86
		Release|x86 = Release|x86
	EndGlobalSection
	GlobalSection(ProjectConfigurationPlatforms) = postSolution
		{A7A07BA8-F49A-4C45-97CD-F570106CE986}.Debug|x86.ActiveCfg = Debug|x86
		{A7A07BA8-F49A-4C45-97CD-F570106CE986}.Debug|x86.Build.0 = Debug|x86
		{A7A07BA8-F49A-4C45-97CD-F570106CE986}.Release|x86.ActiveCfg = Release|x86
		{A7A07BA8-F49A-4C45-97CD-F570106CE986}.Release|x86.Build.0 = Release|x86
	EndGlobalSection
	GlobalSection(SolutionProperties) = preSolution
		HideSolutionNode = FALSE
	EndGlobalSection
EndGlobal
