
Microsoft Visual Studio Solution File, Format Version 11.00
# Visual C# Express 2010
Project("{FAE04EC0-301F-11D3-BF4B-00C04F79EFBC}") = "vcs_ContextMenuStrip", "vcs_ContextMenuStrip\vcs_ContextMenuStrip.csproj", "{08E61C9B-C22D-48FB-B3C3-0790B5B49D06}"
EndProject
Global
	GlobalSection(SolutionConfigurationPlatforms) = preSolution
		Debug|x86 = Debug|x86
		Release|x86 = Release|x86
	EndGlobalSection
	GlobalSection(ProjectConfigurationPlatforms) = postSolution
		{08E61C9B-C22D-48FB-B3C3-0790B5B49D06}.Debug|x86.ActiveCfg = Debug|x86
		{08E61C9B-C22D-48FB-B3C3-0790B5B49D06}.Debug|x86.Build.0 = Debug|x86
		{08E61C9B-C22D-48FB-B3C3-0790B5B49D06}.Release|x86.ActiveCfg = Release|x86
		{08E61C9B-C22D-48FB-B3C3-0790B5B49D06}.Release|x86.Build.0 = Release|x86
	EndGlobalSection
	GlobalSection(SolutionProperties) = preSolution
		HideSolutionNode = FALSE
	EndGlobalSection
EndGlobal
