
Microsoft Visual Studio Solution File, Format Version 11.00
# Visual C# Express 2010
Project("{FAE04EC0-301F-11D3-BF4B-00C04F79EFBC}") = "vcs_test_all_11_Draw", "vcs_test_all_11_Draw\vcs_test_all_11_Draw.csproj", "{DEADB4BB-2E53-49D9-ABAE-E6F0BD29724D}"
EndProject
Global
	GlobalSection(SolutionConfigurationPlatforms) = preSolution
		Debug|x86 = Debug|x86
		Release|x86 = Release|x86
	EndGlobalSection
	GlobalSection(ProjectConfigurationPlatforms) = postSolution
		{DEADB4BB-2E53-49D9-ABAE-E6F0BD29724D}.Debug|x86.ActiveCfg = Debug|x86
		{DEADB4BB-2E53-49D9-ABAE-E6F0BD29724D}.Debug|x86.Build.0 = Debug|x86
		{DEADB4BB-2E53-49D9-ABAE-E6F0BD29724D}.Release|x86.ActiveCfg = Release|x86
		{DEADB4BB-2E53-49D9-ABAE-E6F0BD29724D}.Release|x86.Build.0 = Release|x86
	EndGlobalSection
	GlobalSection(SolutionProperties) = preSolution
		HideSolutionNode = FALSE
	EndGlobalSection
EndGlobal
