
Microsoft Visual Studio Solution File, Format Version 12.00
# Visual Studio 2012
Project("{FAE04EC0-301F-11D3-BF4B-00C04F79EFBC}") = "xCh9-4-3-21", "xCh9-4-3-21\xCh9-4-3-21.csproj", "{09957422-AFB0-4BAD-B63A-CC42B63FADBD}"
EndProject
Global
	GlobalSection(SolutionConfigurationPlatforms) = preSolution
		Debug|Any CPU = Debug|Any CPU
		Release|Any CPU = Release|Any CPU
	EndGlobalSection
	GlobalSection(ProjectConfigurationPlatforms) = postSolution
		{09957422-AFB0-4BAD-B63A-CC42B63FADBD}.Debug|Any CPU.ActiveCfg = Debug|Any CPU
		{09957422-AFB0-4BAD-B63A-CC42B63FADBD}.Debug|Any CPU.Build.0 = Debug|Any CPU
		{09957422-AFB0-4BAD-B63A-CC42B63FADBD}.Release|Any CPU.ActiveCfg = Release|Any CPU
		{09957422-AFB0-4BAD-B63A-CC42B63FADBD}.Release|Any CPU.Build.0 = Release|Any CPU
	EndGlobalSection
	GlobalSection(SolutionProperties) = preSolution
		HideSolutionNode = FALSE
	EndGlobalSection
EndGlobal
