
Microsoft Visual Studio Solution File, Format Version 10.00
# Visual Studio 2008
Project("{FAE04EC0-301F-11D3-BF4B-00C04F79EFBC}") = "Response", "Response\Response.csproj", "{D60D7862-F399-4E83-9C1C-C61E2CB36BBA}"
EndProject
Global
	GlobalSection(SolutionConfigurationPlatforms) = preSolution
		Debug|Any CPU = Debug|Any CPU
		Release|Any CPU = Release|Any CPU
	EndGlobalSection
	GlobalSection(ProjectConfigurationPlatforms) = postSolution
		{D60D7862-F399-4E83-9C1C-C61E2CB36BBA}.Debug|Any CPU.ActiveCfg = Debug|Any CPU
		{D60D7862-F399-4E83-9C1C-C61E2CB36BBA}.Debug|Any CPU.Build.0 = Debug|Any CPU
		{D60D7862-F399-4E83-9C1C-C61E2CB36BBA}.Release|Any CPU.ActiveCfg = Release|Any CPU
		{D60D7862-F399-4E83-9C1C-C61E2CB36BBA}.Release|Any CPU.Build.0 = Release|Any CPU
	EndGlobalSection
	GlobalSection(SolutionProperties) = preSolution
		HideSolutionNode = FALSE
	EndGlobalSection
EndGlobal
