
Microsoft Visual Studio Solution File, Format Version 12.00
# Visual Studio Version 16
VisualStudioVersion = 16.0.28803.452
MinimumVisualStudioVersion = 10.0.40219.1
Project("{FAE04EC0-301F-11D3-BF4B-00C04F79EFBC}") = "TypeConvert", "TypeConvert\TypeConvert.csproj", "{F87C13E4-BD45-4A63-BDBF-4B191CBF6AC0}"
EndProject
Global
	GlobalSection(SolutionConfigurationPlatforms) = preSolution
		Debug|Any CPU = Debug|Any CPU
		Release|Any CPU = Release|Any CPU
	EndGlobalSection
	GlobalSection(ProjectConfigurationPlatforms) = postSolution
		{F87C13E4-BD45-4A63-BDBF-4B191CBF6AC0}.Debug|Any CPU.ActiveCfg = Debug|Any CPU
		{F87C13E4-BD45-4A63-BDBF-4B191CBF6AC0}.Debug|Any CPU.Build.0 = Debug|Any CPU
		{F87C13E4-BD45-4A63-BDBF-4B191CBF6AC0}.Release|Any CPU.ActiveCfg = Release|Any CPU
		{F87C13E4-BD45-4A63-BDBF-4B191CBF6AC0}.Release|Any CPU.Build.0 = Release|Any CPU
	EndGlobalSection
	GlobalSection(SolutionProperties) = preSolution
		HideSolutionNode = FALSE
	EndGlobalSection
	GlobalSection(ExtensibilityGlobals) = postSolution
		SolutionGuid = {30DF75EB-9620-41AE-918C-FCCEFD665D74}
	EndGlobalSection
EndGlobal
