
Microsoft Visual Studio Solution File, Format Version 11.00
# Visual C# Express 2010
Project("{FAE04EC0-301F-11D3-BF4B-00C04F79EFBC}") = "test_move_point", "test_move_point\test_move_point.csproj", "{2A190147-1331-4622-B509-78A5E8161124}"
EndProject
Global
	GlobalSection(SolutionConfigurationPlatforms) = preSolution
		Debug|x86 = Debug|x86
		Release|x86 = Release|x86
	EndGlobalSection
	GlobalSection(ProjectConfigurationPlatforms) = postSolution
		{2A190147-1331-4622-B509-78A5E8161124}.Debug|x86.ActiveCfg = Debug|x86
		{2A190147-1331-4622-B509-78A5E8161124}.Debug|x86.Build.0 = Debug|x86
		{2A190147-1331-4622-B509-78A5E8161124}.Release|x86.ActiveCfg = Release|x86
		{2A190147-1331-4622-B509-78A5E8161124}.Release|x86.Build.0 = Release|x86
	EndGlobalSection
	GlobalSection(SolutionProperties) = preSolution
		HideSolutionNode = FALSE
	EndGlobalSection
EndGlobal
