
Microsoft Visual Studio Solution File, Format Version 12.00
# Visual Studio Version 16
VisualStudioVersion = 16.0.29709.97
MinimumVisualStudioVersion = 10.0.40219.1
Project("{FAE04EC0-301F-11D3-BF4B-00C04F79EFBC}") = "WebApplication1", "WebApplication1\WebApplication1.csproj", "{37241492-84FD-4A3B-9CEB-19DE95FACE15}"
EndProject
Global
	GlobalSection(SolutionConfigurationPlatforms) = preSolution
		Debug|Any CPU = Debug|Any CPU
		Release|Any CPU = Release|Any CPU
	EndGlobalSection
	GlobalSection(ProjectConfigurationPlatforms) = postSolution
		{37241492-84FD-4A3B-9CEB-19DE95FACE15}.Debug|Any CPU.ActiveCfg = Debug|Any CPU
		{37241492-84FD-4A3B-9CEB-19DE95FACE15}.Debug|Any CPU.Build.0 = Debug|Any CPU
		{37241492-84FD-4A3B-9CEB-19DE95FACE15}.Release|Any CPU.ActiveCfg = Release|Any CPU
		{37241492-84FD-4A3B-9CEB-19DE95FACE15}.Release|Any CPU.Build.0 = Release|Any CPU
	EndGlobalSection
	GlobalSection(SolutionProperties) = preSolution
		HideSolutionNode = FALSE
	EndGlobalSection
	GlobalSection(ExtensibilityGlobals) = postSolution
		SolutionGuid = {D89DBCB8-A5A0-47FD-92F5-766A0EA2F878}
	EndGlobalSection
EndGlobal
