
Microsoft Visual Studio Solution File, Format Version 12.00
# Visual Studio Version 16
VisualStudioVersion = 16.0.29306.81
MinimumVisualStudioVersion = 10.0.40219.1
Project("{FAE04EC0-301F-11D3-BF4B-00C04F79EFBC}") = "CH0315", "CH0315.csproj", "{BB4ACE2A-628D-4D9D-A214-6EA0C4BFBF63}"
EndProject
Global
	GlobalSection(SolutionConfigurationPlatforms) = preSolution
		Debug|Any CPU = Debug|Any CPU
		Release|Any CPU = Release|Any CPU
	EndGlobalSection
	GlobalSection(ProjectConfigurationPlatforms) = postSolution
		{BB4ACE2A-628D-4D9D-A214-6EA0C4BFBF63}.Debug|Any CPU.ActiveCfg = Debug|Any CPU
		{BB4ACE2A-628D-4D9D-A214-6EA0C4BFBF63}.Debug|Any CPU.Build.0 = Debug|Any CPU
		{BB4ACE2A-628D-4D9D-A214-6EA0C4BFBF63}.Release|Any CPU.ActiveCfg = Release|Any CPU
		{BB4ACE2A-628D-4D9D-A214-6EA0C4BFBF63}.Release|Any CPU.Build.0 = Release|Any CPU
	EndGlobalSection
	GlobalSection(SolutionProperties) = preSolution
		HideSolutionNode = FALSE
	EndGlobalSection
	GlobalSection(ExtensibilityGlobals) = postSolution
		SolutionGuid = {3096FDCB-F399-46F1-9DC8-C86FE95D5E95}
	EndGlobalSection
EndGlobal
