
Microsoft Visual Studio Solution File, Format Version 10.00
# Visual Studio 2008
Project("{FAE04EC0-301F-11D3-BF4B-00C04F79EFBC}") = "CarryOutMultiFacility", "CarryOutMultiFacility\CarryOutMultiFacility.csproj", "{CF6634C4-FD14-46F7-AD2F-1CF3482D6A15}"
EndProject
Global
	GlobalSection(SolutionConfigurationPlatforms) = preSolution
		Debug|Any CPU = Debug|Any CPU
		Release|Any CPU = Release|Any CPU
	EndGlobalSection
	GlobalSection(ProjectConfigurationPlatforms) = postSolution
		{CF6634C4-FD14-46F7-AD2F-1CF3482D6A15}.Debug|Any CPU.ActiveCfg = Debug|Any CPU
		{CF6634C4-FD14-46F7-AD2F-1CF3482D6A15}.Debug|Any CPU.Build.0 = Debug|Any CPU
		{CF6634C4-FD14-46F7-AD2F-1CF3482D6A15}.Release|Any CPU.ActiveCfg = Release|Any CPU
		{CF6634C4-FD14-46F7-AD2F-1CF3482D6A15}.Release|Any CPU.Build.0 = Release|Any CPU
	EndGlobalSection
	GlobalSection(SolutionProperties) = preSolution
		HideSolutionNode = FALSE
	EndGlobalSection
EndGlobal
