
Microsoft Visual Studio Solution File, Format Version 12.00
# Visual Studio Version 16
VisualStudioVersion = 16.0.28803.452
MinimumVisualStudioVersion = 10.0.40219.1
Project("{FAE04EC0-301F-11D3-BF4B-00C04F79EFBC}") = "CH0613", "CH0613.csproj", "{38880763-9193-431D-A209-2EACEDE2189B}"
EndProject
Global
	GlobalSection(SolutionConfigurationPlatforms) = preSolution
		Debug|Any CPU = Debug|Any CPU
		Release|Any CPU = Release|Any CPU
	EndGlobalSection
	GlobalSection(ProjectConfigurationPlatforms) = postSolution
		{38880763-9193-431D-A209-2EACEDE2189B}.Debug|Any CPU.ActiveCfg = Debug|Any CPU
		{38880763-9193-431D-A209-2EACEDE2189B}.Debug|Any CPU.Build.0 = Debug|Any CPU
		{38880763-9193-431D-A209-2EACEDE2189B}.Release|Any CPU.ActiveCfg = Release|Any CPU
		{38880763-9193-431D-A209-2EACEDE2189B}.Release|Any CPU.Build.0 = Release|Any CPU
	EndGlobalSection
	GlobalSection(SolutionProperties) = preSolution
		HideSolutionNode = FALSE
	EndGlobalSection
	GlobalSection(ExtensibilityGlobals) = postSolution
		SolutionGuid = {90E5AC9C-F9C9-45E6-9886-96681EC7822E}
	EndGlobalSection
EndGlobal
