
Microsoft Visual Studio Solution File, Format Version 12.00
# Visual Studio Express 2012 for Windows Desktop
Project("{FAE04EC0-301F-11D3-BF4B-00C04F79EFBC}") = "AbstractionDemo1", "AbstractionDemo1.csproj", "{FDCB9A65-2FAE-49E6-9A00-CAE4E069386C}"
EndProject
Global
	GlobalSection(SolutionConfigurationPlatforms) = preSolution
		Debug|Any CPU = Debug|Any CPU
		Release|Any CPU = Release|Any CPU
	EndGlobalSection
	GlobalSection(ProjectConfigurationPlatforms) = postSolution
		{FDCB9A65-2FAE-49E6-9A00-CAE4E069386C}.Debug|Any CPU.ActiveCfg = Debug|Any CPU
		{FDCB9A65-2FAE-49E6-9A00-CAE4E069386C}.Debug|Any CPU.Build.0 = Debug|Any CPU
		{FDCB9A65-2FAE-49E6-9A00-CAE4E069386C}.Release|Any CPU.ActiveCfg = Release|Any CPU
		{FDCB9A65-2FAE-49E6-9A00-CAE4E069386C}.Release|Any CPU.Build.0 = Release|Any CPU
	EndGlobalSection
	GlobalSection(SolutionProperties) = preSolution
		HideSolutionNode = FALSE
	EndGlobalSection
EndGlobal
