
Microsoft Visual Studio Solution File, Format Version 12.00
# Visual Studio 2012
Project("{FAE04EC0-301F-11D3-BF4B-00C04F79EFBC}") = "xCh8-3-11", "xCh8-3-11\xCh8-3-11.csproj", "{1D2D33A2-3ECA-441B-B606-009DB54BF658}"
EndProject
Global
	GlobalSection(SolutionConfigurationPlatforms) = preSolution
		Debug|Any CPU = Debug|Any CPU
		Release|Any CPU = Release|Any CPU
	EndGlobalSection
	GlobalSection(ProjectConfigurationPlatforms) = postSolution
		{1D2D33A2-3ECA-441B-B606-009DB54BF658}.Debug|Any CPU.ActiveCfg = Debug|Any CPU
		{1D2D33A2-3ECA-441B-B606-009DB54BF658}.Debug|Any CPU.Build.0 = Debug|Any CPU
		{1D2D33A2-3ECA-441B-B606-009DB54BF658}.Release|Any CPU.ActiveCfg = Release|Any CPU
		{1D2D33A2-3ECA-441B-B606-009DB54BF658}.Release|Any CPU.Build.0 = Release|Any CPU
	EndGlobalSection
	GlobalSection(SolutionProperties) = preSolution
		HideSolutionNode = FALSE
	EndGlobalSection
EndGlobal
