
Microsoft Visual Studio Solution File, Format Version 10.00
# Visual Studio 2008
Project("{FAE04EC0-301F-11D3-BF4B-00C04F79EFBC}") = "GraduallyWindows", "GraduallyWindows\GraduallyWindows.csproj", "{A6AD6846-8CBE-404E-964E-3B473F5C0EEB}"
EndProject
Global
	GlobalSection(SolutionConfigurationPlatforms) = preSolution
		Debug|Any CPU = Debug|Any CPU
		Release|Any CPU = Release|Any CPU
	EndGlobalSection
	GlobalSection(ProjectConfigurationPlatforms) = postSolution
		{A6AD6846-8CBE-404E-964E-3B473F5C0EEB}.Debug|Any CPU.ActiveCfg = Debug|Any CPU
		{A6AD6846-8CBE-404E-964E-3B473F5C0EEB}.Debug|Any CPU.Build.0 = Debug|Any CPU
		{A6AD6846-8CBE-404E-964E-3B473F5C0EEB}.Release|Any CPU.ActiveCfg = Release|Any CPU
		{A6AD6846-8CBE-404E-964E-3B473F5C0EEB}.Release|Any CPU.Build.0 = Release|Any CPU
	EndGlobalSection
	GlobalSection(SolutionProperties) = preSolution
		HideSolutionNode = FALSE
	EndGlobalSection
EndGlobal
