
Microsoft Visual Studio Solution File, Format Version 11.00
# Visual C# Express 2010
Project("{FAE04EC0-301F-11D3-BF4B-00C04F79EFBC}") = "MotionDetection", "MotionDetection.csproj", "{3EC66D5C-1B05-4B4F-BB13-82BD76C992EE}"
EndProject
Global
	GlobalSection(SolutionConfigurationPlatforms) = preSolution
		Debug|Any CPU = Debug|Any CPU
		Release|Any CPU = Release|Any CPU
	EndGlobalSection
	GlobalSection(ProjectConfigurationPlatforms) = postSolution
		{3EC66D5C-1B05-4B4F-BB13-82BD76C992EE}.Debug|Any CPU.ActiveCfg = Debug|Any CPU
		{3EC66D5C-1B05-4B4F-BB13-82BD76C992EE}.Debug|Any CPU.Build.0 = Debug|Any CPU
		{3EC66D5C-1B05-4B4F-BB13-82BD76C992EE}.Release|Any CPU.ActiveCfg = Release|Any CPU
		{3EC66D5C-1B05-4B4F-BB13-82BD76C992EE}.Release|Any CPU.Build.0 = Release|Any CPU
	EndGlobalSection
	GlobalSection(SolutionProperties) = preSolution
		HideSolutionNode = FALSE
	EndGlobalSection
EndGlobal
