
Microsoft Visual Studio Solution File, Format Version 10.00
# Visual Studio 2008
Project("{FAE04EC0-301F-11D3-BF4B-00C04F79EFBC}") = "RemotingClass", "RemotingClass\RemotingClass.csproj", "{A7A20FFB-A5A3-4C81-9319-5310D26A1EEE}"
EndProject
Global
	GlobalSection(SolutionConfigurationPlatforms) = preSolution
		Debug|Any CPU = Debug|Any CPU
		Release|Any CPU = Release|Any CPU
	EndGlobalSection
	GlobalSection(ProjectConfigurationPlatforms) = postSolution
		{A7A20FFB-A5A3-4C81-9319-5310D26A1EEE}.Debug|Any CPU.ActiveCfg = Debug|Any CPU
		{A7A20FFB-A5A3-4C81-9319-5310D26A1EEE}.Debug|Any CPU.Build.0 = Debug|Any CPU
		{A7A20FFB-A5A3-4C81-9319-5310D26A1EEE}.Release|Any CPU.ActiveCfg = Release|Any CPU
		{A7A20FFB-A5A3-4C81-9319-5310D26A1EEE}.Release|Any CPU.Build.0 = Release|Any CPU
	EndGlobalSection
	GlobalSection(SolutionProperties) = preSolution
		HideSolutionNode = FALSE
	EndGlobalSection
EndGlobal
