
Microsoft Visual Studio Solution File, Format Version 12.00
# Visual Studio Version 16
VisualStudioVersion = 16.0.28803.452
MinimumVisualStudioVersion = 10.0.40219.1
Project("{FAE04EC0-301F-11D3-BF4B-00C04F79EFBC}") = "CH1503", "CH1503.csproj", "{571DAD4D-0ED5-4F6C-990F-3BAD00A51BF1}"
EndProject
Global
	GlobalSection(SolutionConfigurationPlatforms) = preSolution
		Debug|Any CPU = Debug|Any CPU
		Release|Any CPU = Release|Any CPU
	EndGlobalSection
	GlobalSection(ProjectConfigurationPlatforms) = postSolution
		{571DAD4D-0ED5-4F6C-990F-3BAD00A51BF1}.Debug|Any CPU.ActiveCfg = Debug|Any CPU
		{571DAD4D-0ED5-4F6C-990F-3BAD00A51BF1}.Debug|Any CPU.Build.0 = Debug|Any CPU
		{571DAD4D-0ED5-4F6C-990F-3BAD00A51BF1}.Release|Any CPU.ActiveCfg = Release|Any CPU
		{571DAD4D-0ED5-4F6C-990F-3BAD00A51BF1}.Release|Any CPU.Build.0 = Release|Any CPU
	EndGlobalSection
	GlobalSection(SolutionProperties) = preSolution
		HideSolutionNode = FALSE
	EndGlobalSection
	GlobalSection(ExtensibilityGlobals) = postSolution
		SolutionGuid = {A67F7BBC-F7A8-4FE9-BB4C-97BDB1C130C3}
	EndGlobalSection
EndGlobal
