
Microsoft Visual Studio Solution File, Format Version 12.00
# Visual Studio Version 17
VisualStudioVersion = 17.0.32802.463
MinimumVisualStudioVersion = 10.0.40219.1
Project("{8BC9CEB8-8B4A-11D0-8D11-00A0C91BC942}") = "convolutionFFT2D", "convolutionFFT2D_vs2022.vcxproj", "{EC175283-AA6E-4629-8C03-7D073642F4A3}"
EndProject
Global
	GlobalSection(SolutionConfigurationPlatforms) = preSolution
		Debug|x64 = Debug|x64
		Release|x64 = Release|x64
	EndGlobalSection
	GlobalSection(ProjectConfigurationPlatforms) = postSolution
		{EC175283-AA6E-4629-8C03-7D073642F4A3}.Debug|x64.ActiveCfg = Debug|x64
		{EC175283-AA6E-4629-8C03-7D073642F4A3}.Debug|x64.Build.0 = Debug|x64
		{EC175283-AA6E-4629-8C03-7D073642F4A3}.Release|x64.ActiveCfg = Release|x64
		{EC175283-AA6E-4629-8C03-7D073642F4A3}.Release|x64.Build.0 = Release|x64
	EndGlobalSection
	GlobalSection(SolutionProperties) = preSolution
		HideSolutionNode = FALSE
	EndGlobalSection
	GlobalSection(ExtensibilityGlobals) = postSolution
		SolutionGuid = {147C1FB7-7680-4806-8F0C-F1BD957DDD94}
	EndGlobalSection
EndGlobal
