
Microsoft Visual Studio Solution File, Format Version 10.00
# Visual Studio 2008
Project("{FAE04EC0-301F-11D3-BF4B-00C04F79EFBC}") = "StatCompositor", "StatCompositor\StatCompositor.csproj", "{EBCA4088-E587-43D2-9E6D-F2AC6E7F4D11}"
EndProject
Global
	GlobalSection(SolutionConfigurationPlatforms) = preSolution
		Debug|Any CPU = Debug|Any CPU
		Release|Any CPU = Release|Any CPU
	EndGlobalSection
	GlobalSection(ProjectConfigurationPlatforms) = postSolution
		{EBCA4088-E587-43D2-9E6D-F2AC6E7F4D11}.Debug|Any CPU.ActiveCfg = Debug|Any CPU
		{EBCA4088-E587-43D2-9E6D-F2AC6E7F4D11}.Debug|Any CPU.Build.0 = Debug|Any CPU
		{EBCA4088-E587-43D2-9E6D-F2AC6E7F4D11}.Release|Any CPU.ActiveCfg = Release|Any CPU
		{EBCA4088-E587-43D2-9E6D-F2AC6E7F4D11}.Release|Any CPU.Build.0 = Release|Any CPU
	EndGlobalSection
	GlobalSection(SolutionProperties) = preSolution
		HideSolutionNode = FALSE
	EndGlobalSection
EndGlobal
