
Microsoft Visual Studio Solution File, Format Version 10.00
# Visual Studio 2008
Project("{FAE04EC0-301F-11D3-BF4B-00C04F79EFBC}") = "SetLocation", "SetLocation\SetLocation.csproj", "{6FBF03A8-1ECE-4913-B28A-6E25E794F3DA}"
EndProject
Global
	GlobalSection(SolutionConfigurationPlatforms) = preSolution
		Debug|Any CPU = Debug|Any CPU
		Release|Any CPU = Release|Any CPU
	EndGlobalSection
	GlobalSection(ProjectConfigurationPlatforms) = postSolution
		{6FBF03A8-1ECE-4913-B28A-6E25E794F3DA}.Debug|Any CPU.ActiveCfg = Debug|Any CPU
		{6FBF03A8-1ECE-4913-B28A-6E25E794F3DA}.Debug|Any CPU.Build.0 = Debug|Any CPU
		{6FBF03A8-1ECE-4913-B28A-6E25E794F3DA}.Release|Any CPU.ActiveCfg = Release|Any CPU
		{6FBF03A8-1ECE-4913-B28A-6E25E794F3DA}.Release|Any CPU.Build.0 = Release|Any CPU
	EndGlobalSection
	GlobalSection(SolutionProperties) = preSolution
		HideSolutionNode = FALSE
	EndGlobalSection
EndGlobal
