
Microsoft Visual Studio Solution File, Format Version 11.00
# Visual C# Express 2010
Project("{FAE04EC0-301F-11D3-BF4B-00C04F79EFBC}") = "PcDiy", "PcDiy.csproj", "{07F1A373-1ECA-46DC-A663-39F2E28BE486}"
EndProject
Global
	GlobalSection(SolutionConfigurationPlatforms) = preSolution
		Debug|Any CPU = Debug|Any CPU
		Release|Any CPU = Release|Any CPU
	EndGlobalSection
	GlobalSection(ProjectConfigurationPlatforms) = postSolution
		{07F1A373-1ECA-46DC-A663-39F2E28BE486}.Debug|Any CPU.ActiveCfg = Debug|Any CPU
		{07F1A373-1ECA-46DC-A663-39F2E28BE486}.Debug|Any CPU.Build.0 = Debug|Any CPU
		{07F1A373-1ECA-46DC-A663-39F2E28BE486}.Release|Any CPU.ActiveCfg = Release|Any CPU
		{07F1A373-1ECA-46DC-A663-39F2E28BE486}.Release|Any CPU.Build.0 = Release|Any CPU
	EndGlobalSection
	GlobalSection(SolutionProperties) = preSolution
		HideSolutionNode = FALSE
	EndGlobalSection
EndGlobal
