
Microsoft Visual Studio Solution File, Format Version 12.00
# Visual Studio Version 16
VisualStudioVersion = 16.0.29306.81
MinimumVisualStudioVersion = 10.0.40219.1
Project("{FAE04EC0-301F-11D3-BF4B-00C04F79EFBC}") = "CH0312", "CH0312.csproj", "{092BA4D4-5EFF-4859-8A44-B487FAB87AD3}"
EndProject
Global
	GlobalSection(SolutionConfigurationPlatforms) = preSolution
		Debug|Any CPU = Debug|Any CPU
		Release|Any CPU = Release|Any CPU
	EndGlobalSection
	GlobalSection(ProjectConfigurationPlatforms) = postSolution
		{092BA4D4-5EFF-4859-8A44-B487FAB87AD3}.Debug|Any CPU.ActiveCfg = Debug|Any CPU
		{092BA4D4-5EFF-4859-8A44-B487FAB87AD3}.Debug|Any CPU.Build.0 = Debug|Any CPU
		{092BA4D4-5EFF-4859-8A44-B487FAB87AD3}.Release|Any CPU.ActiveCfg = Release|Any CPU
		{092BA4D4-5EFF-4859-8A44-B487FAB87AD3}.Release|Any CPU.Build.0 = Release|Any CPU
	EndGlobalSection
	GlobalSection(SolutionProperties) = preSolution
		HideSolutionNode = FALSE
	EndGlobalSection
	GlobalSection(ExtensibilityGlobals) = postSolution
		SolutionGuid = {03B3141B-0E87-4ED5-A610-AE5E6376A0EB}
	EndGlobalSection
EndGlobal
