
Microsoft Visual Studio Solution File, Format Version 11.00
# Visual C# Express 2010
Project("{FAE04EC0-301F-11D3-BF4B-00C04F79EFBC}") = "vcs_Form7_ScrollShow", "vcs_Form7_ScrollShow\vcs_Form7_ScrollShow.csproj", "{E5FAAC62-6E7B-4739-BBF1-5A113C543E1F}"
EndProject
Global
	GlobalSection(SolutionConfigurationPlatforms) = preSolution
		Debug|x86 = Debug|x86
		Release|x86 = Release|x86
	EndGlobalSection
	GlobalSection(ProjectConfigurationPlatforms) = postSolution
		{E5FAAC62-6E7B-4739-BBF1-5A113C543E1F}.Debug|x86.ActiveCfg = Debug|x86
		{E5FAAC62-6E7B-4739-BBF1-5A113C543E1F}.Debug|x86.Build.0 = Debug|x86
		{E5FAAC62-6E7B-4739-BBF1-5A113C543E1F}.Release|x86.ActiveCfg = Release|x86
		{E5FAAC62-6E7B-4739-BBF1-5A113C543E1F}.Release|x86.Build.0 = Release|x86
	EndGlobalSection
	GlobalSection(SolutionProperties) = preSolution
		HideSolutionNode = FALSE
	EndGlobalSection
EndGlobal
