
Microsoft Visual Studio Solution File, Format Version 12.00
# Visual Studio Version 16
VisualStudioVersion = 16.0.29306.81
MinimumVisualStudioVersion = 10.0.40219.1
Project("{FAE04EC0-301F-11D3-BF4B-00C04F79EFBC}") = "CH0302", "CH0302.csproj", "{899CE4F0-0189-4602-BAB3-1329A591C8EC}"
EndProject
Global
	GlobalSection(SolutionConfigurationPlatforms) = preSolution
		Debug|Any CPU = Debug|Any CPU
		Release|Any CPU = Release|Any CPU
	EndGlobalSection
	GlobalSection(ProjectConfigurationPlatforms) = postSolution
		{899CE4F0-0189-4602-BAB3-1329A591C8EC}.Debug|Any CPU.ActiveCfg = Debug|Any CPU
		{899CE4F0-0189-4602-BAB3-1329A591C8EC}.Debug|Any CPU.Build.0 = Debug|Any CPU
		{899CE4F0-0189-4602-BAB3-1329A591C8EC}.Release|Any CPU.ActiveCfg = Release|Any CPU
		{899CE4F0-0189-4602-BAB3-1329A591C8EC}.Release|Any CPU.Build.0 = Release|Any CPU
	EndGlobalSection
	GlobalSection(SolutionProperties) = preSolution
		HideSolutionNode = FALSE
	EndGlobalSection
	GlobalSection(ExtensibilityGlobals) = postSolution
		SolutionGuid = {4E9BA7BD-24A0-4287-B20E-E74D4A0565AA}
	EndGlobalSection
EndGlobal
