
Microsoft Visual Studio Solution File, Format Version 11.00
# Visual C# Express 2010
Project("{FAE04EC0-301F-11D3-BF4B-00C04F79EFBC}") = "vcs_Warholizer", "vcs_Warholizer\vcs_Warholizer.csproj", "{FE9FB139-74E6-466E-A8E2-D79C3AB98CDE}"
EndProject
Global
	GlobalSection(SolutionConfigurationPlatforms) = preSolution
		Debug|Any CPU = Debug|Any CPU
		Release|Any CPU = Release|Any CPU
	EndGlobalSection
	GlobalSection(ProjectConfigurationPlatforms) = postSolution
		{FE9FB139-74E6-466E-A8E2-D79C3AB98CDE}.Debug|Any CPU.ActiveCfg = Debug|Any CPU
		{FE9FB139-74E6-466E-A8E2-D79C3AB98CDE}.Debug|Any CPU.Build.0 = Debug|Any CPU
		{FE9FB139-74E6-466E-A8E2-D79C3AB98CDE}.Release|Any CPU.ActiveCfg = Release|Any CPU
		{FE9FB139-74E6-466E-A8E2-D79C3AB98CDE}.Release|Any CPU.Build.0 = Release|Any CPU
	EndGlobalSection
	GlobalSection(SolutionProperties) = preSolution
		HideSolutionNode = FALSE
	EndGlobalSection
EndGlobal
