
Microsoft Visual Studio Solution File, Format Version 12.00
# Visual Studio 2012
Project("{FAE04EC0-301F-11D3-BF4B-00C04F79EFBC}") = "xCh11-6-2-21", "xCh11-6-2-21\xCh11-6-2-21.csproj", "{1CCD44E6-582A-4657-9EC8-5C342BD235FB}"
EndProject
Global
	GlobalSection(SolutionConfigurationPlatforms) = preSolution
		Debug|Any CPU = Debug|Any CPU
		Release|Any CPU = Release|Any CPU
	EndGlobalSection
	GlobalSection(ProjectConfigurationPlatforms) = postSolution
		{1CCD44E6-582A-4657-9EC8-5C342BD235FB}.Debug|Any CPU.ActiveCfg = Debug|Any CPU
		{1CCD44E6-582A-4657-9EC8-5C342BD235FB}.Debug|Any CPU.Build.0 = Debug|Any CPU
		{1CCD44E6-582A-4657-9EC8-5C342BD235FB}.Release|Any CPU.ActiveCfg = Release|Any CPU
		{1CCD44E6-582A-4657-9EC8-5C342BD235FB}.Release|Any CPU.Build.0 = Release|Any CPU
	EndGlobalSection
	GlobalSection(SolutionProperties) = preSolution
		HideSolutionNode = FALSE
	EndGlobalSection
EndGlobal
