
Microsoft Visual Studio Solution File, Format Version 12.00
# Visual Studio Version 16
VisualStudioVersion = 16.0.28803.452
MinimumVisualStudioVersion = 10.0.40219.1
Project("{FAE04EC0-301F-11D3-BF4B-00C04F79EFBC}") = "Escape", "Escape\Escape.csproj", "{2020B27E-F0B9-40B8-B5CF-7E38F5186F32}"
EndProject
Global
	GlobalSection(SolutionConfigurationPlatforms) = preSolution
		Debug|Any CPU = Debug|Any CPU
		Release|Any CPU = Release|Any CPU
	EndGlobalSection
	GlobalSection(ProjectConfigurationPlatforms) = postSolution
		{2020B27E-F0B9-40B8-B5CF-7E38F5186F32}.Debug|Any CPU.ActiveCfg = Debug|Any CPU
		{2020B27E-F0B9-40B8-B5CF-7E38F5186F32}.Debug|Any CPU.Build.0 = Debug|Any CPU
		{2020B27E-F0B9-40B8-B5CF-7E38F5186F32}.Release|Any CPU.ActiveCfg = Release|Any CPU
		{2020B27E-F0B9-40B8-B5CF-7E38F5186F32}.Release|Any CPU.Build.0 = Release|Any CPU
	EndGlobalSection
	GlobalSection(SolutionProperties) = preSolution
		HideSolutionNode = FALSE
	EndGlobalSection
	GlobalSection(ExtensibilityGlobals) = postSolution
		SolutionGuid = {0E03D7D7-33A6-4B82-94A9-C40A3FEB240A}
	EndGlobalSection
EndGlobal
