
Microsoft Visual Studio Solution File, Format Version 11.00
# Visual C# Express 2010
Project("{FAE04EC0-301F-11D3-BF4B-00C04F79EFBC}") = "BankClass", "BankClass.csproj", "{1EE3BD21-BB25-4629-9A21-88DBE5A2EA04}"
EndProject
Global
	GlobalSection(SolutionConfigurationPlatforms) = preSolution
		Debug|Any CPU = Debug|Any CPU
		Release|Any CPU = Release|Any CPU
	EndGlobalSection
	GlobalSection(ProjectConfigurationPlatforms) = postSolution
		{1EE3BD21-BB25-4629-9A21-88DBE5A2EA04}.Debug|Any CPU.ActiveCfg = Debug|Any CPU
		{1EE3BD21-BB25-4629-9A21-88DBE5A2EA04}.Debug|Any CPU.Build.0 = Debug|Any CPU
		{1EE3BD21-BB25-4629-9A21-88DBE5A2EA04}.Release|Any CPU.ActiveCfg = Release|Any CPU
		{1EE3BD21-BB25-4629-9A21-88DBE5A2EA04}.Release|Any CPU.Build.0 = Release|Any CPU
	EndGlobalSection
	GlobalSection(SolutionProperties) = preSolution
		HideSolutionNode = FALSE
	EndGlobalSection
EndGlobal
