
Microsoft Visual Studio Solution File, Format Version 11.00
# Visual C# Express 2010
Project("{FAE04EC0-301F-11D3-BF4B-00C04F79EFBC}") = "vcs_Tictactoe3", "vcs_Tictactoe3\vcs_Tictactoe3.csproj", "{B49199DD-D5C1-497E-A96C-B7FE170AA65E}"
EndProject
Global
	GlobalSection(SolutionConfigurationPlatforms) = preSolution
		Debug|Any CPU = Debug|Any CPU
		Release|Any CPU = Release|Any CPU
	EndGlobalSection
	GlobalSection(ProjectConfigurationPlatforms) = postSolution
		{B49199DD-D5C1-497E-A96C-B7FE170AA65E}.Debug|Any CPU.ActiveCfg = Debug|Any CPU
		{B49199DD-D5C1-497E-A96C-B7FE170AA65E}.Debug|Any CPU.Build.0 = Debug|Any CPU
		{B49199DD-D5C1-497E-A96C-B7FE170AA65E}.Release|Any CPU.ActiveCfg = Release|Any CPU
		{B49199DD-D5C1-497E-A96C-B7FE170AA65E}.Release|Any CPU.Build.0 = Release|Any CPU
	EndGlobalSection
	GlobalSection(SolutionProperties) = preSolution
		HideSolutionNode = FALSE
	EndGlobalSection
EndGlobal
