
Microsoft Visual Studio Solution File, Format Version 11.00
# Visual C# Express 2010
Project("{FAE04EC0-301F-11D3-BF4B-00C04F79EFBC}") = "image_test4_romeo", "image_test4_romeo\image_test4_romeo.csproj", "{E38AD5AE-BFB7-4088-BD5B-1D085DE7D135}"
EndProject
Global
	GlobalSection(SolutionConfigurationPlatforms) = preSolution
		Debug|x86 = Debug|x86
		Release|x86 = Release|x86
	EndGlobalSection
	GlobalSection(ProjectConfigurationPlatforms) = postSolution
		{E38AD5AE-BFB7-4088-BD5B-1D085DE7D135}.Debug|x86.ActiveCfg = Debug|x86
		{E38AD5AE-BFB7-4088-BD5B-1D085DE7D135}.Debug|x86.Build.0 = Debug|x86
		{E38AD5AE-BFB7-4088-BD5B-1D085DE7D135}.Release|x86.ActiveCfg = Release|x86
		{E38AD5AE-BFB7-4088-BD5B-1D085DE7D135}.Release|x86.Build.0 = Release|x86
	EndGlobalSection
	GlobalSection(SolutionProperties) = preSolution
		HideSolutionNode = FALSE
	EndGlobalSection
EndGlobal
