
Microsoft Visual Studio Solution File, Format Version 11.00
# Visual C# Express 2010
Project("{FAE04EC0-301F-11D3-BF4B-00C04F79EFBC}") = "vcs_Draw5_Image2", "vcs_Draw5_Image2\vcs_Draw5_Image2.csproj", "{0B942E3A-AEFF-4643-8D35-4B9B74CB9063}"
EndProject
Global
	GlobalSection(SolutionConfigurationPlatforms) = preSolution
		Debug|x86 = Debug|x86
		Release|x86 = Release|x86
	EndGlobalSection
	GlobalSection(ProjectConfigurationPlatforms) = postSolution
		{0B942E3A-AEFF-4643-8D35-4B9B74CB9063}.Debug|x86.ActiveCfg = Debug|x86
		{0B942E3A-AEFF-4643-8D35-4B9B74CB9063}.Debug|x86.Build.0 = Debug|x86
		{0B942E3A-AEFF-4643-8D35-4B9B74CB9063}.Release|x86.ActiveCfg = Release|x86
		{0B942E3A-AEFF-4643-8D35-4B9B74CB9063}.Release|x86.Build.0 = Release|x86
	EndGlobalSection
	GlobalSection(SolutionProperties) = preSolution
		HideSolutionNode = FALSE
	EndGlobalSection
EndGlobal
