
Microsoft Visual Studio Solution File, Format Version 11.00
# Visual C# Express 2010
Project("{FAE04EC0-301F-11D3-BF4B-00C04F79EFBC}") = "CH1506", "CH1506.csproj", "{A5D9A983-C821-4990-B459-CA86985E240B}"
EndProject
Global
	GlobalSection(SolutionConfigurationPlatforms) = preSolution
		Debug|Any CPU = Debug|Any CPU
		Release|Any CPU = Release|Any CPU
	EndGlobalSection
	GlobalSection(ProjectConfigurationPlatforms) = postSolution
		{A5D9A983-C821-4990-B459-CA86985E240B}.Debug|Any CPU.ActiveCfg = Debug|Any CPU
		{A5D9A983-C821-4990-B459-CA86985E240B}.Debug|Any CPU.Build.0 = Debug|Any CPU
		{A5D9A983-C821-4990-B459-CA86985E240B}.Release|Any CPU.ActiveCfg = Release|Any CPU
		{A5D9A983-C821-4990-B459-CA86985E240B}.Release|Any CPU.Build.0 = Release|Any CPU
	EndGlobalSection
	GlobalSection(SolutionProperties) = preSolution
		HideSolutionNode = FALSE
	EndGlobalSection
EndGlobal
