
Microsoft Visual Studio Solution File, Format Version 12.00
# Visual Studio Version 16
VisualStudioVersion = 16.0.28803.452
MinimumVisualStudioVersion = 10.0.40219.1
Project("{FAE04EC0-301F-11D3-BF4B-00C04F79EFBC}") = "CH1506", "CH1506.csproj", "{A5D9A983-C821-4990-B459-CA86985E240B}"
EndProject
Global
	GlobalSection(SolutionConfigurationPlatforms) = preSolution
		Debug|Any CPU = Debug|Any CPU
		Release|Any CPU = Release|Any CPU
	EndGlobalSection
	GlobalSection(ProjectConfigurationPlatforms) = postSolution
		{A5D9A983-C821-4990-B459-CA86985E240B}.Debug|Any CPU.ActiveCfg = Debug|Any CPU
		{A5D9A983-C821-4990-B459-CA86985E240B}.Debug|Any CPU.Build.0 = Debug|Any CPU
		{A5D9A983-C821-4990-B459-CA86985E240B}.Release|Any CPU.ActiveCfg = Release|Any CPU
		{A5D9A983-C821-4990-B459-CA86985E240B}.Release|Any CPU.Build.0 = Release|Any CPU
	EndGlobalSection
	GlobalSection(SolutionProperties) = preSolution
		HideSolutionNode = FALSE
	EndGlobalSection
	GlobalSection(ExtensibilityGlobals) = postSolution
		SolutionGuid = {DB61F97A-EFC1-4F2D-ADCD-503786430A68}
	EndGlobalSection
EndGlobal
