
Microsoft Visual Studio Solution File, Format Version 12.00
# Visual Studio Express 2012 for Windows Desktop
Project("{FAE04EC0-301F-11D3-BF4B-00C04F79EFBC}") = "WinFormPolymorphism5", "WinFormPolymorphism5.csproj", "{3AB6CA7F-33F3-4A25-A2A6-59D580F99095}"
EndProject
Global
	GlobalSection(SolutionConfigurationPlatforms) = preSolution
		Debug|Any CPU = Debug|Any CPU
		Release|Any CPU = Release|Any CPU
	EndGlobalSection
	GlobalSection(ProjectConfigurationPlatforms) = postSolution
		{3AB6CA7F-33F3-4A25-A2A6-59D580F99095}.Debug|Any CPU.ActiveCfg = Debug|Any CPU
		{3AB6CA7F-33F3-4A25-A2A6-59D580F99095}.Debug|Any CPU.Build.0 = Debug|Any CPU
		{3AB6CA7F-33F3-4A25-A2A6-59D580F99095}.Release|Any CPU.ActiveCfg = Release|Any CPU
		{3AB6CA7F-33F3-4A25-A2A6-59D580F99095}.Release|Any CPU.Build.0 = Release|Any CPU
	EndGlobalSection
	GlobalSection(SolutionProperties) = preSolution
		HideSolutionNode = FALSE
	EndGlobalSection
EndGlobal
