
Microsoft Visual Studio Solution File, Format Version 12.00
# Visual Studio Express 2012 for Windows Desktop
Project("{FAE04EC0-301F-11D3-BF4B-00C04F79EFBC}") = "11.3-1", "11.3-1\11.3-1.csproj", "{8B104EF1-FDA4-425C-B8BA-6F79AABB6385}"
EndProject
Global
	GlobalSection(SolutionConfigurationPlatforms) = preSolution
		Debug|Any CPU = Debug|Any CPU
		Release|Any CPU = Release|Any CPU
	EndGlobalSection
	GlobalSection(ProjectConfigurationPlatforms) = postSolution
		{8B104EF1-FDA4-425C-B8BA-6F79AABB6385}.Debug|Any CPU.ActiveCfg = Debug|Any CPU
		{8B104EF1-FDA4-425C-B8BA-6F79AABB6385}.Debug|Any CPU.Build.0 = Debug|Any CPU
		{8B104EF1-FDA4-425C-B8BA-6F79AABB6385}.Release|Any CPU.ActiveCfg = Release|Any CPU
		{8B104EF1-FDA4-425C-B8BA-6F79AABB6385}.Release|Any CPU.Build.0 = Release|Any CPU
	EndGlobalSection
	GlobalSection(SolutionProperties) = preSolution
		HideSolutionNode = FALSE
	EndGlobalSection
EndGlobal
