
Microsoft Visual Studio Solution File, Format Version 10.00
# Visual Studio 2008
Project("{FAE04EC0-301F-11D3-BF4B-00C04F79EFBC}") = "隱藏桌面快捷方式圖標的小箭頭", "隱藏桌面快捷方式圖標的小箭頭\隱藏桌面快捷方式圖標的小箭頭.csproj", "{87965FCD-5DB3-4064-AF88-8D991AFE64A9}"
EndProject
Global
	GlobalSection(SolutionConfigurationPlatforms) = preSolution
		Debug|Any CPU = Debug|Any CPU
		Release|Any CPU = Release|Any CPU
	EndGlobalSection
	GlobalSection(ProjectConfigurationPlatforms) = postSolution
		{87965FCD-5DB3-4064-AF88-8D991AFE64A9}.Debug|Any CPU.ActiveCfg = Debug|Any CPU
		{87965FCD-5DB3-4064-AF88-8D991AFE64A9}.Debug|Any CPU.Build.0 = Debug|Any CPU
		{87965FCD-5DB3-4064-AF88-8D991AFE64A9}.Release|Any CPU.ActiveCfg = Release|Any CPU
		{87965FCD-5DB3-4064-AF88-8D991AFE64A9}.Release|Any CPU.Build.0 = Release|Any CPU
	EndGlobalSection
	GlobalSection(SolutionProperties) = preSolution
		HideSolutionNode = FALSE
	EndGlobalSection
EndGlobal
