
Microsoft Visual Studio Solution File, Format Version 11.00
# Visual C# Express 2010
Project("{FAE04EC0-301F-11D3-BF4B-00C04F79EFBC}") = "vcs_MidiPlayer", "vcs_MidiPlayer\vcs_MidiPlayer.csproj", "{A25D7253-CA2A-4DC7-855C-AAFE9BC5997B}"
EndProject
Global
	GlobalSection(SolutionConfigurationPlatforms) = preSolution
		Debug|Any CPU = Debug|Any CPU
		Release|Any CPU = Release|Any CPU
	EndGlobalSection
	GlobalSection(ProjectConfigurationPlatforms) = postSolution
		{A25D7253-CA2A-4DC7-855C-AAFE9BC5997B}.Debug|Any CPU.ActiveCfg = Debug|Any CPU
		{A25D7253-CA2A-4DC7-855C-AAFE9BC5997B}.Debug|Any CPU.Build.0 = Debug|Any CPU
		{A25D7253-CA2A-4DC7-855C-AAFE9BC5997B}.Release|Any CPU.ActiveCfg = Release|Any CPU
		{A25D7253-CA2A-4DC7-855C-AAFE9BC5997B}.Release|Any CPU.Build.0 = Release|Any CPU
	EndGlobalSection
	GlobalSection(SolutionProperties) = preSolution
		HideSolutionNode = FALSE
	EndGlobalSection
EndGlobal
