
Microsoft Visual Studio Solution File, Format Version 12.00
# Visual Studio Version 16
VisualStudioVersion = 16.0.28803.452
MinimumVisualStudioVersion = 10.0.40219.1
Project("{FAE04EC0-301F-11D3-BF4B-00C04F79EFBC}") = "Fibonacci", "Fibonacci\Fibonacci.csproj", "{C6DFF40E-E8F6-48EA-B6B5-CA3FA4297E23}"
EndProject
Global
	GlobalSection(SolutionConfigurationPlatforms) = preSolution
		Debug|Any CPU = Debug|Any CPU
		Release|Any CPU = Release|Any CPU
	EndGlobalSection
	GlobalSection(ProjectConfigurationPlatforms) = postSolution
		{C6DFF40E-E8F6-48EA-B6B5-CA3FA4297E23}.Debug|Any CPU.ActiveCfg = Debug|Any CPU
		{C6DFF40E-E8F6-48EA-B6B5-CA3FA4297E23}.Debug|Any CPU.Build.0 = Debug|Any CPU
		{C6DFF40E-E8F6-48EA-B6B5-CA3FA4297E23}.Release|Any CPU.ActiveCfg = Release|Any CPU
		{C6DFF40E-E8F6-48EA-B6B5-CA3FA4297E23}.Release|Any CPU.Build.0 = Release|Any CPU
	EndGlobalSection
	GlobalSection(SolutionProperties) = preSolution
		HideSolutionNode = FALSE
	EndGlobalSection
	GlobalSection(ExtensibilityGlobals) = postSolution
		SolutionGuid = {060BC877-AB5B-434C-ADF5-348E2C0E8200}
	EndGlobalSection
EndGlobal
