
Microsoft Visual Studio Solution File, Format Version 10.00
# Visual Studio 2008
Project("{FAE04EC0-301F-11D3-BF4B-00C04F79EFBC}") = "netsend", "netsend\netsend.csproj", "{999C367E-A37F-4DCB-99F6-E8E608F3D7EE}"
EndProject
Global
	GlobalSection(SolutionConfigurationPlatforms) = preSolution
		Debug|Any CPU = Debug|Any CPU
		Release|Any CPU = Release|Any CPU
	EndGlobalSection
	GlobalSection(ProjectConfigurationPlatforms) = postSolution
		{999C367E-A37F-4DCB-99F6-E8E608F3D7EE}.Debug|Any CPU.ActiveCfg = Debug|Any CPU
		{999C367E-A37F-4DCB-99F6-E8E608F3D7EE}.Debug|Any CPU.Build.0 = Debug|Any CPU
		{999C367E-A37F-4DCB-99F6-E8E608F3D7EE}.Release|Any CPU.ActiveCfg = Release|Any CPU
		{999C367E-A37F-4DCB-99F6-E8E608F3D7EE}.Release|Any CPU.Build.0 = Release|Any CPU
	EndGlobalSection
	GlobalSection(SolutionProperties) = preSolution
		HideSolutionNode = FALSE
	EndGlobalSection
EndGlobal
