
Microsoft Visual Studio Solution File, Format Version 11.00
# Visual C# Express 2010
Project("{FAE04EC0-301F-11D3-BF4B-00C04F79EFBC}") = "WindowsFormsApplication2ddddd", "WindowsFormsApplication2ddddd\WindowsFormsApplication2ddddd.csproj", "{0230A1EF-1A6A-4150-8473-A82A275A0495}"
EndProject
Global
	GlobalSection(SolutionConfigurationPlatforms) = preSolution
		Debug|x86 = Debug|x86
		Release|x86 = Release|x86
	EndGlobalSection
	GlobalSection(ProjectConfigurationPlatforms) = postSolution
		{0230A1EF-1A6A-4150-8473-A82A275A0495}.Debug|x86.ActiveCfg = Debug|x86
		{0230A1EF-1A6A-4150-8473-A82A275A0495}.Debug|x86.Build.0 = Debug|x86
		{0230A1EF-1A6A-4150-8473-A82A275A0495}.Release|x86.ActiveCfg = Release|x86
		{0230A1EF-1A6A-4150-8473-A82A275A0495}.Release|x86.Build.0 = Release|x86
	EndGlobalSection
	GlobalSection(SolutionProperties) = preSolution
		HideSolutionNode = FALSE
	EndGlobalSection
EndGlobal
