
Microsoft Visual Studio Solution File, Format Version 11.00
# Visual C# Express 2010
Project("{FAE04EC0-301F-11D3-BF4B-00C04F79EFBC}") = "14.5-2", "14.5-2\14.5-2.csproj", "{70290606-47E0-4320-A9E0-A57824548809}"
EndProject
Global
	GlobalSection(SolutionConfigurationPlatforms) = preSolution
		Debug|Any CPU = Debug|Any CPU
		Release|Any CPU = Release|Any CPU
	EndGlobalSection
	GlobalSection(ProjectConfigurationPlatforms) = postSolution
		{70290606-47E0-4320-A9E0-A57824548809}.Debug|Any CPU.ActiveCfg = Debug|Any CPU
		{70290606-47E0-4320-A9E0-A57824548809}.Debug|Any CPU.Build.0 = Debug|Any CPU
		{70290606-47E0-4320-A9E0-A57824548809}.Release|Any CPU.ActiveCfg = Release|Any CPU
		{70290606-47E0-4320-A9E0-A57824548809}.Release|Any CPU.Build.0 = Release|Any CPU
	EndGlobalSection
	GlobalSection(SolutionProperties) = preSolution
		HideSolutionNode = FALSE
	EndGlobalSection
EndGlobal
