
Microsoft Visual Studio Solution File, Format Version 10.00
# Visual Studio 2008
Project("{FAE04EC0-301F-11D3-BF4B-00C04F79EFBC}") = "FROMClause", "FROMClause\FROMClause.csproj", "{4D783198-DC3B-48A5-801C-BEB1691D1BFD}"
EndProject
Global
	GlobalSection(SolutionConfigurationPlatforms) = preSolution
		Debug|Any CPU = Debug|Any CPU
		Release|Any CPU = Release|Any CPU
	EndGlobalSection
	GlobalSection(ProjectConfigurationPlatforms) = postSolution
		{4D783198-DC3B-48A5-801C-BEB1691D1BFD}.Debug|Any CPU.ActiveCfg = Debug|Any CPU
		{4D783198-DC3B-48A5-801C-BEB1691D1BFD}.Debug|Any CPU.Build.0 = Debug|Any CPU
		{4D783198-DC3B-48A5-801C-BEB1691D1BFD}.Release|Any CPU.ActiveCfg = Release|Any CPU
		{4D783198-DC3B-48A5-801C-BEB1691D1BFD}.Release|Any CPU.Build.0 = Release|Any CPU
	EndGlobalSection
	GlobalSection(SolutionProperties) = preSolution
		HideSolutionNode = FALSE
	EndGlobalSection
EndGlobal
