
Microsoft Visual Studio Solution File, Format Version 12.00
# Visual Studio 2012
Project("{FAE04EC0-301F-11D3-BF4B-00C04F79EFBC}") = "xCh10-2-4-11", "xCh10-2-4-11\xCh10-2-4-11.csproj", "{CA9967BB-FD4D-4D75-A0BB-CAB8DDBD9EFF}"
EndProject
Global
	GlobalSection(SolutionConfigurationPlatforms) = preSolution
		Debug|Any CPU = Debug|Any CPU
		Release|Any CPU = Release|Any CPU
	EndGlobalSection
	GlobalSection(ProjectConfigurationPlatforms) = postSolution
		{CA9967BB-FD4D-4D75-A0BB-CAB8DDBD9EFF}.Debug|Any CPU.ActiveCfg = Debug|Any CPU
		{CA9967BB-FD4D-4D75-A0BB-CAB8DDBD9EFF}.Debug|Any CPU.Build.0 = Debug|Any CPU
		{CA9967BB-FD4D-4D75-A0BB-CAB8DDBD9EFF}.Release|Any CPU.ActiveCfg = Release|Any CPU
		{CA9967BB-FD4D-4D75-A0BB-CAB8DDBD9EFF}.Release|Any CPU.Build.0 = Release|Any CPU
	EndGlobalSection
	GlobalSection(SolutionProperties) = preSolution
		HideSolutionNode = FALSE
	EndGlobalSection
EndGlobal
