
Microsoft Visual Studio Solution File, Format Version 10.00
# Visual Studio 2008
Project("{FAE04EC0-301F-11D3-BF4B-00C04F79EFBC}") = "收取電子郵件", "收取電子郵件.csproj", "{D2720551-06A9-4A4F-93EA-01D010FE453C}"
EndProject
Global
	GlobalSection(SolutionConfigurationPlatforms) = preSolution
		Debug|Any CPU = Debug|Any CPU
		Release|Any CPU = Release|Any CPU
	EndGlobalSection
	GlobalSection(ProjectConfigurationPlatforms) = postSolution
		{D2720551-06A9-4A4F-93EA-01D010FE453C}.Debug|Any CPU.ActiveCfg = Debug|Any CPU
		{D2720551-06A9-4A4F-93EA-01D010FE453C}.Debug|Any CPU.Build.0 = Debug|Any CPU
		{D2720551-06A9-4A4F-93EA-01D010FE453C}.Release|Any CPU.ActiveCfg = Release|Any CPU
		{D2720551-06A9-4A4F-93EA-01D010FE453C}.Release|Any CPU.Build.0 = Release|Any CPU
	EndGlobalSection
	GlobalSection(SolutionProperties) = preSolution
		HideSolutionNode = FALSE
	EndGlobalSection
EndGlobal
