
Microsoft Visual Studio Solution File, Format Version 11.00
# Visual C# Express 2010
Project("{FAE04EC0-301F-11D3-BF4B-00C04F79EFBC}") = "howto_pickover_popcorn", "howto_pickover_popcorn.csproj", "{2DBC91CB-1FA0-4D79-8C74-55699E0182BF}"
EndProject
Global
	GlobalSection(SolutionConfigurationPlatforms) = preSolution
		Debug|Any CPU = Debug|Any CPU
		Release|Any CPU = Release|Any CPU
	EndGlobalSection
	GlobalSection(ProjectConfigurationPlatforms) = postSolution
		{2DBC91CB-1FA0-4D79-8C74-55699E0182BF}.Debug|Any CPU.ActiveCfg = Debug|Any CPU
		{2DBC91CB-1FA0-4D79-8C74-55699E0182BF}.Debug|Any CPU.Build.0 = Debug|Any CPU
		{2DBC91CB-1FA0-4D79-8C74-55699E0182BF}.Release|Any CPU.ActiveCfg = Release|Any CPU
		{2DBC91CB-1FA0-4D79-8C74-55699E0182BF}.Release|Any CPU.Build.0 = Release|Any CPU
	EndGlobalSection
	GlobalSection(SolutionProperties) = preSolution
		HideSolutionNode = FALSE
	EndGlobalSection
EndGlobal
