
Microsoft Visual Studio Solution File, Format Version 12.00
# Visual Studio Version 17
VisualStudioVersion = 17.0.32802.463
MinimumVisualStudioVersion = 10.0.40219.1
Project("{8BC9CEB8-8B4A-11D0-8D11-00A0C91BC942}") = "quasirandomGenerator_nvrtc", "quasirandomGenerator_nvrtc_vs2022.vcxproj", "{3BCE411C-1456-4A28-ACCC-16C6B462C389}"
EndProject
Global
	GlobalSection(SolutionConfigurationPlatforms) = preSolution
		Debug|x64 = Debug|x64
		Release|x64 = Release|x64
	EndGlobalSection
	GlobalSection(ProjectConfigurationPlatforms) = postSolution
		{3BCE411C-1456-4A28-ACCC-16C6B462C389}.Debug|x64.ActiveCfg = Debug|x64
		{3BCE411C-1456-4A28-ACCC-16C6B462C389}.Debug|x64.Build.0 = Debug|x64
		{3BCE411C-1456-4A28-ACCC-16C6B462C389}.Release|x64.ActiveCfg = Release|x64
		{3BCE411C-1456-4A28-ACCC-16C6B462C389}.Release|x64.Build.0 = Release|x64
	EndGlobalSection
	GlobalSection(SolutionProperties) = preSolution
		HideSolutionNode = FALSE
	EndGlobalSection
	GlobalSection(ExtensibilityGlobals) = postSolution
		SolutionGuid = {07BE9589-036F-4E1E-90AB-5E29D55EAFDF}
	EndGlobalSection
EndGlobal
