
Microsoft Visual Studio Solution File, Format Version 11.00
# Visual C# Express 2010
Project("{FAE04EC0-301F-11D3-BF4B-00C04F79EFBC}") = "vcs_ReadWrite_XMLE", "vcs_ReadWrite_XMLE\vcs_ReadWrite_XMLE.csproj", "{7E295D26-7E5F-4FCA-9BCA-2AAB7A8C463C}"
EndProject
Global
	GlobalSection(SolutionConfigurationPlatforms) = preSolution
		Debug|x86 = Debug|x86
		Release|x86 = Release|x86
	EndGlobalSection
	GlobalSection(ProjectConfigurationPlatforms) = postSolution
		{7E295D26-7E5F-4FCA-9BCA-2AAB7A8C463C}.Debug|x86.ActiveCfg = Debug|x86
		{7E295D26-7E5F-4FCA-9BCA-2AAB7A8C463C}.Debug|x86.Build.0 = Debug|x86
		{7E295D26-7E5F-4FCA-9BCA-2AAB7A8C463C}.Release|x86.ActiveCfg = Release|x86
		{7E295D26-7E5F-4FCA-9BCA-2AAB7A8C463C}.Release|x86.Build.0 = Release|x86
	EndGlobalSection
	GlobalSection(SolutionProperties) = preSolution
		HideSolutionNode = FALSE
	EndGlobalSection
EndGlobal
