
Microsoft Visual Studio Solution File, Format Version 12.00
# Visual Studio Version 16
VisualStudioVersion = 16.0.29306.81
MinimumVisualStudioVersion = 10.0.40219.1
Project("{FAE04EC0-301F-11D3-BF4B-00C04F79EFBC}") = "CH0402", "CH0402.csproj", "{1ED11B9C-5081-4D10-ABF4-B63E81EE8AED}"
EndProject
Global
	GlobalSection(SolutionConfigurationPlatforms) = preSolution
		Debug|Any CPU = Debug|Any CPU
		Release|Any CPU = Release|Any CPU
	EndGlobalSection
	GlobalSection(ProjectConfigurationPlatforms) = postSolution
		{1ED11B9C-5081-4D10-ABF4-B63E81EE8AED}.Debug|Any CPU.ActiveCfg = Debug|Any CPU
		{1ED11B9C-5081-4D10-ABF4-B63E81EE8AED}.Debug|Any CPU.Build.0 = Debug|Any CPU
		{1ED11B9C-5081-4D10-ABF4-B63E81EE8AED}.Release|Any CPU.ActiveCfg = Release|Any CPU
		{1ED11B9C-5081-4D10-ABF4-B63E81EE8AED}.Release|Any CPU.Build.0 = Release|Any CPU
	EndGlobalSection
	GlobalSection(SolutionProperties) = preSolution
		HideSolutionNode = FALSE
	EndGlobalSection
	GlobalSection(ExtensibilityGlobals) = postSolution
		SolutionGuid = {BFBE44B7-1802-4A88-9A8F-2D9C06765272}
	EndGlobalSection
EndGlobal
