
Microsoft Visual Studio Solution File, Format Version 12.00
# Visual Studio Version 16
VisualStudioVersion = 16.0.28803.452
MinimumVisualStudioVersion = 10.0.40219.1
Project("{FAE04EC0-301F-11D3-BF4B-00C04F79EFBC}") = "CH1504", "CH1504.csproj", "{E6D525EE-FE66-4DD4-B1DA-708B49C322DC}"
EndProject
Global
	GlobalSection(SolutionConfigurationPlatforms) = preSolution
		Debug|Any CPU = Debug|Any CPU
		Release|Any CPU = Release|Any CPU
	EndGlobalSection
	GlobalSection(ProjectConfigurationPlatforms) = postSolution
		{E6D525EE-FE66-4DD4-B1DA-708B49C322DC}.Debug|Any CPU.ActiveCfg = Debug|Any CPU
		{E6D525EE-FE66-4DD4-B1DA-708B49C322DC}.Debug|Any CPU.Build.0 = Debug|Any CPU
		{E6D525EE-FE66-4DD4-B1DA-708B49C322DC}.Release|Any CPU.ActiveCfg = Release|Any CPU
		{E6D525EE-FE66-4DD4-B1DA-708B49C322DC}.Release|Any CPU.Build.0 = Release|Any CPU
	EndGlobalSection
	GlobalSection(SolutionProperties) = preSolution
		HideSolutionNode = FALSE
	EndGlobalSection
	GlobalSection(ExtensibilityGlobals) = postSolution
		SolutionGuid = {E4EBDA97-67CB-4F26-B576-F1F7A97849BC}
	EndGlobalSection
EndGlobal
