
Microsoft Visual Studio Solution File, Format Version 11.00
# Visual C# Express 2010
Project("{FAE04EC0-301F-11D3-BF4B-00C04F79EFBC}") = "vcs_ReadWritePrivateProfileString2", "vcs_ReadWritePrivateProfileString2\vcs_ReadWritePrivateProfileString2.csproj", "{871F8FCB-D894-4244-ACE6-F9E94173F99B}"
EndProject
Global
	GlobalSection(SolutionConfigurationPlatforms) = preSolution
		Debug|x86 = Debug|x86
		Release|x86 = Release|x86
	EndGlobalSection
	GlobalSection(ProjectConfigurationPlatforms) = postSolution
		{871F8FCB-D894-4244-ACE6-F9E94173F99B}.Debug|x86.ActiveCfg = Debug|x86
		{871F8FCB-D894-4244-ACE6-F9E94173F99B}.Debug|x86.Build.0 = Debug|x86
		{871F8FCB-D894-4244-ACE6-F9E94173F99B}.Release|x86.ActiveCfg = Release|x86
		{871F8FCB-D894-4244-ACE6-F9E94173F99B}.Release|x86.Build.0 = Release|x86
	EndGlobalSection
	GlobalSection(SolutionProperties) = preSolution
		HideSolutionNode = FALSE
	EndGlobalSection
EndGlobal
