
Microsoft Visual Studio Solution File, Format Version 10.00
# Visual Studio 2008
Project("{FAE04EC0-301F-11D3-BF4B-00C04F79EFBC}") = "怎樣呼叫外部的Exe文件", "怎樣呼叫外部的Exe文件\怎樣呼叫外部的Exe文件.csproj", "{8A2650F0-13F4-4AD5-A5FB-FEF4E17BA964}"
EndProject
Global
	GlobalSection(SolutionConfigurationPlatforms) = preSolution
		Debug|Any CPU = Debug|Any CPU
		Release|Any CPU = Release|Any CPU
	EndGlobalSection
	GlobalSection(ProjectConfigurationPlatforms) = postSolution
		{8A2650F0-13F4-4AD5-A5FB-FEF4E17BA964}.Debug|Any CPU.ActiveCfg = Debug|Any CPU
		{8A2650F0-13F4-4AD5-A5FB-FEF4E17BA964}.Debug|Any CPU.Build.0 = Debug|Any CPU
		{8A2650F0-13F4-4AD5-A5FB-FEF4E17BA964}.Release|Any CPU.ActiveCfg = Release|Any CPU
		{8A2650F0-13F4-4AD5-A5FB-FEF4E17BA964}.Release|Any CPU.Build.0 = Release|Any CPU
	EndGlobalSection
	GlobalSection(SolutionProperties) = preSolution
		HideSolutionNode = FALSE
	EndGlobalSection
EndGlobal
