
Microsoft Visual Studio Solution File, Format Version 12.00
# Visual Studio Version 16
VisualStudioVersion = 16.0.29306.81
MinimumVisualStudioVersion = 10.0.40219.1
Project("{FAE04EC0-301F-11D3-BF4B-00C04F79EFBC}") = "CH0309", "CH0309.csproj", "{2B13174D-1934-4CE9-83E4-6DE195F99E28}"
EndProject
Global
	GlobalSection(SolutionConfigurationPlatforms) = preSolution
		Debug|Any CPU = Debug|Any CPU
		Release|Any CPU = Release|Any CPU
	EndGlobalSection
	GlobalSection(ProjectConfigurationPlatforms) = postSolution
		{2B13174D-1934-4CE9-83E4-6DE195F99E28}.Debug|Any CPU.ActiveCfg = Debug|Any CPU
		{2B13174D-1934-4CE9-83E4-6DE195F99E28}.Debug|Any CPU.Build.0 = Debug|Any CPU
		{2B13174D-1934-4CE9-83E4-6DE195F99E28}.Release|Any CPU.ActiveCfg = Release|Any CPU
		{2B13174D-1934-4CE9-83E4-6DE195F99E28}.Release|Any CPU.Build.0 = Release|Any CPU
	EndGlobalSection
	GlobalSection(SolutionProperties) = preSolution
		HideSolutionNode = FALSE
	EndGlobalSection
	GlobalSection(ExtensibilityGlobals) = postSolution
		SolutionGuid = {35835290-A325-4D0E-A9DA-7A50C50C1D99}
	EndGlobalSection
EndGlobal
