
Microsoft Visual Studio Solution File, Format Version 12.00
# Visual Studio Version 16
VisualStudioVersion = 16.0.28803.452
MinimumVisualStudioVersion = 10.0.40219.1
Project("{FAE04EC0-301F-11D3-BF4B-00C04F79EFBC}") = "CH0601", "CH0601.csproj", "{95BA7B8D-D578-4121-B616-93BBE55D5229}"
EndProject
Global
	GlobalSection(SolutionConfigurationPlatforms) = preSolution
		Debug|Any CPU = Debug|Any CPU
		Release|Any CPU = Release|Any CPU
	EndGlobalSection
	GlobalSection(ProjectConfigurationPlatforms) = postSolution
		{95BA7B8D-D578-4121-B616-93BBE55D5229}.Debug|Any CPU.ActiveCfg = Debug|Any CPU
		{95BA7B8D-D578-4121-B616-93BBE55D5229}.Debug|Any CPU.Build.0 = Debug|Any CPU
		{95BA7B8D-D578-4121-B616-93BBE55D5229}.Release|Any CPU.ActiveCfg = Release|Any CPU
		{95BA7B8D-D578-4121-B616-93BBE55D5229}.Release|Any CPU.Build.0 = Release|Any CPU
	EndGlobalSection
	GlobalSection(SolutionProperties) = preSolution
		HideSolutionNode = FALSE
	EndGlobalSection
	GlobalSection(ExtensibilityGlobals) = postSolution
		SolutionGuid = {A94DDA87-F0AF-4A09-B280-E5D3FFC91159}
	EndGlobalSection
EndGlobal
