
Microsoft Visual Studio Solution File, Format Version 12.00
# Visual Studio Version 16
VisualStudioVersion = 16.0.28803.452
MinimumVisualStudioVersion = 10.0.40219.1
Project("{FAE04EC0-301F-11D3-BF4B-00C04F79EFBC}") = "CH1505", "CH1505.csproj", "{B0133A37-CB31-4D99-A03D-EC2E19AFBBC3}"
EndProject
Global
	GlobalSection(SolutionConfigurationPlatforms) = preSolution
		Debug|Any CPU = Debug|Any CPU
		Release|Any CPU = Release|Any CPU
	EndGlobalSection
	GlobalSection(ProjectConfigurationPlatforms) = postSolution
		{B0133A37-CB31-4D99-A03D-EC2E19AFBBC3}.Debug|Any CPU.ActiveCfg = Debug|Any CPU
		{B0133A37-CB31-4D99-A03D-EC2E19AFBBC3}.Debug|Any CPU.Build.0 = Debug|Any CPU
		{B0133A37-CB31-4D99-A03D-EC2E19AFBBC3}.Release|Any CPU.ActiveCfg = Release|Any CPU
		{B0133A37-CB31-4D99-A03D-EC2E19AFBBC3}.Release|Any CPU.Build.0 = Release|Any CPU
	EndGlobalSection
	GlobalSection(SolutionProperties) = preSolution
		HideSolutionNode = FALSE
	EndGlobalSection
	GlobalSection(ExtensibilityGlobals) = postSolution
		SolutionGuid = {D060F1F5-49F9-4357-8E1A-F93B59967844}
	EndGlobalSection
EndGlobal
