
Microsoft Visual Studio Solution File, Format Version 11.00
# Visual C# Express 2010
Project("{FAE04EC0-301F-11D3-BF4B-00C04F79EFBC}") = "MouseCursor", "MouseCursor.csproj", "{8C9FA653-1E9D-4F58-80D1-C74AFFB4ADE8}"
EndProject
Global
	GlobalSection(SolutionConfigurationPlatforms) = preSolution
		Debug|Any CPU = Debug|Any CPU
		Release|Any CPU = Release|Any CPU
	EndGlobalSection
	GlobalSection(ProjectConfigurationPlatforms) = postSolution
		{8C9FA653-1E9D-4F58-80D1-C74AFFB4ADE8}.Debug|Any CPU.ActiveCfg = Debug|Any CPU
		{8C9FA653-1E9D-4F58-80D1-C74AFFB4ADE8}.Debug|Any CPU.Build.0 = Debug|Any CPU
		{8C9FA653-1E9D-4F58-80D1-C74AFFB4ADE8}.Release|Any CPU.ActiveCfg = Release|Any CPU
		{8C9FA653-1E9D-4F58-80D1-C74AFFB4ADE8}.Release|Any CPU.Build.0 = Release|Any CPU
	EndGlobalSection
	GlobalSection(SolutionProperties) = preSolution
		HideSolutionNode = FALSE
	EndGlobalSection
EndGlobal
