
Microsoft Visual Studio Solution File, Format Version 10.00
# Visual Studio 2008
Project("{FAE04EC0-301F-11D3-BF4B-00C04F79EFBC}") = "ShadeCharacter", "ShadeCharacter\ShadeCharacter.csproj", "{B6604B2A-74C0-4EBC-9F3D-131D82D8FDAC}"
EndProject
Global
	GlobalSection(SolutionConfigurationPlatforms) = preSolution
		Debug|Any CPU = Debug|Any CPU
		Release|Any CPU = Release|Any CPU
	EndGlobalSection
	GlobalSection(ProjectConfigurationPlatforms) = postSolution
		{B6604B2A-74C0-4EBC-9F3D-131D82D8FDAC}.Debug|Any CPU.ActiveCfg = Debug|Any CPU
		{B6604B2A-74C0-4EBC-9F3D-131D82D8FDAC}.Debug|Any CPU.Build.0 = Debug|Any CPU
		{B6604B2A-74C0-4EBC-9F3D-131D82D8FDAC}.Release|Any CPU.ActiveCfg = Release|Any CPU
		{B6604B2A-74C0-4EBC-9F3D-131D82D8FDAC}.Release|Any CPU.Build.0 = Release|Any CPU
	EndGlobalSection
	GlobalSection(SolutionProperties) = preSolution
		HideSolutionNode = FALSE
	EndGlobalSection
EndGlobal
