
Microsoft Visual Studio Solution File, Format Version 12.00
# Visual Studio Version 16
VisualStudioVersion = 16.0.28803.452
MinimumVisualStudioVersion = 10.0.40219.1
Project("{FAE04EC0-301F-11D3-BF4B-00C04F79EFBC}") = "Hundred", "Hundred\Hundred.csproj", "{ADF35F2F-2669-46C6-A0EF-36FFBFC9F067}"
EndProject
Global
	GlobalSection(SolutionConfigurationPlatforms) = preSolution
		Debug|Any CPU = Debug|Any CPU
		Release|Any CPU = Release|Any CPU
	EndGlobalSection
	GlobalSection(ProjectConfigurationPlatforms) = postSolution
		{ADF35F2F-2669-46C6-A0EF-36FFBFC9F067}.Debug|Any CPU.ActiveCfg = Debug|Any CPU
		{ADF35F2F-2669-46C6-A0EF-36FFBFC9F067}.Debug|Any CPU.Build.0 = Debug|Any CPU
		{ADF35F2F-2669-46C6-A0EF-36FFBFC9F067}.Release|Any CPU.ActiveCfg = Release|Any CPU
		{ADF35F2F-2669-46C6-A0EF-36FFBFC9F067}.Release|Any CPU.Build.0 = Release|Any CPU
	EndGlobalSection
	GlobalSection(SolutionProperties) = preSolution
		HideSolutionNode = FALSE
	EndGlobalSection
	GlobalSection(ExtensibilityGlobals) = postSolution
		SolutionGuid = {7A2FDCCA-548B-4695-B419-8CE9C1B5D731}
	EndGlobalSection
EndGlobal
