
Microsoft Visual Studio Solution File, Format Version 11.00
# Visual C# Express 2010
Project("{FAE04EC0-301F-11D3-BF4B-00C04F79EFBC}") = "vcs_Form5_OnLoad", "vcs_Form5_OnLoad\vcs_Form5_OnLoad.csproj", "{48D76318-6FA3-413D-8FC3-C84C650B08E5}"
EndProject
Global
	GlobalSection(SolutionConfigurationPlatforms) = preSolution
		Debug|x86 = Debug|x86
		Release|x86 = Release|x86
	EndGlobalSection
	GlobalSection(ProjectConfigurationPlatforms) = postSolution
		{48D76318-6FA3-413D-8FC3-C84C650B08E5}.Debug|x86.ActiveCfg = Debug|x86
		{48D76318-6FA3-413D-8FC3-C84C650B08E5}.Debug|x86.Build.0 = Debug|x86
		{48D76318-6FA3-413D-8FC3-C84C650B08E5}.Release|x86.ActiveCfg = Release|x86
		{48D76318-6FA3-413D-8FC3-C84C650B08E5}.Release|x86.Build.0 = Release|x86
	EndGlobalSection
	GlobalSection(SolutionProperties) = preSolution
		HideSolutionNode = FALSE
	EndGlobalSection
EndGlobal
