
Microsoft Visual Studio Solution File, Format Version 12.00
# Visual Studio Version 16
VisualStudioVersion = 16.0.28803.452
MinimumVisualStudioVersion = 10.0.40219.1
Project("{FAE04EC0-301F-11D3-BF4B-00C04F79EFBC}") = "CH0805", "CH0805.csproj", "{330D5F66-66BA-48E0-A4BB-34B189E37BDE}"
EndProject
Global
	GlobalSection(SolutionConfigurationPlatforms) = preSolution
		Debug|Any CPU = Debug|Any CPU
		Release|Any CPU = Release|Any CPU
	EndGlobalSection
	GlobalSection(ProjectConfigurationPlatforms) = postSolution
		{330D5F66-66BA-48E0-A4BB-34B189E37BDE}.Debug|Any CPU.ActiveCfg = Debug|Any CPU
		{330D5F66-66BA-48E0-A4BB-34B189E37BDE}.Debug|Any CPU.Build.0 = Debug|Any CPU
		{330D5F66-66BA-48E0-A4BB-34B189E37BDE}.Release|Any CPU.ActiveCfg = Release|Any CPU
		{330D5F66-66BA-48E0-A4BB-34B189E37BDE}.Release|Any CPU.Build.0 = Release|Any CPU
	EndGlobalSection
	GlobalSection(SolutionProperties) = preSolution
		HideSolutionNode = FALSE
	EndGlobalSection
	GlobalSection(ExtensibilityGlobals) = postSolution
		SolutionGuid = {CD11AB79-9FE1-43F2-A7D1-4F49DD5454C9}
	EndGlobalSection
EndGlobal
