
Microsoft Visual Studio Solution File, Format Version 11.00
# Visual C# Express 2010
Project("{FAE04EC0-301F-11D3-BF4B-00C04F79EFBC}") = "vcs_Draw_Wave", "vcs_Draw_Wave\vcs_Draw_Wave.csproj", "{A15A30A6-FF0B-46F7-9D0F-5F6B93315632}"
EndProject
Global
	GlobalSection(SolutionConfigurationPlatforms) = preSolution
		Debug|x86 = Debug|x86
		Release|x86 = Release|x86
	EndGlobalSection
	GlobalSection(ProjectConfigurationPlatforms) = postSolution
		{A15A30A6-FF0B-46F7-9D0F-5F6B93315632}.Debug|x86.ActiveCfg = Debug|x86
		{A15A30A6-FF0B-46F7-9D0F-5F6B93315632}.Debug|x86.Build.0 = Debug|x86
		{A15A30A6-FF0B-46F7-9D0F-5F6B93315632}.Release|x86.ActiveCfg = Release|x86
		{A15A30A6-FF0B-46F7-9D0F-5F6B93315632}.Release|x86.Build.0 = Release|x86
	EndGlobalSection
	GlobalSection(SolutionProperties) = preSolution
		HideSolutionNode = FALSE
	EndGlobalSection
EndGlobal
