
Microsoft Visual Studio Solution File, Format Version 11.00
# Visual C# Express 2010
Project("{FAE04EC0-301F-11D3-BF4B-00C04F79EFBC}") = "vcs_ScreenCapture0", "vcs_ScreenCapture0\vcs_ScreenCapture0.csproj", "{4A96B5BE-3CDB-420F-B8FF-ACACC062B7FF}"
EndProject
Global
	GlobalSection(SolutionConfigurationPlatforms) = preSolution
		Debug|x86 = Debug|x86
		Release|x86 = Release|x86
	EndGlobalSection
	GlobalSection(ProjectConfigurationPlatforms) = postSolution
		{4A96B5BE-3CDB-420F-B8FF-ACACC062B7FF}.Debug|x86.ActiveCfg = Debug|x86
		{4A96B5BE-3CDB-420F-B8FF-ACACC062B7FF}.Debug|x86.Build.0 = Debug|x86
		{4A96B5BE-3CDB-420F-B8FF-ACACC062B7FF}.Release|x86.ActiveCfg = Release|x86
		{4A96B5BE-3CDB-420F-B8FF-ACACC062B7FF}.Release|x86.Build.0 = Release|x86
	EndGlobalSection
	GlobalSection(SolutionProperties) = preSolution
		HideSolutionNode = FALSE
	EndGlobalSection
EndGlobal
