
Microsoft Visual Studio Solution File, Format Version 11.00
# Visual C# Express 2010
Project("{FAE04EC0-301F-11D3-BF4B-00C04F79EFBC}") = "ConnectSQLServer", "ConnectSQLServer\ConnectSQLServer.csproj", "{AE44A91B-A185-4EAD-8341-EC0B2E2B9F71}"
EndProject
Global
	GlobalSection(SolutionConfigurationPlatforms) = preSolution
		Debug|Any CPU = Debug|Any CPU
		Release|Any CPU = Release|Any CPU
	EndGlobalSection
	GlobalSection(ProjectConfigurationPlatforms) = postSolution
		{AE44A91B-A185-4EAD-8341-EC0B2E2B9F71}.Debug|Any CPU.ActiveCfg = Debug|Any CPU
		{AE44A91B-A185-4EAD-8341-EC0B2E2B9F71}.Debug|Any CPU.Build.0 = Debug|Any CPU
		{AE44A91B-A185-4EAD-8341-EC0B2E2B9F71}.Release|Any CPU.ActiveCfg = Release|Any CPU
		{AE44A91B-A185-4EAD-8341-EC0B2E2B9F71}.Release|Any CPU.Build.0 = Release|Any CPU
	EndGlobalSection
	GlobalSection(SolutionProperties) = preSolution
		HideSolutionNode = FALSE
	EndGlobalSection
EndGlobal
