
Microsoft Visual Studio Solution File, Format Version 11.00
# Visual C# Express 2010
Project("{FAE04EC0-301F-11D3-BF4B-00C04F79EFBC}") = "test_listview2", "test_listview2\test_listview2.csproj", "{57EC08BC-5219-438B-A78B-C640143B825C}"
EndProject
Global
	GlobalSection(SolutionConfigurationPlatforms) = preSolution
		Debug|x86 = Debug|x86
		Release|x86 = Release|x86
	EndGlobalSection
	GlobalSection(ProjectConfigurationPlatforms) = postSolution
		{57EC08BC-5219-438B-A78B-C640143B825C}.Debug|x86.ActiveCfg = Debug|x86
		{57EC08BC-5219-438B-A78B-C640143B825C}.Debug|x86.Build.0 = Debug|x86
		{57EC08BC-5219-438B-A78B-C640143B825C}.Release|x86.ActiveCfg = Release|x86
		{57EC08BC-5219-438B-A78B-C640143B825C}.Release|x86.Build.0 = Release|x86
	EndGlobalSection
	GlobalSection(SolutionProperties) = preSolution
		HideSolutionNode = FALSE
	EndGlobalSection
EndGlobal
