
Microsoft Visual Studio Solution File, Format Version 12.00
# Visual Studio Version 17
VisualStudioVersion = 17.0.32802.463
MinimumVisualStudioVersion = 10.0.40219.1
Project("{8BC9CEB8-8B4A-11D0-8D11-00A0C91BC942}") = "boxFilter", "boxFilter_vs2022.vcxproj", "{D8B936E2-36C1-43F6-8C30-D8827B17041F}"
EndProject
Global
	GlobalSection(SolutionConfigurationPlatforms) = preSolution
		Debug|x64 = Debug|x64
		Release|x64 = Release|x64
	EndGlobalSection
	GlobalSection(ProjectConfigurationPlatforms) = postSolution
		{D8B936E2-36C1-43F6-8C30-D8827B17041F}.Debug|x64.ActiveCfg = Debug|x64
		{D8B936E2-36C1-43F6-8C30-D8827B17041F}.Debug|x64.Build.0 = Debug|x64
		{D8B936E2-36C1-43F6-8C30-D8827B17041F}.Release|x64.ActiveCfg = Release|x64
		{D8B936E2-36C1-43F6-8C30-D8827B17041F}.Release|x64.Build.0 = Release|x64
	EndGlobalSection
	GlobalSection(SolutionProperties) = preSolution
		HideSolutionNode = FALSE
	EndGlobalSection
	GlobalSection(ExtensibilityGlobals) = postSolution
		SolutionGuid = {3334DFB3-CA23-4ED1-8433-4E3D9743396E}
	EndGlobalSection
EndGlobal
