
Microsoft Visual Studio Solution File, Format Version 12.00
# Visual Studio Version 16
VisualStudioVersion = 16.0.28803.452
MinimumVisualStudioVersion = 10.0.40219.1
Project("{FAE04EC0-301F-11D3-BF4B-00C04F79EFBC}") = "四則運算", "四則運算\四則運算.csproj", "{0828B113-FFC5-45C9-9958-EB433DD56A05}"
EndProject
Global
	GlobalSection(SolutionConfigurationPlatforms) = preSolution
		Debug|Any CPU = Debug|Any CPU
		Release|Any CPU = Release|Any CPU
	EndGlobalSection
	GlobalSection(ProjectConfigurationPlatforms) = postSolution
		{0828B113-FFC5-45C9-9958-EB433DD56A05}.Debug|Any CPU.ActiveCfg = Debug|Any CPU
		{0828B113-FFC5-45C9-9958-EB433DD56A05}.Debug|Any CPU.Build.0 = Debug|Any CPU
		{0828B113-FFC5-45C9-9958-EB433DD56A05}.Release|Any CPU.ActiveCfg = Release|Any CPU
		{0828B113-FFC5-45C9-9958-EB433DD56A05}.Release|Any CPU.Build.0 = Release|Any CPU
	EndGlobalSection
	GlobalSection(SolutionProperties) = preSolution
		HideSolutionNode = FALSE
	EndGlobalSection
	GlobalSection(ExtensibilityGlobals) = postSolution
		SolutionGuid = {82F282B8-3D2A-4B19-B416-E3DB0330281F}
	EndGlobalSection
EndGlobal
