
Microsoft Visual Studio Solution File, Format Version 11.00
# Visual C# Express 2010
Project("{FAE04EC0-301F-11D3-BF4B-00C04F79EFBC}") = "ImageDatabase", "ImageDatabase.csproj", "{47BEBAD5-35F2-45D9-A1AF-78F240DCA7FE}"
EndProject
Global
	GlobalSection(SolutionConfigurationPlatforms) = preSolution
		Debug|Any CPU = Debug|Any CPU
		Release|Any CPU = Release|Any CPU
	EndGlobalSection
	GlobalSection(ProjectConfigurationPlatforms) = postSolution
		{47BEBAD5-35F2-45D9-A1AF-78F240DCA7FE}.Debug|Any CPU.ActiveCfg = Debug|Any CPU
		{47BEBAD5-35F2-45D9-A1AF-78F240DCA7FE}.Debug|Any CPU.Build.0 = Debug|Any CPU
		{47BEBAD5-35F2-45D9-A1AF-78F240DCA7FE}.Release|Any CPU.ActiveCfg = Release|Any CPU
		{47BEBAD5-35F2-45D9-A1AF-78F240DCA7FE}.Release|Any CPU.Build.0 = Release|Any CPU
	EndGlobalSection
	GlobalSection(SolutionProperties) = preSolution
		HideSolutionNode = FALSE
	EndGlobalSection
EndGlobal
