
Microsoft Visual Studio Solution File, Format Version 11.00
# Visual C# Express 2010
Project("{FAE04EC0-301F-11D3-BF4B-00C04F79EFBC}") = "test_draw2", "test_draw2\test_draw2.csproj", "{4218E001-3387-4992-9FCF-A11DDF4AEF36}"
EndProject
Global
	GlobalSection(SolutionConfigurationPlatforms) = preSolution
		Debug|x86 = Debug|x86
		Release|x86 = Release|x86
	EndGlobalSection
	GlobalSection(ProjectConfigurationPlatforms) = postSolution
		{4218E001-3387-4992-9FCF-A11DDF4AEF36}.Debug|x86.ActiveCfg = Debug|x86
		{4218E001-3387-4992-9FCF-A11DDF4AEF36}.Debug|x86.Build.0 = Debug|x86
		{4218E001-3387-4992-9FCF-A11DDF4AEF36}.Release|x86.ActiveCfg = Release|x86
		{4218E001-3387-4992-9FCF-A11DDF4AEF36}.Release|x86.Build.0 = Release|x86
	EndGlobalSection
	GlobalSection(SolutionProperties) = preSolution
		HideSolutionNode = FALSE
	EndGlobalSection
EndGlobal
