
Microsoft Visual Studio Solution File, Format Version 12.00
# Visual Studio 2013
VisualStudioVersion = 12.0.21005.1
MinimumVisualStudioVersion = 10.0.40219.1
Project("{FAE04EC0-301F-11D3-BF4B-00C04F79EFBC}") = "Linq_to_XML1", "Linq_to_XML1.csproj", "{43F5B78E-56F4-487F-8B04-64F1F97A479C}"
EndProject
Global
	GlobalSection(SolutionConfigurationPlatforms) = preSolution
		Debug|x86 = Debug|x86
		Release|x86 = Release|x86
	EndGlobalSection
	GlobalSection(ProjectConfigurationPlatforms) = postSolution
		{43F5B78E-56F4-487F-8B04-64F1F97A479C}.Debug|x86.ActiveCfg = Debug|x86
		{43F5B78E-56F4-487F-8B04-64F1F97A479C}.Debug|x86.Build.0 = Debug|x86
		{43F5B78E-56F4-487F-8B04-64F1F97A479C}.Release|x86.ActiveCfg = Release|x86
		{43F5B78E-56F4-487F-8B04-64F1F97A479C}.Release|x86.Build.0 = Release|x86
	EndGlobalSection
	GlobalSection(SolutionProperties) = preSolution
		HideSolutionNode = FALSE
	EndGlobalSection
EndGlobal
