
Microsoft Visual Studio Solution File, Format Version 12.00
# Visual Studio Version 16
VisualStudioVersion = 16.0.28803.452
MinimumVisualStudioVersion = 10.0.40219.1
Project("{FAE04EC0-301F-11D3-BF4B-00C04F79EFBC}") = "CH0810", "CH0810.csproj", "{B73781A1-AE9F-40E5-8A09-CAC8660FED9D}"
EndProject
Global
	GlobalSection(SolutionConfigurationPlatforms) = preSolution
		Debug|Any CPU = Debug|Any CPU
		Release|Any CPU = Release|Any CPU
	EndGlobalSection
	GlobalSection(ProjectConfigurationPlatforms) = postSolution
		{B73781A1-AE9F-40E5-8A09-CAC8660FED9D}.Debug|Any CPU.ActiveCfg = Debug|Any CPU
		{B73781A1-AE9F-40E5-8A09-CAC8660FED9D}.Debug|Any CPU.Build.0 = Debug|Any CPU
		{B73781A1-AE9F-40E5-8A09-CAC8660FED9D}.Release|Any CPU.ActiveCfg = Release|Any CPU
		{B73781A1-AE9F-40E5-8A09-CAC8660FED9D}.Release|Any CPU.Build.0 = Release|Any CPU
	EndGlobalSection
	GlobalSection(SolutionProperties) = preSolution
		HideSolutionNode = FALSE
	EndGlobalSection
	GlobalSection(ExtensibilityGlobals) = postSolution
		SolutionGuid = {90B971E9-4056-493E-9B40-1C1FF5D97DE1}
	EndGlobalSection
EndGlobal
