
Microsoft Visual Studio Solution File, Format Version 12.00
# Visual Studio Version 16
VisualStudioVersion = 16.0.28803.452
MinimumVisualStudioVersion = 10.0.40219.1
Project("{FAE04EC0-301F-11D3-BF4B-00C04F79EFBC}") = "LeapYear", "LeapYear\LeapYear.csproj", "{FB91D99B-1582-4C97-B540-588274590E25}"
EndProject
Global
	GlobalSection(SolutionConfigurationPlatforms) = preSolution
		Debug|Any CPU = Debug|Any CPU
		Release|Any CPU = Release|Any CPU
	EndGlobalSection
	GlobalSection(ProjectConfigurationPlatforms) = postSolution
		{FB91D99B-1582-4C97-B540-588274590E25}.Debug|Any CPU.ActiveCfg = Debug|Any CPU
		{FB91D99B-1582-4C97-B540-588274590E25}.Debug|Any CPU.Build.0 = Debug|Any CPU
		{FB91D99B-1582-4C97-B540-588274590E25}.Release|Any CPU.ActiveCfg = Release|Any CPU
		{FB91D99B-1582-4C97-B540-588274590E25}.Release|Any CPU.Build.0 = Release|Any CPU
	EndGlobalSection
	GlobalSection(SolutionProperties) = preSolution
		HideSolutionNode = FALSE
	EndGlobalSection
	GlobalSection(ExtensibilityGlobals) = postSolution
		SolutionGuid = {A33FC010-BD3A-4383-8194-BEBC078FFFCC}
	EndGlobalSection
EndGlobal
