
Microsoft Visual Studio Solution File, Format Version 11.00
# Visual C# Express 2010
Project("{FAE04EC0-301F-11D3-BF4B-00C04F79EFBC}") = "vcs_PictureCrop4", "vcs_PictureCrop4\vcs_PictureCrop4.csproj", "{F893DD2F-6FF5-4300-B0B2-1F07ADAEDE77}"
EndProject
Global
	GlobalSection(SolutionConfigurationPlatforms) = preSolution
		Debug|Any CPU = Debug|Any CPU
		Release|Any CPU = Release|Any CPU
	EndGlobalSection
	GlobalSection(ProjectConfigurationPlatforms) = postSolution
		{F893DD2F-6FF5-4300-B0B2-1F07ADAEDE77}.Debug|Any CPU.ActiveCfg = Debug|Any CPU
		{F893DD2F-6FF5-4300-B0B2-1F07ADAEDE77}.Debug|Any CPU.Build.0 = Debug|Any CPU
		{F893DD2F-6FF5-4300-B0B2-1F07ADAEDE77}.Release|Any CPU.ActiveCfg = Release|Any CPU
		{F893DD2F-6FF5-4300-B0B2-1F07ADAEDE77}.Release|Any CPU.Build.0 = Release|Any CPU
	EndGlobalSection
	GlobalSection(SolutionProperties) = preSolution
		HideSolutionNode = FALSE
	EndGlobalSection
EndGlobal
