
Microsoft Visual Studio Solution File, Format Version 11.00
# Visual C# Express 2010
Project("{FAE04EC0-301F-11D3-BF4B-00C04F79EFBC}") = "PresentationUtility", "PresentationUtility\PresentationUtility.csproj", "{65A1D572-3648-4D14-B3BD-D647A61EF833}"
EndProject
Global
	GlobalSection(SolutionConfigurationPlatforms) = preSolution
		Debug|Any CPU = Debug|Any CPU
		Release|Any CPU = Release|Any CPU
	EndGlobalSection
	GlobalSection(ProjectConfigurationPlatforms) = postSolution
		{65A1D572-3648-4D14-B3BD-D647A61EF833}.Debug|Any CPU.ActiveCfg = Debug|Any CPU
		{65A1D572-3648-4D14-B3BD-D647A61EF833}.Debug|Any CPU.Build.0 = Debug|Any CPU
		{65A1D572-3648-4D14-B3BD-D647A61EF833}.Release|Any CPU.ActiveCfg = Release|Any CPU
		{65A1D572-3648-4D14-B3BD-D647A61EF833}.Release|Any CPU.Build.0 = Release|Any CPU
	EndGlobalSection
	GlobalSection(SolutionProperties) = preSolution
		HideSolutionNode = FALSE
	EndGlobalSection
EndGlobal
