
Microsoft Visual Studio Solution File, Format Version 12.00
# Visual Studio Version 16
VisualStudioVersion = 16.0.28803.452
MinimumVisualStudioVersion = 10.0.40219.1
Project("{FAE04EC0-301F-11D3-BF4B-00C04F79EFBC}") = "CH1604", "CH1604.csproj", "{2DFF7F31-F8B0-48B7-8001-6E2C9D960AE7}"
EndProject
Global
	GlobalSection(SolutionConfigurationPlatforms) = preSolution
		Debug|Any CPU = Debug|Any CPU
		Release|Any CPU = Release|Any CPU
	EndGlobalSection
	GlobalSection(ProjectConfigurationPlatforms) = postSolution
		{2DFF7F31-F8B0-48B7-8001-6E2C9D960AE7}.Debug|Any CPU.ActiveCfg = Debug|Any CPU
		{2DFF7F31-F8B0-48B7-8001-6E2C9D960AE7}.Debug|Any CPU.Build.0 = Debug|Any CPU
		{2DFF7F31-F8B0-48B7-8001-6E2C9D960AE7}.Release|Any CPU.ActiveCfg = Release|Any CPU
		{2DFF7F31-F8B0-48B7-8001-6E2C9D960AE7}.Release|Any CPU.Build.0 = Release|Any CPU
	EndGlobalSection
	GlobalSection(SolutionProperties) = preSolution
		HideSolutionNode = FALSE
	EndGlobalSection
	GlobalSection(ExtensibilityGlobals) = postSolution
		SolutionGuid = {FB03C987-58A0-4D9B-80D9-E63F028D6B76}
	EndGlobalSection
EndGlobal
