
Microsoft Visual Studio Solution File, Format Version 11.00
# Visual C# Express 2010
Project("{FAE04EC0-301F-11D3-BF4B-00C04F79EFBC}") = "WindowsFormsApplication1", "WindowsFormsApplication1.csproj", "{DB1D54EF-7DF9-4206-ADEF-5FF103EABAFC}"
EndProject
Global
	GlobalSection(SolutionConfigurationPlatforms) = preSolution
		Debug|x86 = Debug|x86
		Release|x86 = Release|x86
	EndGlobalSection
	GlobalSection(ProjectConfigurationPlatforms) = postSolution
		{DB1D54EF-7DF9-4206-ADEF-5FF103EABAFC}.Debug|x86.ActiveCfg = Debug|x86
		{DB1D54EF-7DF9-4206-ADEF-5FF103EABAFC}.Debug|x86.Build.0 = Debug|x86
		{DB1D54EF-7DF9-4206-ADEF-5FF103EABAFC}.Release|x86.ActiveCfg = Release|x86
		{DB1D54EF-7DF9-4206-ADEF-5FF103EABAFC}.Release|x86.Build.0 = Release|x86
	EndGlobalSection
	GlobalSection(SolutionProperties) = preSolution
		HideSolutionNode = FALSE
	EndGlobalSection
EndGlobal
