
Microsoft Visual Studio Solution File, Format Version 11.00
# Visual C# Express 2010
Project("{FAE04EC0-301F-11D3-BF4B-00C04F79EFBC}") = "vcs_test_all_01_Richtextbox6_Code", "vcs_test_all_01_Richtextbox6_Code\vcs_test_all_01_Richtextbox6_Code.csproj", "{BCE2C844-776B-418D-BBA4-085515D31610}"
EndProject
Global
	GlobalSection(SolutionConfigurationPlatforms) = preSolution
		Debug|x86 = Debug|x86
		Release|x86 = Release|x86
	EndGlobalSection
	GlobalSection(ProjectConfigurationPlatforms) = postSolution
		{BCE2C844-776B-418D-BBA4-085515D31610}.Debug|x86.ActiveCfg = Debug|x86
		{BCE2C844-776B-418D-BBA4-085515D31610}.Debug|x86.Build.0 = Debug|x86
		{BCE2C844-776B-418D-BBA4-085515D31610}.Release|x86.ActiveCfg = Release|x86
		{BCE2C844-776B-418D-BBA4-085515D31610}.Release|x86.Build.0 = Release|x86
	EndGlobalSection
	GlobalSection(SolutionProperties) = preSolution
		HideSolutionNode = FALSE
	EndGlobalSection
EndGlobal
