
Microsoft Visual Studio Solution File, Format Version 11.00
# Visual C# Express 2010
Project("{FAE04EC0-301F-11D3-BF4B-00C04F79EFBC}") = "draw_test", "draw_test\draw_test.csproj", "{DFCA3006-ACD6-4C27-921D-29C245546B55}"
EndProject
Global
	GlobalSection(SolutionConfigurationPlatforms) = preSolution
		Debug|x86 = Debug|x86
		Release|x86 = Release|x86
	EndGlobalSection
	GlobalSection(ProjectConfigurationPlatforms) = postSolution
		{DFCA3006-ACD6-4C27-921D-29C245546B55}.Debug|x86.ActiveCfg = Debug|x86
		{DFCA3006-ACD6-4C27-921D-29C245546B55}.Debug|x86.Build.0 = Debug|x86
		{DFCA3006-ACD6-4C27-921D-29C245546B55}.Release|x86.ActiveCfg = Release|x86
		{DFCA3006-ACD6-4C27-921D-29C245546B55}.Release|x86.Build.0 = Release|x86
	EndGlobalSection
	GlobalSection(SolutionProperties) = preSolution
		HideSolutionNode = FALSE
	EndGlobalSection
EndGlobal
