
Microsoft Visual Studio Solution File, Format Version 12.00
# Visual Studio Version 17
VisualStudioVersion = 17.0.32802.463
MinimumVisualStudioVersion = 10.0.40219.1
Project("{8BC9CEB8-8B4A-11D0-8D11-00A0C91BC942}") = "randomFog", "randomFog_vs2022.vcxproj", "{0A932C9F-688D-4AFA-916E-128A0CCF7177}"
EndProject
Global
	GlobalSection(SolutionConfigurationPlatforms) = preSolution
		Debug|x64 = Debug|x64
		Release|x64 = Release|x64
	EndGlobalSection
	GlobalSection(ProjectConfigurationPlatforms) = postSolution
		{0A932C9F-688D-4AFA-916E-128A0CCF7177}.Debug|x64.ActiveCfg = Debug|x64
		{0A932C9F-688D-4AFA-916E-128A0CCF7177}.Debug|x64.Build.0 = Debug|x64
		{0A932C9F-688D-4AFA-916E-128A0CCF7177}.Release|x64.ActiveCfg = Release|x64
		{0A932C9F-688D-4AFA-916E-128A0CCF7177}.Release|x64.Build.0 = Release|x64
	EndGlobalSection
	GlobalSection(SolutionProperties) = preSolution
		HideSolutionNode = FALSE
	EndGlobalSection
	GlobalSection(ExtensibilityGlobals) = postSolution
		SolutionGuid = {9AAAC8B9-F1D2-4228-AEEF-D231EB1D8053}
	EndGlobalSection
EndGlobal
