
Microsoft Visual Studio Solution File, Format Version 12.00
# Visual Studio Version 16
VisualStudioVersion = 16.0.28803.452
MinimumVisualStudioVersion = 10.0.40219.1
Project("{FAE04EC0-301F-11D3-BF4B-00C04F79EFBC}") = "DoWhile", "DoWhile\DoWhile.csproj", "{D52624DD-93BC-4D83-9762-7CB54CE25217}"
EndProject
Global
	GlobalSection(SolutionConfigurationPlatforms) = preSolution
		Debug|Any CPU = Debug|Any CPU
		Release|Any CPU = Release|Any CPU
	EndGlobalSection
	GlobalSection(ProjectConfigurationPlatforms) = postSolution
		{D52624DD-93BC-4D83-9762-7CB54CE25217}.Debug|Any CPU.ActiveCfg = Debug|Any CPU
		{D52624DD-93BC-4D83-9762-7CB54CE25217}.Debug|Any CPU.Build.0 = Debug|Any CPU
		{D52624DD-93BC-4D83-9762-7CB54CE25217}.Release|Any CPU.ActiveCfg = Release|Any CPU
		{D52624DD-93BC-4D83-9762-7CB54CE25217}.Release|Any CPU.Build.0 = Release|Any CPU
	EndGlobalSection
	GlobalSection(SolutionProperties) = preSolution
		HideSolutionNode = FALSE
	EndGlobalSection
	GlobalSection(ExtensibilityGlobals) = postSolution
		SolutionGuid = {4F091DFE-056A-4731-9CCB-40B4F4D59FFD}
	EndGlobalSection
EndGlobal
