
Microsoft Visual Studio Solution File, Format Version 11.00
# Visual C# Express 2010
Project("{FAE04EC0-301F-11D3-BF4B-00C04F79EFBC}") = "vcs_PictureBox4", "vcs_PictureBox4\vcs_PictureBox4.csproj", "{D81EF879-EA75-44CE-8031-5144F8B62422}"
EndProject
Global
	GlobalSection(SolutionConfigurationPlatforms) = preSolution
		Debug|x86 = Debug|x86
		Release|x86 = Release|x86
	EndGlobalSection
	GlobalSection(ProjectConfigurationPlatforms) = postSolution
		{D81EF879-EA75-44CE-8031-5144F8B62422}.Debug|x86.ActiveCfg = Debug|x86
		{D81EF879-EA75-44CE-8031-5144F8B62422}.Debug|x86.Build.0 = Debug|x86
		{D81EF879-EA75-44CE-8031-5144F8B62422}.Release|x86.ActiveCfg = Release|x86
		{D81EF879-EA75-44CE-8031-5144F8B62422}.Release|x86.Build.0 = Release|x86
	EndGlobalSection
	GlobalSection(SolutionProperties) = preSolution
		HideSolutionNode = FALSE
	EndGlobalSection
EndGlobal
