
Microsoft Visual Studio Solution File, Format Version 12.00
# Visual Studio Version 16
VisualStudioVersion = 16.0.29306.81
MinimumVisualStudioVersion = 10.0.40219.1
Project("{FAE04EC0-301F-11D3-BF4B-00C04F79EFBC}") = "CH0415", "CH0415.csproj", "{A8E9D888-85C1-476F-93BA-43C3F343E9EA}"
EndProject
Global
	GlobalSection(SolutionConfigurationPlatforms) = preSolution
		Debug|Any CPU = Debug|Any CPU
		Release|Any CPU = Release|Any CPU
	EndGlobalSection
	GlobalSection(ProjectConfigurationPlatforms) = postSolution
		{A8E9D888-85C1-476F-93BA-43C3F343E9EA}.Debug|Any CPU.ActiveCfg = Debug|Any CPU
		{A8E9D888-85C1-476F-93BA-43C3F343E9EA}.Debug|Any CPU.Build.0 = Debug|Any CPU
		{A8E9D888-85C1-476F-93BA-43C3F343E9EA}.Release|Any CPU.ActiveCfg = Release|Any CPU
		{A8E9D888-85C1-476F-93BA-43C3F343E9EA}.Release|Any CPU.Build.0 = Release|Any CPU
	EndGlobalSection
	GlobalSection(SolutionProperties) = preSolution
		HideSolutionNode = FALSE
	EndGlobalSection
	GlobalSection(ExtensibilityGlobals) = postSolution
		SolutionGuid = {E73C95BF-EA44-419C-95FA-882BC3605ABE}
	EndGlobalSection
EndGlobal
