
Microsoft Visual Studio Solution File, Format Version 11.00
# Visual C# Express 2010
Project("{FAE04EC0-301F-11D3-BF4B-00C04F79EFBC}") = "vcs_ComboBox2", "vcs_ComboBox2\vcs_ComboBox2.csproj", "{68938392-9B1A-410F-AE73-FD07C2917E72}"
EndProject
Global
	GlobalSection(SolutionConfigurationPlatforms) = preSolution
		Debug|Any CPU = Debug|Any CPU
		Release|Any CPU = Release|Any CPU
	EndGlobalSection
	GlobalSection(ProjectConfigurationPlatforms) = postSolution
		{68938392-9B1A-410F-AE73-FD07C2917E72}.Debug|Any CPU.ActiveCfg = Debug|Any CPU
		{68938392-9B1A-410F-AE73-FD07C2917E72}.Debug|Any CPU.Build.0 = Debug|Any CPU
		{68938392-9B1A-410F-AE73-FD07C2917E72}.Release|Any CPU.ActiveCfg = Release|Any CPU
		{68938392-9B1A-410F-AE73-FD07C2917E72}.Release|Any CPU.Build.0 = Release|Any CPU
	EndGlobalSection
	GlobalSection(SolutionProperties) = preSolution
		HideSolutionNode = FALSE
	EndGlobalSection
EndGlobal
