
Microsoft Visual Studio Solution File, Format Version 12.00
# Visual Studio Version 17
VisualStudioVersion = 17.0.32802.463
MinimumVisualStudioVersion = 10.0.40219.1
Project("{8BC9CEB8-8B4A-11D0-8D11-00A0C91BC942}") = "dxtc", "dxtc_vs2022.vcxproj", "{7AF92106-D2AE-4B62-B7C5-BF53A53E2499}"
EndProject
Global
	GlobalSection(SolutionConfigurationPlatforms) = preSolution
		Debug|x64 = Debug|x64
		Release|x64 = Release|x64
	EndGlobalSection
	GlobalSection(ProjectConfigurationPlatforms) = postSolution
		{7AF92106-D2AE-4B62-B7C5-BF53A53E2499}.Debug|x64.ActiveCfg = Debug|x64
		{7AF92106-D2AE-4B62-B7C5-BF53A53E2499}.Debug|x64.Build.0 = Debug|x64
		{7AF92106-D2AE-4B62-B7C5-BF53A53E2499}.Release|x64.ActiveCfg = Release|x64
		{7AF92106-D2AE-4B62-B7C5-BF53A53E2499}.Release|x64.Build.0 = Release|x64
	EndGlobalSection
	GlobalSection(SolutionProperties) = preSolution
		HideSolutionNode = FALSE
	EndGlobalSection
	GlobalSection(ExtensibilityGlobals) = postSolution
		SolutionGuid = {AC8CCE50-931C-4E03-A0F7-5F3953DA7FB7}
	EndGlobalSection
EndGlobal
