
Microsoft Visual Studio Solution File, Format Version 11.00
# Visual C# Express 2010
Project("{FAE04EC0-301F-11D3-BF4B-00C04F79EFBC}") = "vcs_ImageProcessing1", "vcs_ImageProcessing1\vcs_ImageProcessing1.csproj", "{FB11A382-BE7F-4AAD-8449-A1C9547F507E}"
EndProject
Global
	GlobalSection(SolutionConfigurationPlatforms) = preSolution
		Debug|x86 = Debug|x86
		Release|x86 = Release|x86
	EndGlobalSection
	GlobalSection(ProjectConfigurationPlatforms) = postSolution
		{FB11A382-BE7F-4AAD-8449-A1C9547F507E}.Debug|x86.ActiveCfg = Debug|x86
		{FB11A382-BE7F-4AAD-8449-A1C9547F507E}.Debug|x86.Build.0 = Debug|x86
		{FB11A382-BE7F-4AAD-8449-A1C9547F507E}.Release|x86.ActiveCfg = Release|x86
		{FB11A382-BE7F-4AAD-8449-A1C9547F507E}.Release|x86.Build.0 = Release|x86
	EndGlobalSection
	GlobalSection(SolutionProperties) = preSolution
		HideSolutionNode = FALSE
	EndGlobalSection
EndGlobal
