
Microsoft Visual Studio Solution File, Format Version 12.00
# Visual Studio Version 16
VisualStudioVersion = 16.0.29709.97
MinimumVisualStudioVersion = 10.0.40219.1
Project("{FAE04EC0-301F-11D3-BF4B-00C04F79EFBC}") = "WindowsFormsApp1", "WindowsFormsApp1\WindowsFormsApp1.csproj", "{00199935-2DFB-489E-BD67-9A61BC97C460}"
EndProject
Global
	GlobalSection(SolutionConfigurationPlatforms) = preSolution
		Debug|Any CPU = Debug|Any CPU
		Release|Any CPU = Release|Any CPU
	EndGlobalSection
	GlobalSection(ProjectConfigurationPlatforms) = postSolution
		{00199935-2DFB-489E-BD67-9A61BC97C460}.Debug|Any CPU.ActiveCfg = Debug|Any CPU
		{00199935-2DFB-489E-BD67-9A61BC97C460}.Debug|Any CPU.Build.0 = Debug|Any CPU
		{00199935-2DFB-489E-BD67-9A61BC97C460}.Release|Any CPU.ActiveCfg = Release|Any CPU
		{00199935-2DFB-489E-BD67-9A61BC97C460}.Release|Any CPU.Build.0 = Release|Any CPU
	EndGlobalSection
	GlobalSection(SolutionProperties) = preSolution
		HideSolutionNode = FALSE
	EndGlobalSection
	GlobalSection(ExtensibilityGlobals) = postSolution
		SolutionGuid = {45E6C02E-48BA-402A-8EC4-DFE535DDCD2D}
	EndGlobalSection
EndGlobal
