
Microsoft Visual Studio Solution File, Format Version 11.00
# Visual C# Express 2010
Project("{FAE04EC0-301F-11D3-BF4B-00C04F79EFBC}") = "vcs_ReadWrite_Zip", "vcs_ReadWrite_Zip\vcs_ReadWrite_Zip.csproj", "{4DAB2779-3259-4D27-96E6-15AF109C685B}"
EndProject
Global
	GlobalSection(SolutionConfigurationPlatforms) = preSolution
		Debug|Any CPU = Debug|Any CPU
		Release|Any CPU = Release|Any CPU
	EndGlobalSection
	GlobalSection(ProjectConfigurationPlatforms) = postSolution
		{4DAB2779-3259-4D27-96E6-15AF109C685B}.Debug|Any CPU.ActiveCfg = Debug|Any CPU
		{4DAB2779-3259-4D27-96E6-15AF109C685B}.Debug|Any CPU.Build.0 = Debug|Any CPU
		{4DAB2779-3259-4D27-96E6-15AF109C685B}.Release|Any CPU.ActiveCfg = Release|Any CPU
		{4DAB2779-3259-4D27-96E6-15AF109C685B}.Release|Any CPU.Build.0 = Release|Any CPU
	EndGlobalSection
	GlobalSection(SolutionProperties) = preSolution
		HideSolutionNode = FALSE
	EndGlobalSection
EndGlobal
