
Microsoft Visual Studio Solution File, Format Version 11.00
# Visual C# Express 2010
Project("{FAE04EC0-301F-11D3-BF4B-00C04F79EFBC}") = "WindowsFormsApplication1ex", "WindowsFormsApplication1ex\WindowsFormsApplication1ex.csproj", "{2DD1A7BF-F768-4B7A-8A5A-2333C03EB50D}"
EndProject
Global
	GlobalSection(SolutionConfigurationPlatforms) = preSolution
		Debug|x86 = Debug|x86
		Release|x86 = Release|x86
	EndGlobalSection
	GlobalSection(ProjectConfigurationPlatforms) = postSolution
		{2DD1A7BF-F768-4B7A-8A5A-2333C03EB50D}.Debug|x86.ActiveCfg = Debug|x86
		{2DD1A7BF-F768-4B7A-8A5A-2333C03EB50D}.Debug|x86.Build.0 = Debug|x86
		{2DD1A7BF-F768-4B7A-8A5A-2333C03EB50D}.Release|x86.ActiveCfg = Release|x86
		{2DD1A7BF-F768-4B7A-8A5A-2333C03EB50D}.Release|x86.Build.0 = Release|x86
	EndGlobalSection
	GlobalSection(SolutionProperties) = preSolution
		HideSolutionNode = FALSE
	EndGlobalSection
EndGlobal
