
Microsoft Visual Studio Solution File, Format Version 11.00
# Visual C# Express 2010
Project("{FAE04EC0-301F-11D3-BF4B-00C04F79EFBC}") = "vcs_WebCam_Emgu0", "vcs_WebCam_Emgu0\vcs_WebCam_Emgu0.csproj", "{723DCE40-5BC6-4E74-8CD7-74BC35CD86F7}"
EndProject
Global
	GlobalSection(SolutionConfigurationPlatforms) = preSolution
		Debug|x86 = Debug|x86
		Release|x86 = Release|x86
	EndGlobalSection
	GlobalSection(ProjectConfigurationPlatforms) = postSolution
		{723DCE40-5BC6-4E74-8CD7-74BC35CD86F7}.Debug|x86.ActiveCfg = Debug|x86
		{723DCE40-5BC6-4E74-8CD7-74BC35CD86F7}.Debug|x86.Build.0 = Debug|x86
		{723DCE40-5BC6-4E74-8CD7-74BC35CD86F7}.Release|x86.ActiveCfg = Release|x86
		{723DCE40-5BC6-4E74-8CD7-74BC35CD86F7}.Release|x86.Build.0 = Release|x86
	EndGlobalSection
	GlobalSection(SolutionProperties) = preSolution
		HideSolutionNode = FALSE
	EndGlobalSection
EndGlobal
