
Microsoft Visual Studio Solution File, Format Version 12.00
# Visual Studio Version 16
VisualStudioVersion = 16.0.28803.452
MinimumVisualStudioVersion = 10.0.40219.1
Project("{FAE04EC0-301F-11D3-BF4B-00C04F79EFBC}") = "CH1002", "CH1002.csproj", "{C8E143E8-B6F7-476E-B82F-975B530D2F0C}"
EndProject
Global
	GlobalSection(SolutionConfigurationPlatforms) = preSolution
		Debug|Any CPU = Debug|Any CPU
		Release|Any CPU = Release|Any CPU
	EndGlobalSection
	GlobalSection(ProjectConfigurationPlatforms) = postSolution
		{C8E143E8-B6F7-476E-B82F-975B530D2F0C}.Debug|Any CPU.ActiveCfg = Debug|Any CPU
		{C8E143E8-B6F7-476E-B82F-975B530D2F0C}.Debug|Any CPU.Build.0 = Debug|Any CPU
		{C8E143E8-B6F7-476E-B82F-975B530D2F0C}.Release|Any CPU.ActiveCfg = Release|Any CPU
		{C8E143E8-B6F7-476E-B82F-975B530D2F0C}.Release|Any CPU.Build.0 = Release|Any CPU
	EndGlobalSection
	GlobalSection(SolutionProperties) = preSolution
		HideSolutionNode = FALSE
	EndGlobalSection
	GlobalSection(ExtensibilityGlobals) = postSolution
		SolutionGuid = {E6C7E5A3-352A-4A60-BE50-9E2D39E45830}
	EndGlobalSection
EndGlobal
