
Microsoft Visual Studio Solution File, Format Version 12.00
# Visual Studio Version 17
VisualStudioVersion = 17.0.32802.463
MinimumVisualStudioVersion = 10.0.40219.1
Project("{8BC9CEB8-8B4A-11D0-8D11-00A0C91BC942}") = "fp16ScalarProduct", "fp16ScalarProduct_vs2022.vcxproj", "{D0433048-811F-4F17-856A-79B8E0DD1A70}"
EndProject
Global
	GlobalSection(SolutionConfigurationPlatforms) = preSolution
		Debug|x64 = Debug|x64
		Release|x64 = Release|x64
	EndGlobalSection
	GlobalSection(ProjectConfigurationPlatforms) = postSolution
		{D0433048-811F-4F17-856A-79B8E0DD1A70}.Debug|x64.ActiveCfg = Debug|x64
		{D0433048-811F-4F17-856A-79B8E0DD1A70}.Debug|x64.Build.0 = Debug|x64
		{D0433048-811F-4F17-856A-79B8E0DD1A70}.Release|x64.ActiveCfg = Release|x64
		{D0433048-811F-4F17-856A-79B8E0DD1A70}.Release|x64.Build.0 = Release|x64
	EndGlobalSection
	GlobalSection(SolutionProperties) = preSolution
		HideSolutionNode = FALSE
	EndGlobalSection
	GlobalSection(ExtensibilityGlobals) = postSolution
		SolutionGuid = {F4B0C9B5-629C-4067-8AC9-D7C4D1B72431}
	EndGlobalSection
EndGlobal
