
Microsoft Visual Studio Solution File, Format Version 11.00
# Visual C# Express 2010
Project("{FAE04EC0-301F-11D3-BF4B-00C04F79EFBC}") = "vcs_PictureCard", "vcs_PictureCard\vcs_PictureCard.csproj", "{E4863C52-02A2-4E7B-9664-65FF7795A32C}"
EndProject
Global
	GlobalSection(SolutionConfigurationPlatforms) = preSolution
		Debug|x86 = Debug|x86
		Release|x86 = Release|x86
	EndGlobalSection
	GlobalSection(ProjectConfigurationPlatforms) = postSolution
		{E4863C52-02A2-4E7B-9664-65FF7795A32C}.Debug|x86.ActiveCfg = Debug|x86
		{E4863C52-02A2-4E7B-9664-65FF7795A32C}.Debug|x86.Build.0 = Debug|x86
		{E4863C52-02A2-4E7B-9664-65FF7795A32C}.Release|x86.ActiveCfg = Release|x86
		{E4863C52-02A2-4E7B-9664-65FF7795A32C}.Release|x86.Build.0 = Release|x86
	EndGlobalSection
	GlobalSection(SolutionProperties) = preSolution
		HideSolutionNode = FALSE
	EndGlobalSection
EndGlobal
