
Microsoft Visual Studio Solution File, Format Version 12.00
# Visual Studio Express 2012 for Windows Desktop
Project("{FAE04EC0-301F-11D3-BF4B-00C04F79EFBC}") = "ConsoleConstructor2", "ConsoleConstructor2.csproj", "{5FAD57D5-3748-4AC5-827E-5970A3616A87}"
EndProject
Global
	GlobalSection(SolutionConfigurationPlatforms) = preSolution
		Debug|Any CPU = Debug|Any CPU
		Release|Any CPU = Release|Any CPU
	EndGlobalSection
	GlobalSection(ProjectConfigurationPlatforms) = postSolution
		{5FAD57D5-3748-4AC5-827E-5970A3616A87}.Debug|Any CPU.ActiveCfg = Debug|Any CPU
		{5FAD57D5-3748-4AC5-827E-5970A3616A87}.Debug|Any CPU.Build.0 = Debug|Any CPU
		{5FAD57D5-3748-4AC5-827E-5970A3616A87}.Release|Any CPU.ActiveCfg = Release|Any CPU
		{5FAD57D5-3748-4AC5-827E-5970A3616A87}.Release|Any CPU.Build.0 = Release|Any CPU
	EndGlobalSection
	GlobalSection(SolutionProperties) = preSolution
		HideSolutionNode = FALSE
	EndGlobalSection
EndGlobal
