
Microsoft Visual Studio Solution File, Format Version 12.00
# Visual Studio Version 16
VisualStudioVersion = 16.0.28803.452
MinimumVisualStudioVersion = 10.0.40219.1
Project("{FAE04EC0-301F-11D3-BF4B-00C04F79EFBC}") = "CH0507", "CH0507.csproj", "{4442424A-677C-4380-810D-1622226BB9C0}"
EndProject
Global
	GlobalSection(SolutionConfigurationPlatforms) = preSolution
		Debug|Any CPU = Debug|Any CPU
		Release|Any CPU = Release|Any CPU
	EndGlobalSection
	GlobalSection(ProjectConfigurationPlatforms) = postSolution
		{4442424A-677C-4380-810D-1622226BB9C0}.Debug|Any CPU.ActiveCfg = Debug|Any CPU
		{4442424A-677C-4380-810D-1622226BB9C0}.Debug|Any CPU.Build.0 = Debug|Any CPU
		{4442424A-677C-4380-810D-1622226BB9C0}.Release|Any CPU.ActiveCfg = Release|Any CPU
		{4442424A-677C-4380-810D-1622226BB9C0}.Release|Any CPU.Build.0 = Release|Any CPU
	EndGlobalSection
	GlobalSection(SolutionProperties) = preSolution
		HideSolutionNode = FALSE
	EndGlobalSection
	GlobalSection(ExtensibilityGlobals) = postSolution
		SolutionGuid = {047043D9-250C-4793-A519-08BCDC874FD8}
	EndGlobalSection
EndGlobal
