
Microsoft Visual Studio Solution File, Format Version 11.00
# Visual C# Express 2010
Project("{FAE04EC0-301F-11D3-BF4B-00C04F79EFBC}") = "vcs_Spotlight1", "vcs_Spotlight1\vcs_Spotlight1.csproj", "{83414EBC-75A3-4ED7-9D90-91579CC2DACD}"
EndProject
Global
	GlobalSection(SolutionConfigurationPlatforms) = preSolution
		Debug|Any CPU = Debug|Any CPU
		Release|Any CPU = Release|Any CPU
	EndGlobalSection
	GlobalSection(ProjectConfigurationPlatforms) = postSolution
		{83414EBC-75A3-4ED7-9D90-91579CC2DACD}.Debug|Any CPU.ActiveCfg = Debug|Any CPU
		{83414EBC-75A3-4ED7-9D90-91579CC2DACD}.Debug|Any CPU.Build.0 = Debug|Any CPU
		{83414EBC-75A3-4ED7-9D90-91579CC2DACD}.Release|Any CPU.ActiveCfg = Release|Any CPU
		{83414EBC-75A3-4ED7-9D90-91579CC2DACD}.Release|Any CPU.Build.0 = Release|Any CPU
	EndGlobalSection
	GlobalSection(SolutionProperties) = preSolution
		HideSolutionNode = FALSE
	EndGlobalSection
EndGlobal
