
Microsoft Visual Studio Solution File, Format Version 10.00
# Visual Studio 2008
Project("{FAE04EC0-301F-11D3-BF4B-00C04F79EFBC}") = "WebServer", "WebServer\WebServer.csproj", "{1F87D13B-3B23-49FE-9376-40AF5D92AE02}"
EndProject
Global
	GlobalSection(SolutionConfigurationPlatforms) = preSolution
		Debug|Any CPU = Debug|Any CPU
		Release|Any CPU = Release|Any CPU
	EndGlobalSection
	GlobalSection(ProjectConfigurationPlatforms) = postSolution
		{1F87D13B-3B23-49FE-9376-40AF5D92AE02}.Debug|Any CPU.ActiveCfg = Debug|Any CPU
		{1F87D13B-3B23-49FE-9376-40AF5D92AE02}.Debug|Any CPU.Build.0 = Debug|Any CPU
		{1F87D13B-3B23-49FE-9376-40AF5D92AE02}.Release|Any CPU.ActiveCfg = Release|Any CPU
		{1F87D13B-3B23-49FE-9376-40AF5D92AE02}.Release|Any CPU.Build.0 = Release|Any CPU
	EndGlobalSection
	GlobalSection(SolutionProperties) = preSolution
		HideSolutionNode = FALSE
	EndGlobalSection
EndGlobal
