
Microsoft Visual Studio Solution File, Format Version 12.00
# Visual Studio Version 16
VisualStudioVersion = 16.0.28803.452
MinimumVisualStudioVersion = 10.0.40219.1
Project("{FAE04EC0-301F-11D3-BF4B-00C04F79EFBC}") = "Bubble", "Bubble\Bubble.csproj", "{C7B0DF39-595D-4A53-A157-119BBA0830CD}"
EndProject
Global
	GlobalSection(SolutionConfigurationPlatforms) = preSolution
		Debug|Any CPU = Debug|Any CPU
		Release|Any CPU = Release|Any CPU
	EndGlobalSection
	GlobalSection(ProjectConfigurationPlatforms) = postSolution
		{C7B0DF39-595D-4A53-A157-119BBA0830CD}.Debug|Any CPU.ActiveCfg = Debug|Any CPU
		{C7B0DF39-595D-4A53-A157-119BBA0830CD}.Debug|Any CPU.Build.0 = Debug|Any CPU
		{C7B0DF39-595D-4A53-A157-119BBA0830CD}.Release|Any CPU.ActiveCfg = Release|Any CPU
		{C7B0DF39-595D-4A53-A157-119BBA0830CD}.Release|Any CPU.Build.0 = Release|Any CPU
	EndGlobalSection
	GlobalSection(SolutionProperties) = preSolution
		HideSolutionNode = FALSE
	EndGlobalSection
	GlobalSection(ExtensibilityGlobals) = postSolution
		SolutionGuid = {710C53BE-CD58-41ED-B315-E78FA17D317D}
	EndGlobalSection
EndGlobal
