
Microsoft Visual Studio Solution File, Format Version 10.00
# Visual Studio 2008
Project("{FAE04EC0-301F-11D3-BF4B-00C04F79EFBC}") = "Ã¸»s¾ò¶ê", "Ã¸»s¾ò¶ê\Ã¸»s¾ò¶ê.csproj", "{09E697F8-27E2-4DF1-8A12-7F41152B1A29}"
EndProject
Global
	GlobalSection(SolutionConfigurationPlatforms) = preSolution
		Debug|Any CPU = Debug|Any CPU
		Release|Any CPU = Release|Any CPU
	EndGlobalSection
	GlobalSection(ProjectConfigurationPlatforms) = postSolution
		{09E697F8-27E2-4DF1-8A12-7F41152B1A29}.Debug|Any CPU.ActiveCfg = Debug|Any CPU
		{09E697F8-27E2-4DF1-8A12-7F41152B1A29}.Debug|Any CPU.Build.0 = Debug|Any CPU
		{09E697F8-27E2-4DF1-8A12-7F41152B1A29}.Release|Any CPU.ActiveCfg = Release|Any CPU
		{09E697F8-27E2-4DF1-8A12-7F41152B1A29}.Release|Any CPU.Build.0 = Release|Any CPU
	EndGlobalSection
	GlobalSection(SolutionProperties) = preSolution
		HideSolutionNode = FALSE
	EndGlobalSection
EndGlobal
