
Microsoft Visual Studio Solution File, Format Version 10.00
# Visual Studio 2008
Project("{FAE04EC0-301F-11D3-BF4B-00C04F79EFBC}") = "大家來找碴網路遊戲_server", "大家來找碴網路遊戲_server.csproj", "{86077708-C6AE-48BA-BA7E-70FC8295572E}"
EndProject
Global
	GlobalSection(SolutionConfigurationPlatforms) = preSolution
		Debug|Any CPU = Debug|Any CPU
		Release|Any CPU = Release|Any CPU
	EndGlobalSection
	GlobalSection(ProjectConfigurationPlatforms) = postSolution
		{86077708-C6AE-48BA-BA7E-70FC8295572E}.Debug|Any CPU.ActiveCfg = Debug|Any CPU
		{86077708-C6AE-48BA-BA7E-70FC8295572E}.Debug|Any CPU.Build.0 = Debug|Any CPU
		{86077708-C6AE-48BA-BA7E-70FC8295572E}.Release|Any CPU.ActiveCfg = Release|Any CPU
		{86077708-C6AE-48BA-BA7E-70FC8295572E}.Release|Any CPU.Build.0 = Release|Any CPU
	EndGlobalSection
	GlobalSection(SolutionProperties) = preSolution
		HideSolutionNode = FALSE
	EndGlobalSection
EndGlobal
