
Microsoft Visual Studio Solution File, Format Version 12.00
# Visual Studio Version 16
VisualStudioVersion = 16.0.28803.452
MinimumVisualStudioVersion = 10.0.40219.1
Project("{FAE04EC0-301F-11D3-BF4B-00C04F79EFBC}") = "倍數", "倍數\倍數.csproj", "{C1DDA3BA-F367-402D-897B-CE9DD058395C}"
EndProject
Global
	GlobalSection(SolutionConfigurationPlatforms) = preSolution
		Debug|Any CPU = Debug|Any CPU
		Release|Any CPU = Release|Any CPU
	EndGlobalSection
	GlobalSection(ProjectConfigurationPlatforms) = postSolution
		{C1DDA3BA-F367-402D-897B-CE9DD058395C}.Debug|Any CPU.ActiveCfg = Debug|Any CPU
		{C1DDA3BA-F367-402D-897B-CE9DD058395C}.Debug|Any CPU.Build.0 = Debug|Any CPU
		{C1DDA3BA-F367-402D-897B-CE9DD058395C}.Release|Any CPU.ActiveCfg = Release|Any CPU
		{C1DDA3BA-F367-402D-897B-CE9DD058395C}.Release|Any CPU.Build.0 = Release|Any CPU
	EndGlobalSection
	GlobalSection(SolutionProperties) = preSolution
		HideSolutionNode = FALSE
	EndGlobalSection
	GlobalSection(ExtensibilityGlobals) = postSolution
		SolutionGuid = {80059E4A-0377-42C4-9D95-2F5346971C69}
	EndGlobalSection
EndGlobal
