
Microsoft Visual Studio Solution File, Format Version 11.00
# Visual C# Express 2010
Project("{FAE04EC0-301F-11D3-BF4B-00C04F79EFBC}") = "mouse_event", "mouse_event\mouse_event.csproj", "{471E9604-B587-4BEE-934F-2CC6AF6BCF32}"
EndProject
Global
	GlobalSection(SolutionConfigurationPlatforms) = preSolution
		Debug|x86 = Debug|x86
		Release|x86 = Release|x86
	EndGlobalSection
	GlobalSection(ProjectConfigurationPlatforms) = postSolution
		{471E9604-B587-4BEE-934F-2CC6AF6BCF32}.Debug|x86.ActiveCfg = Debug|x86
		{471E9604-B587-4BEE-934F-2CC6AF6BCF32}.Debug|x86.Build.0 = Debug|x86
		{471E9604-B587-4BEE-934F-2CC6AF6BCF32}.Release|x86.ActiveCfg = Release|x86
		{471E9604-B587-4BEE-934F-2CC6AF6BCF32}.Release|x86.Build.0 = Release|x86
	EndGlobalSection
	GlobalSection(SolutionProperties) = preSolution
		HideSolutionNode = FALSE
	EndGlobalSection
EndGlobal
