
Microsoft Visual Studio Solution File, Format Version 10.00
# Visual Studio 2008
Project("{FAE04EC0-301F-11D3-BF4B-00C04F79EFBC}") = "ShanShuoWindows", "ShanShuoWindows\ShanShuoWindows.csproj", "{7649DA83-0D90-4B04-B211-0592C919725E}"
EndProject
Global
	GlobalSection(SolutionConfigurationPlatforms) = preSolution
		Debug|Any CPU = Debug|Any CPU
		Release|Any CPU = Release|Any CPU
	EndGlobalSection
	GlobalSection(ProjectConfigurationPlatforms) = postSolution
		{7649DA83-0D90-4B04-B211-0592C919725E}.Debug|Any CPU.ActiveCfg = Debug|Any CPU
		{7649DA83-0D90-4B04-B211-0592C919725E}.Debug|Any CPU.Build.0 = Debug|Any CPU
		{7649DA83-0D90-4B04-B211-0592C919725E}.Release|Any CPU.ActiveCfg = Release|Any CPU
		{7649DA83-0D90-4B04-B211-0592C919725E}.Release|Any CPU.Build.0 = Release|Any CPU
	EndGlobalSection
	GlobalSection(SolutionProperties) = preSolution
		HideSolutionNode = FALSE
	EndGlobalSection
EndGlobal
