
Microsoft Visual Studio Solution File, Format Version 11.00
# Visual C# Express 2010
Project("{FAE04EC0-301F-11D3-BF4B-00C04F79EFBC}") = "用vcs下载http文件", "用vcs下载http文件\用vcs下载http文件.csproj", "{66AE0CF5-A0E9-46FC-9051-B77D52044ED5}"
EndProject
Global
	GlobalSection(SolutionConfigurationPlatforms) = preSolution
		Debug|x86 = Debug|x86
		Release|x86 = Release|x86
	EndGlobalSection
	GlobalSection(ProjectConfigurationPlatforms) = postSolution
		{66AE0CF5-A0E9-46FC-9051-B77D52044ED5}.Debug|x86.ActiveCfg = Debug|x86
		{66AE0CF5-A0E9-46FC-9051-B77D52044ED5}.Debug|x86.Build.0 = Debug|x86
		{66AE0CF5-A0E9-46FC-9051-B77D52044ED5}.Release|x86.ActiveCfg = Release|x86
		{66AE0CF5-A0E9-46FC-9051-B77D52044ED5}.Release|x86.Build.0 = Release|x86
	EndGlobalSection
	GlobalSection(SolutionProperties) = preSolution
		HideSolutionNode = FALSE
	EndGlobalSection
EndGlobal
