
Microsoft Visual Studio Solution File, Format Version 11.00
# Visual C# Express 2010
Project("{FAE04EC0-301F-11D3-BF4B-00C04F79EFBC}") = "vcs_BarcodeScanner", "vcs_BarcodeScanner\vcs_BarcodeScanner.csproj", "{22535E72-982B-4BFA-A4D3-7A57E1B2671B}"
EndProject
Global
	GlobalSection(SolutionConfigurationPlatforms) = preSolution
		Debug|x86 = Debug|x86
		Release|x86 = Release|x86
	EndGlobalSection
	GlobalSection(ProjectConfigurationPlatforms) = postSolution
		{22535E72-982B-4BFA-A4D3-7A57E1B2671B}.Debug|x86.ActiveCfg = Debug|x86
		{22535E72-982B-4BFA-A4D3-7A57E1B2671B}.Debug|x86.Build.0 = Debug|x86
		{22535E72-982B-4BFA-A4D3-7A57E1B2671B}.Release|x86.ActiveCfg = Release|x86
		{22535E72-982B-4BFA-A4D3-7A57E1B2671B}.Release|x86.Build.0 = Release|x86
	EndGlobalSection
	GlobalSection(SolutionProperties) = preSolution
		HideSolutionNode = FALSE
	EndGlobalSection
EndGlobal
