
Microsoft Visual Studio Solution File, Format Version 12.00
# Visual Studio Version 16
VisualStudioVersion = 16.0.28803.452
MinimumVisualStudioVersion = 10.0.40219.1
Project("{FAE04EC0-301F-11D3-BF4B-00C04F79EFBC}") = "CH1402", "CH1402.csproj", "{834434B8-3E24-4B72-AFAF-CD61765F3308}"
EndProject
Global
	GlobalSection(SolutionConfigurationPlatforms) = preSolution
		Debug|Any CPU = Debug|Any CPU
		Release|Any CPU = Release|Any CPU
	EndGlobalSection
	GlobalSection(ProjectConfigurationPlatforms) = postSolution
		{834434B8-3E24-4B72-AFAF-CD61765F3308}.Debug|Any CPU.ActiveCfg = Debug|Any CPU
		{834434B8-3E24-4B72-AFAF-CD61765F3308}.Debug|Any CPU.Build.0 = Debug|Any CPU
		{834434B8-3E24-4B72-AFAF-CD61765F3308}.Release|Any CPU.ActiveCfg = Release|Any CPU
		{834434B8-3E24-4B72-AFAF-CD61765F3308}.Release|Any CPU.Build.0 = Release|Any CPU
	EndGlobalSection
	GlobalSection(SolutionProperties) = preSolution
		HideSolutionNode = FALSE
	EndGlobalSection
	GlobalSection(ExtensibilityGlobals) = postSolution
		SolutionGuid = {35EABF5B-732D-424F-BD75-4CB4D40CB146}
	EndGlobalSection
EndGlobal
