
Microsoft Visual Studio Solution File, Format Version 11.00
# Visual C# Express 2010
Project("{FAE04EC0-301F-11D3-BF4B-00C04F79EFBC}") = "vcs_test_all_17_SetupTimer_TopMost", "vcs_test_all_17_SetupTimer_TopMost\vcs_test_all_17_SetupTimer_TopMost.csproj", "{8668A0F3-CD4E-4974-98E2-F155B590A146}"
EndProject
Global
	GlobalSection(SolutionConfigurationPlatforms) = preSolution
		Debug|x86 = Debug|x86
		Release|x86 = Release|x86
	EndGlobalSection
	GlobalSection(ProjectConfigurationPlatforms) = postSolution
		{8668A0F3-CD4E-4974-98E2-F155B590A146}.Debug|x86.ActiveCfg = Debug|x86
		{8668A0F3-CD4E-4974-98E2-F155B590A146}.Debug|x86.Build.0 = Debug|x86
		{8668A0F3-CD4E-4974-98E2-F155B590A146}.Release|x86.ActiveCfg = Release|x86
		{8668A0F3-CD4E-4974-98E2-F155B590A146}.Release|x86.Build.0 = Release|x86
	EndGlobalSection
	GlobalSection(SolutionProperties) = preSolution
		HideSolutionNode = FALSE
	EndGlobalSection
EndGlobal
