
Microsoft Visual Studio Solution File, Format Version 10.00
# Visual Studio 2008
Project("{FAE04EC0-301F-11D3-BF4B-00C04F79EFBC}") = "JudgeFileOpen", "JudgeFileOpen\JudgeFileOpen.csproj", "{75EE746C-3BE7-438B-AE50-7302514A4E98}"
EndProject
Global
	GlobalSection(SolutionConfigurationPlatforms) = preSolution
		Debug|Any CPU = Debug|Any CPU
		Release|Any CPU = Release|Any CPU
	EndGlobalSection
	GlobalSection(ProjectConfigurationPlatforms) = postSolution
		{75EE746C-3BE7-438B-AE50-7302514A4E98}.Debug|Any CPU.ActiveCfg = Debug|Any CPU
		{75EE746C-3BE7-438B-AE50-7302514A4E98}.Debug|Any CPU.Build.0 = Debug|Any CPU
		{75EE746C-3BE7-438B-AE50-7302514A4E98}.Release|Any CPU.ActiveCfg = Release|Any CPU
		{75EE746C-3BE7-438B-AE50-7302514A4E98}.Release|Any CPU.Build.0 = Release|Any CPU
	EndGlobalSection
	GlobalSection(SolutionProperties) = preSolution
		HideSolutionNode = FALSE
	EndGlobalSection
EndGlobal
