
Microsoft Visual Studio Solution File, Format Version 12.00
# Visual Studio Version 16
VisualStudioVersion = 16.0.28803.452
MinimumVisualStudioVersion = 10.0.40219.1
Project("{FAE04EC0-301F-11D3-BF4B-00C04F79EFBC}") = "CH0605", "CH0605.csproj", "{191036AE-7143-439C-896B-F92658EC5C9B}"
EndProject
Global
	GlobalSection(SolutionConfigurationPlatforms) = preSolution
		Debug|Any CPU = Debug|Any CPU
		Release|Any CPU = Release|Any CPU
	EndGlobalSection
	GlobalSection(ProjectConfigurationPlatforms) = postSolution
		{191036AE-7143-439C-896B-F92658EC5C9B}.Debug|Any CPU.ActiveCfg = Debug|Any CPU
		{191036AE-7143-439C-896B-F92658EC5C9B}.Debug|Any CPU.Build.0 = Debug|Any CPU
		{191036AE-7143-439C-896B-F92658EC5C9B}.Release|Any CPU.ActiveCfg = Release|Any CPU
		{191036AE-7143-439C-896B-F92658EC5C9B}.Release|Any CPU.Build.0 = Release|Any CPU
	EndGlobalSection
	GlobalSection(SolutionProperties) = preSolution
		HideSolutionNode = FALSE
	EndGlobalSection
	GlobalSection(ExtensibilityGlobals) = postSolution
		SolutionGuid = {4F69AD63-6C36-4D33-827E-973472616966}
	EndGlobalSection
EndGlobal
