
Microsoft Visual Studio Solution File, Format Version 12.00
# Visual Studio 2012
Project("{FAE04EC0-301F-11D3-BF4B-00C04F79EFBC}") = "xCh10-3-11", "xCh10-3-11\xCh10-3-11.csproj", "{777FB71B-E787-4506-B48A-E9F8D89DD54C}"
EndProject
Global
	GlobalSection(SolutionConfigurationPlatforms) = preSolution
		Debug|Any CPU = Debug|Any CPU
		Release|Any CPU = Release|Any CPU
	EndGlobalSection
	GlobalSection(ProjectConfigurationPlatforms) = postSolution
		{777FB71B-E787-4506-B48A-E9F8D89DD54C}.Debug|Any CPU.ActiveCfg = Debug|Any CPU
		{777FB71B-E787-4506-B48A-E9F8D89DD54C}.Debug|Any CPU.Build.0 = Debug|Any CPU
		{777FB71B-E787-4506-B48A-E9F8D89DD54C}.Release|Any CPU.ActiveCfg = Release|Any CPU
		{777FB71B-E787-4506-B48A-E9F8D89DD54C}.Release|Any CPU.Build.0 = Release|Any CPU
	EndGlobalSection
	GlobalSection(SolutionProperties) = preSolution
		HideSolutionNode = FALSE
	EndGlobalSection
EndGlobal
