
Microsoft Visual Studio Solution File, Format Version 12.00
# Visual Studio Version 16
VisualStudioVersion = 16.0.29709.97
MinimumVisualStudioVersion = 10.0.40219.1
Project("{FAE04EC0-301F-11D3-BF4B-00C04F79EFBC}") = "WindowsFormsApp1", "WindowsFormsApp1\WindowsFormsApp1.csproj", "{EC2FAF0C-7D72-42C8-88DE-BBC433E24476}"
EndProject
Global
	GlobalSection(SolutionConfigurationPlatforms) = preSolution
		Debug|Any CPU = Debug|Any CPU
		Release|Any CPU = Release|Any CPU
	EndGlobalSection
	GlobalSection(ProjectConfigurationPlatforms) = postSolution
		{EC2FAF0C-7D72-42C8-88DE-BBC433E24476}.Debug|Any CPU.ActiveCfg = Debug|Any CPU
		{EC2FAF0C-7D72-42C8-88DE-BBC433E24476}.Debug|Any CPU.Build.0 = Debug|Any CPU
		{EC2FAF0C-7D72-42C8-88DE-BBC433E24476}.Release|Any CPU.ActiveCfg = Release|Any CPU
		{EC2FAF0C-7D72-42C8-88DE-BBC433E24476}.Release|Any CPU.Build.0 = Release|Any CPU
	EndGlobalSection
	GlobalSection(SolutionProperties) = preSolution
		HideSolutionNode = FALSE
	EndGlobalSection
	GlobalSection(ExtensibilityGlobals) = postSolution
		SolutionGuid = {FA7D802D-9298-4030-B1B5-D1073879D6C4}
	EndGlobalSection
EndGlobal
