
Microsoft Visual Studio Solution File, Format Version 10.00
# Visual Studio 2008
Project("{FAE04EC0-301F-11D3-BF4B-00C04F79EFBC}") = "OfficeAssistant", "OfficeAssistant\OfficeAssistant.csproj", "{E408D6AD-6325-47EF-B81F-B269EB5CB19E}"
EndProject
Global
	GlobalSection(SolutionConfigurationPlatforms) = preSolution
		Debug|Any CPU = Debug|Any CPU
		Release|Any CPU = Release|Any CPU
	EndGlobalSection
	GlobalSection(ProjectConfigurationPlatforms) = postSolution
		{E408D6AD-6325-47EF-B81F-B269EB5CB19E}.Debug|Any CPU.ActiveCfg = Debug|Any CPU
		{E408D6AD-6325-47EF-B81F-B269EB5CB19E}.Debug|Any CPU.Build.0 = Debug|Any CPU
		{E408D6AD-6325-47EF-B81F-B269EB5CB19E}.Release|Any CPU.ActiveCfg = Release|Any CPU
		{E408D6AD-6325-47EF-B81F-B269EB5CB19E}.Release|Any CPU.Build.0 = Release|Any CPU
	EndGlobalSection
	GlobalSection(SolutionProperties) = preSolution
		HideSolutionNode = FALSE
	EndGlobalSection
EndGlobal
