
Microsoft Visual Studio Solution File, Format Version 11.00
# Visual C# Express 2010
Project("{FAE04EC0-301F-11D3-BF4B-00C04F79EFBC}") = "howto_crypto_random_numbers", "howto_crypto_random_numbers.csproj", "{C784E275-A982-4205-89C7-CC7AF012402D}"
EndProject
Global
	GlobalSection(SolutionConfigurationPlatforms) = preSolution
		Debug|Any CPU = Debug|Any CPU
		Release|Any CPU = Release|Any CPU
	EndGlobalSection
	GlobalSection(ProjectConfigurationPlatforms) = postSolution
		{C784E275-A982-4205-89C7-CC7AF012402D}.Debug|Any CPU.ActiveCfg = Debug|Any CPU
		{C784E275-A982-4205-89C7-CC7AF012402D}.Debug|Any CPU.Build.0 = Debug|Any CPU
		{C784E275-A982-4205-89C7-CC7AF012402D}.Release|Any CPU.ActiveCfg = Release|Any CPU
		{C784E275-A982-4205-89C7-CC7AF012402D}.Release|Any CPU.Build.0 = Release|Any CPU
	EndGlobalSection
	GlobalSection(SolutionProperties) = preSolution
		HideSolutionNode = FALSE
	EndGlobalSection
EndGlobal
