
Microsoft Visual Studio Solution File, Format Version 11.00
# Visual C# Express 2010
Project("{FAE04EC0-301F-11D3-BF4B-00C04F79EFBC}") = "vcs_Clock9", "vcs_Clock9\vcs_Clock9.csproj", "{97576503-7F3C-408B-8746-F841B83BC553}"
EndProject
Global
	GlobalSection(SolutionConfigurationPlatforms) = preSolution
		Debug|Any CPU = Debug|Any CPU
		Release|Any CPU = Release|Any CPU
	EndGlobalSection
	GlobalSection(ProjectConfigurationPlatforms) = postSolution
		{97576503-7F3C-408B-8746-F841B83BC553}.Debug|Any CPU.ActiveCfg = Debug|Any CPU
		{97576503-7F3C-408B-8746-F841B83BC553}.Debug|Any CPU.Build.0 = Debug|Any CPU
		{97576503-7F3C-408B-8746-F841B83BC553}.Release|Any CPU.ActiveCfg = Release|Any CPU
		{97576503-7F3C-408B-8746-F841B83BC553}.Release|Any CPU.Build.0 = Release|Any CPU
	EndGlobalSection
	GlobalSection(SolutionProperties) = preSolution
		HideSolutionNode = FALSE
	EndGlobalSection
EndGlobal
