
Microsoft Visual Studio Solution File, Format Version 11.00
# Visual C# Express 2010
Project("{FAE04EC0-301F-11D3-BF4B-00C04F79EFBC}") = "vcs_ListViewI", "vcs_ListViewI\vcs_ListViewI.csproj", "{5653436A-56E7-48AE-A6EE-BE1EA658B048}"
EndProject
Global
	GlobalSection(SolutionConfigurationPlatforms) = preSolution
		Debug|Any CPU = Debug|Any CPU
		Release|Any CPU = Release|Any CPU
	EndGlobalSection
	GlobalSection(ProjectConfigurationPlatforms) = postSolution
		{5653436A-56E7-48AE-A6EE-BE1EA658B048}.Debug|Any CPU.ActiveCfg = Debug|Any CPU
		{5653436A-56E7-48AE-A6EE-BE1EA658B048}.Debug|Any CPU.Build.0 = Debug|Any CPU
		{5653436A-56E7-48AE-A6EE-BE1EA658B048}.Release|Any CPU.ActiveCfg = Release|Any CPU
		{5653436A-56E7-48AE-A6EE-BE1EA658B048}.Release|Any CPU.Build.0 = Release|Any CPU
	EndGlobalSection
	GlobalSection(SolutionProperties) = preSolution
		HideSolutionNode = FALSE
	EndGlobalSection
EndGlobal
