
Microsoft Visual Studio Solution File, Format Version 11.00
# Visual C# Express 2010
Project("{FAE04EC0-301F-11D3-BF4B-00C04F79EFBC}") = "Link", "Link.csproj", "{ED9F52F3-C399-49BC-8DF1-DB60B4F2ABB7}"
EndProject
Global
	GlobalSection(SolutionConfigurationPlatforms) = preSolution
		Debug|Any CPU = Debug|Any CPU
		Release|Any CPU = Release|Any CPU
	EndGlobalSection
	GlobalSection(ProjectConfigurationPlatforms) = postSolution
		{ED9F52F3-C399-49BC-8DF1-DB60B4F2ABB7}.Debug|Any CPU.ActiveCfg = Debug|Any CPU
		{ED9F52F3-C399-49BC-8DF1-DB60B4F2ABB7}.Debug|Any CPU.Build.0 = Debug|Any CPU
		{ED9F52F3-C399-49BC-8DF1-DB60B4F2ABB7}.Release|Any CPU.ActiveCfg = Release|Any CPU
		{ED9F52F3-C399-49BC-8DF1-DB60B4F2ABB7}.Release|Any CPU.Build.0 = Release|Any CPU
	EndGlobalSection
	GlobalSection(SolutionProperties) = preSolution
		HideSolutionNode = FALSE
	EndGlobalSection
EndGlobal
