
Microsoft Visual Studio Solution File, Format Version 11.00
# Visual C# Express 2010
Project("{FAE04EC0-301F-11D3-BF4B-00C04F79EFBC}") = "vcs_DataGridView8", "vcs_DataGridView8\vcs_DataGridView8.csproj", "{A647B2A9-543F-4EDC-91A1-2AA0BFD29DF9}"
EndProject
Global
	GlobalSection(SolutionConfigurationPlatforms) = preSolution
		Debug|Any CPU = Debug|Any CPU
		Release|Any CPU = Release|Any CPU
	EndGlobalSection
	GlobalSection(ProjectConfigurationPlatforms) = postSolution
		{A647B2A9-543F-4EDC-91A1-2AA0BFD29DF9}.Debug|Any CPU.ActiveCfg = Debug|Any CPU
		{A647B2A9-543F-4EDC-91A1-2AA0BFD29DF9}.Debug|Any CPU.Build.0 = Debug|Any CPU
		{A647B2A9-543F-4EDC-91A1-2AA0BFD29DF9}.Release|Any CPU.ActiveCfg = Release|Any CPU
		{A647B2A9-543F-4EDC-91A1-2AA0BFD29DF9}.Release|Any CPU.Build.0 = Release|Any CPU
	EndGlobalSection
	GlobalSection(SolutionProperties) = preSolution
		HideSolutionNode = FALSE
	EndGlobalSection
EndGlobal
