
Microsoft Visual Studio Solution File, Format Version 10.00
# Visual Studio 2008
Project("{FAE04EC0-301F-11D3-BF4B-00C04F79EFBC}") = "SortStatisticDatum", "SortStatisticDatum\SortStatisticDatum.csproj", "{D69543AE-4459-4DD8-AEE0-633C3F95D18B}"
EndProject
Global
	GlobalSection(SolutionConfigurationPlatforms) = preSolution
		Debug|Any CPU = Debug|Any CPU
		Release|Any CPU = Release|Any CPU
	EndGlobalSection
	GlobalSection(ProjectConfigurationPlatforms) = postSolution
		{D69543AE-4459-4DD8-AEE0-633C3F95D18B}.Debug|Any CPU.ActiveCfg = Debug|Any CPU
		{D69543AE-4459-4DD8-AEE0-633C3F95D18B}.Debug|Any CPU.Build.0 = Debug|Any CPU
		{D69543AE-4459-4DD8-AEE0-633C3F95D18B}.Release|Any CPU.ActiveCfg = Release|Any CPU
		{D69543AE-4459-4DD8-AEE0-633C3F95D18B}.Release|Any CPU.Build.0 = Release|Any CPU
	EndGlobalSection
	GlobalSection(SolutionProperties) = preSolution
		HideSolutionNode = FALSE
	EndGlobalSection
EndGlobal
