
Microsoft Visual Studio Solution File, Format Version 11.00
# Visual C# Express 2010
Project("{FAE04EC0-301F-11D3-BF4B-00C04F79EFBC}") = "vcs_PLC_Communication2", "vcs_PLC_Communication2\vcs_PLC_Communication2.csproj", "{D8748797-B11F-4CE6-9060-C84A5D266ADD}"
EndProject
Global
	GlobalSection(SolutionConfigurationPlatforms) = preSolution
		Debug|x86 = Debug|x86
		Release|x86 = Release|x86
	EndGlobalSection
	GlobalSection(ProjectConfigurationPlatforms) = postSolution
		{D8748797-B11F-4CE6-9060-C84A5D266ADD}.Debug|x86.ActiveCfg = Debug|x86
		{D8748797-B11F-4CE6-9060-C84A5D266ADD}.Debug|x86.Build.0 = Debug|x86
		{D8748797-B11F-4CE6-9060-C84A5D266ADD}.Release|x86.ActiveCfg = Release|x86
		{D8748797-B11F-4CE6-9060-C84A5D266ADD}.Release|x86.Build.0 = Release|x86
	EndGlobalSection
	GlobalSection(SolutionProperties) = preSolution
		HideSolutionNode = FALSE
	EndGlobalSection
EndGlobal
