
Microsoft Visual Studio Solution File, Format Version 12.00
# Visual Studio 2012
Project("{FAE04EC0-301F-11D3-BF4B-00C04F79EFBC}") = "xCh7-2-11", "xCh7-2-11\xCh7-2-11.csproj", "{35E7B264-CDD2-407F-9336-0A1ACBCDFFAB}"
EndProject
Global
	GlobalSection(SolutionConfigurationPlatforms) = preSolution
		Debug|Any CPU = Debug|Any CPU
		Release|Any CPU = Release|Any CPU
	EndGlobalSection
	GlobalSection(ProjectConfigurationPlatforms) = postSolution
		{35E7B264-CDD2-407F-9336-0A1ACBCDFFAB}.Debug|Any CPU.ActiveCfg = Debug|Any CPU
		{35E7B264-CDD2-407F-9336-0A1ACBCDFFAB}.Debug|Any CPU.Build.0 = Debug|Any CPU
		{35E7B264-CDD2-407F-9336-0A1ACBCDFFAB}.Release|Any CPU.ActiveCfg = Release|Any CPU
		{35E7B264-CDD2-407F-9336-0A1ACBCDFFAB}.Release|Any CPU.Build.0 = Release|Any CPU
	EndGlobalSection
	GlobalSection(SolutionProperties) = preSolution
		HideSolutionNode = FALSE
	EndGlobalSection
EndGlobal
