
Microsoft Visual Studio Solution File, Format Version 11.00
# Visual C# Express 2010
Project("{FAE04EC0-301F-11D3-BF4B-00C04F79EFBC}") = "vcs_MyNotepad1", "vcs_MyNotepad1\vcs_MyNotepad1.csproj", "{A8EF46B0-EFCF-4499-B7B2-EF6D6550CACD}"
EndProject
Global
	GlobalSection(SolutionConfigurationPlatforms) = preSolution
		Debug|x86 = Debug|x86
		Release|x86 = Release|x86
	EndGlobalSection
	GlobalSection(ProjectConfigurationPlatforms) = postSolution
		{A8EF46B0-EFCF-4499-B7B2-EF6D6550CACD}.Debug|x86.ActiveCfg = Debug|x86
		{A8EF46B0-EFCF-4499-B7B2-EF6D6550CACD}.Debug|x86.Build.0 = Debug|x86
		{A8EF46B0-EFCF-4499-B7B2-EF6D6550CACD}.Release|x86.ActiveCfg = Release|x86
		{A8EF46B0-EFCF-4499-B7B2-EF6D6550CACD}.Release|x86.Build.0 = Release|x86
	EndGlobalSection
	GlobalSection(SolutionProperties) = preSolution
		HideSolutionNode = FALSE
	EndGlobalSection
EndGlobal
