
Microsoft Visual Studio Solution File, Format Version 12.00
# Visual Studio Version 16
VisualStudioVersion = 16.0.28803.452
MinimumVisualStudioVersion = 10.0.40219.1
Project("{FAE04EC0-301F-11D3-BF4B-00C04F79EFBC}") = "CH0606", "CH0606.csproj", "{D618FBA3-98EE-43E6-8F18-B970038A80A8}"
EndProject
Global
	GlobalSection(SolutionConfigurationPlatforms) = preSolution
		Debug|Any CPU = Debug|Any CPU
		Release|Any CPU = Release|Any CPU
	EndGlobalSection
	GlobalSection(ProjectConfigurationPlatforms) = postSolution
		{D618FBA3-98EE-43E6-8F18-B970038A80A8}.Debug|Any CPU.ActiveCfg = Debug|Any CPU
		{D618FBA3-98EE-43E6-8F18-B970038A80A8}.Debug|Any CPU.Build.0 = Debug|Any CPU
		{D618FBA3-98EE-43E6-8F18-B970038A80A8}.Release|Any CPU.ActiveCfg = Release|Any CPU
		{D618FBA3-98EE-43E6-8F18-B970038A80A8}.Release|Any CPU.Build.0 = Release|Any CPU
	EndGlobalSection
	GlobalSection(SolutionProperties) = preSolution
		HideSolutionNode = FALSE
	EndGlobalSection
	GlobalSection(ExtensibilityGlobals) = postSolution
		SolutionGuid = {DC38E4AA-0B8D-4C54-9323-8C57DD36C475}
	EndGlobalSection
EndGlobal
