
Microsoft Visual Studio Solution File, Format Version 11.00
# Visual C# Express 2010
Project("{FAE04EC0-301F-11D3-BF4B-00C04F79EFBC}") = "howto_find_squares_colored", "howto_find_squares_colored.csproj", "{6BE5D1A1-A8A4-4E00-8F0A-4126FC96CEDC}"
EndProject
Global
	GlobalSection(SolutionConfigurationPlatforms) = preSolution
		Debug|Any CPU = Debug|Any CPU
		Release|Any CPU = Release|Any CPU
	EndGlobalSection
	GlobalSection(ProjectConfigurationPlatforms) = postSolution
		{6BE5D1A1-A8A4-4E00-8F0A-4126FC96CEDC}.Debug|Any CPU.ActiveCfg = Debug|Any CPU
		{6BE5D1A1-A8A4-4E00-8F0A-4126FC96CEDC}.Debug|Any CPU.Build.0 = Debug|Any CPU
		{6BE5D1A1-A8A4-4E00-8F0A-4126FC96CEDC}.Release|Any CPU.ActiveCfg = Release|Any CPU
		{6BE5D1A1-A8A4-4E00-8F0A-4126FC96CEDC}.Release|Any CPU.Build.0 = Release|Any CPU
	EndGlobalSection
	GlobalSection(SolutionProperties) = preSolution
		HideSolutionNode = FALSE
	EndGlobalSection
EndGlobal
