
Microsoft Visual Studio Solution File, Format Version 12.00
# Visual Studio Express 2013 for Windows Desktop
VisualStudioVersion = 12.0.40629.0
MinimumVisualStudioVersion = 10.0.40219.1
Project("{FAE04EC0-301F-11D3-BF4B-00C04F79EFBC}") = "Score", "Score.csproj", "{CBCD384D-1910-4887-99BE-04238B6E0BD0}"
EndProject
Global
	GlobalSection(SolutionConfigurationPlatforms) = preSolution
		Debug|Any CPU = Debug|Any CPU
		Release|Any CPU = Release|Any CPU
	EndGlobalSection
	GlobalSection(ProjectConfigurationPlatforms) = postSolution
		{CBCD384D-1910-4887-99BE-04238B6E0BD0}.Debug|Any CPU.ActiveCfg = Debug|Any CPU
		{CBCD384D-1910-4887-99BE-04238B6E0BD0}.Debug|Any CPU.Build.0 = Debug|Any CPU
		{CBCD384D-1910-4887-99BE-04238B6E0BD0}.Release|Any CPU.ActiveCfg = Release|Any CPU
		{CBCD384D-1910-4887-99BE-04238B6E0BD0}.Release|Any CPU.Build.0 = Release|Any CPU
	EndGlobalSection
	GlobalSection(SolutionProperties) = preSolution
		HideSolutionNode = FALSE
	EndGlobalSection
EndGlobal
