
Microsoft Visual Studio Solution File, Format Version 11.00
# Visual C# Express 2010
Project("{FAE04EC0-301F-11D3-BF4B-00C04F79EFBC}") = "vcs_DrawImage", "vcs_DrawImage\vcs_DrawImage.csproj", "{0FC04C0D-E682-4E1B-BF9C-32633E190D1F}"
EndProject
Global
	GlobalSection(SolutionConfigurationPlatforms) = preSolution
		Debug|x86 = Debug|x86
		Release|x86 = Release|x86
	EndGlobalSection
	GlobalSection(ProjectConfigurationPlatforms) = postSolution
		{0FC04C0D-E682-4E1B-BF9C-32633E190D1F}.Debug|x86.ActiveCfg = Debug|x86
		{0FC04C0D-E682-4E1B-BF9C-32633E190D1F}.Debug|x86.Build.0 = Debug|x86
		{0FC04C0D-E682-4E1B-BF9C-32633E190D1F}.Release|x86.ActiveCfg = Release|x86
		{0FC04C0D-E682-4E1B-BF9C-32633E190D1F}.Release|x86.Build.0 = Release|x86
	EndGlobalSection
	GlobalSection(SolutionProperties) = preSolution
		HideSolutionNode = FALSE
	EndGlobalSection
EndGlobal
