
Microsoft Visual Studio Solution File, Format Version 11.00
# Visual C# Express 2010
Project("{FAE04EC0-301F-11D3-BF4B-00C04F79EFBC}") = "vcs_MouseKeyboard", "vcs_MouseKeyboard\vcs_MouseKeyboard.csproj", "{CDF5533D-426A-4975-8077-8EC264E0D5E2}"
EndProject
Global
	GlobalSection(SolutionConfigurationPlatforms) = preSolution
		Debug|x86 = Debug|x86
		Release|x86 = Release|x86
	EndGlobalSection
	GlobalSection(ProjectConfigurationPlatforms) = postSolution
		{CDF5533D-426A-4975-8077-8EC264E0D5E2}.Debug|x86.ActiveCfg = Debug|x86
		{CDF5533D-426A-4975-8077-8EC264E0D5E2}.Debug|x86.Build.0 = Debug|x86
		{CDF5533D-426A-4975-8077-8EC264E0D5E2}.Release|x86.ActiveCfg = Release|x86
		{CDF5533D-426A-4975-8077-8EC264E0D5E2}.Release|x86.Build.0 = Release|x86
	EndGlobalSection
	GlobalSection(SolutionProperties) = preSolution
		HideSolutionNode = FALSE
	EndGlobalSection
EndGlobal
