
Microsoft Visual Studio Solution File, Format Version 11.00
# Visual C# Express 2010
Project("{FAE04EC0-301F-11D3-BF4B-00C04F79EFBC}") = "howto_outline_graphics", "howto_outline_graphics.csproj", "{4BCDF1D9-6327-4131-8912-3B8F93D049AB}"
EndProject
Global
	GlobalSection(SolutionConfigurationPlatforms) = preSolution
		Debug|Any CPU = Debug|Any CPU
		Release|Any CPU = Release|Any CPU
	EndGlobalSection
	GlobalSection(ProjectConfigurationPlatforms) = postSolution
		{4BCDF1D9-6327-4131-8912-3B8F93D049AB}.Debug|Any CPU.ActiveCfg = Debug|Any CPU
		{4BCDF1D9-6327-4131-8912-3B8F93D049AB}.Debug|Any CPU.Build.0 = Debug|Any CPU
		{4BCDF1D9-6327-4131-8912-3B8F93D049AB}.Release|Any CPU.ActiveCfg = Release|Any CPU
		{4BCDF1D9-6327-4131-8912-3B8F93D049AB}.Release|Any CPU.Build.0 = Release|Any CPU
	EndGlobalSection
	GlobalSection(SolutionProperties) = preSolution
		HideSolutionNode = FALSE
	EndGlobalSection
EndGlobal
