
Microsoft Visual Studio Solution File, Format Version 12.00
# Visual Studio Express 2012 for Windows Desktop
Project("{FAE04EC0-301F-11D3-BF4B-00C04F79EFBC}") = "ConsoleReadWrite", "ConsoleReadWrite.csproj", "{E0C700FF-A2CF-4D53-8D4A-6FDB2B916443}"
EndProject
Global
	GlobalSection(SolutionConfigurationPlatforms) = preSolution
		Debug|Any CPU = Debug|Any CPU
		Release|Any CPU = Release|Any CPU
	EndGlobalSection
	GlobalSection(ProjectConfigurationPlatforms) = postSolution
		{E0C700FF-A2CF-4D53-8D4A-6FDB2B916443}.Debug|Any CPU.ActiveCfg = Debug|Any CPU
		{E0C700FF-A2CF-4D53-8D4A-6FDB2B916443}.Debug|Any CPU.Build.0 = Debug|Any CPU
		{E0C700FF-A2CF-4D53-8D4A-6FDB2B916443}.Release|Any CPU.ActiveCfg = Release|Any CPU
		{E0C700FF-A2CF-4D53-8D4A-6FDB2B916443}.Release|Any CPU.Build.0 = Release|Any CPU
	EndGlobalSection
	GlobalSection(SolutionProperties) = preSolution
		HideSolutionNode = FALSE
	EndGlobalSection
EndGlobal
