
Microsoft Visual Studio Solution File, Format Version 11.00
# Visual C# Express 2010
Project("{FAE04EC0-301F-11D3-BF4B-00C04F79EFBC}") = "howto_graph_pi_approximation", "howto_graph_pi_approximation.csproj", "{DC1F8C4E-6E3B-4286-9B8E-8F92B0E07090}"
EndProject
Global
	GlobalSection(SolutionConfigurationPlatforms) = preSolution
		Debug|Any CPU = Debug|Any CPU
		Release|Any CPU = Release|Any CPU
	EndGlobalSection
	GlobalSection(ProjectConfigurationPlatforms) = postSolution
		{DC1F8C4E-6E3B-4286-9B8E-8F92B0E07090}.Debug|Any CPU.ActiveCfg = Debug|Any CPU
		{DC1F8C4E-6E3B-4286-9B8E-8F92B0E07090}.Debug|Any CPU.Build.0 = Debug|Any CPU
		{DC1F8C4E-6E3B-4286-9B8E-8F92B0E07090}.Release|Any CPU.ActiveCfg = Release|Any CPU
		{DC1F8C4E-6E3B-4286-9B8E-8F92B0E07090}.Release|Any CPU.Build.0 = Release|Any CPU
	EndGlobalSection
	GlobalSection(SolutionProperties) = preSolution
		HideSolutionNode = FALSE
	EndGlobalSection
EndGlobal
