
Microsoft Visual Studio Solution File, Format Version 11.00
# Visual C# Express 2010
Project("{FAE04EC0-301F-11D3-BF4B-00C04F79EFBC}") = "MatrixScreen2", "MatrixScreen2\MatrixScreen2.csproj", "{642E4A7E-AC1A-4DC5-8DFB-DE8A04AB698A}"
EndProject
Global
	GlobalSection(SolutionConfigurationPlatforms) = preSolution
		Debug|x86 = Debug|x86
		Release|x86 = Release|x86
	EndGlobalSection
	GlobalSection(ProjectConfigurationPlatforms) = postSolution
		{642E4A7E-AC1A-4DC5-8DFB-DE8A04AB698A}.Debug|x86.ActiveCfg = Debug|x86
		{642E4A7E-AC1A-4DC5-8DFB-DE8A04AB698A}.Debug|x86.Build.0 = Debug|x86
		{642E4A7E-AC1A-4DC5-8DFB-DE8A04AB698A}.Release|x86.ActiveCfg = Release|x86
		{642E4A7E-AC1A-4DC5-8DFB-DE8A04AB698A}.Release|x86.Build.0 = Release|x86
	EndGlobalSection
	GlobalSection(SolutionProperties) = preSolution
		HideSolutionNode = FALSE
	EndGlobalSection
EndGlobal
