
Microsoft Visual Studio Solution File, Format Version 10.00
# Visual Studio 2008
Project("{FAE04EC0-301F-11D3-BF4B-00C04F79EFBC}") = "系統已經安裝的打印機訊息", "系統已經安裝的打印機訊息\系統已經安裝的打印機訊息.csproj", "{9002EDBC-0C8F-41AE-A794-EF6AD75F054E}"
EndProject
Global
	GlobalSection(SolutionConfigurationPlatforms) = preSolution
		Debug|Any CPU = Debug|Any CPU
		Release|Any CPU = Release|Any CPU
	EndGlobalSection
	GlobalSection(ProjectConfigurationPlatforms) = postSolution
		{9002EDBC-0C8F-41AE-A794-EF6AD75F054E}.Debug|Any CPU.ActiveCfg = Debug|Any CPU
		{9002EDBC-0C8F-41AE-A794-EF6AD75F054E}.Debug|Any CPU.Build.0 = Debug|Any CPU
		{9002EDBC-0C8F-41AE-A794-EF6AD75F054E}.Release|Any CPU.ActiveCfg = Release|Any CPU
		{9002EDBC-0C8F-41AE-A794-EF6AD75F054E}.Release|Any CPU.Build.0 = Release|Any CPU
	EndGlobalSection
	GlobalSection(SolutionProperties) = preSolution
		HideSolutionNode = FALSE
	EndGlobalSection
EndGlobal
