
Microsoft Visual Studio Solution File, Format Version 12.00
# Visual Studio Express 2012 for Windows Desktop
Project("{FAE04EC0-301F-11D3-BF4B-00C04F79EFBC}") = "ConsoleifElse2", "ConsoleifElse2.csproj", "{8AC5BBAC-8A97-47FB-985B-4BD17A3A9D2B}"
EndProject
Global
	GlobalSection(SolutionConfigurationPlatforms) = preSolution
		Debug|Any CPU = Debug|Any CPU
		Release|Any CPU = Release|Any CPU
	EndGlobalSection
	GlobalSection(ProjectConfigurationPlatforms) = postSolution
		{8AC5BBAC-8A97-47FB-985B-4BD17A3A9D2B}.Debug|Any CPU.ActiveCfg = Debug|Any CPU
		{8AC5BBAC-8A97-47FB-985B-4BD17A3A9D2B}.Debug|Any CPU.Build.0 = Debug|Any CPU
		{8AC5BBAC-8A97-47FB-985B-4BD17A3A9D2B}.Release|Any CPU.ActiveCfg = Release|Any CPU
		{8AC5BBAC-8A97-47FB-985B-4BD17A3A9D2B}.Release|Any CPU.Build.0 = Release|Any CPU
	EndGlobalSection
	GlobalSection(SolutionProperties) = preSolution
		HideSolutionNode = FALSE
	EndGlobalSection
EndGlobal
