
Microsoft Visual Studio Solution File, Format Version 12.00
# Visual Studio Version 17
VisualStudioVersion = 17.0.32802.463
MinimumVisualStudioVersion = 10.0.40219.1
Project("{8BC9CEB8-8B4A-11D0-8D11-00A0C91BC942}") = "FunctionPointers", "FunctionPointers_vs2022.vcxproj", "{D827F165-E082-4700-B0BE-EFA3C0332B24}"
EndProject
Global
	GlobalSection(SolutionConfigurationPlatforms) = preSolution
		Debug|x64 = Debug|x64
		Release|x64 = Release|x64
	EndGlobalSection
	GlobalSection(ProjectConfigurationPlatforms) = postSolution
		{D827F165-E082-4700-B0BE-EFA3C0332B24}.Debug|x64.ActiveCfg = Debug|x64
		{D827F165-E082-4700-B0BE-EFA3C0332B24}.Debug|x64.Build.0 = Debug|x64
		{D827F165-E082-4700-B0BE-EFA3C0332B24}.Release|x64.ActiveCfg = Release|x64
		{D827F165-E082-4700-B0BE-EFA3C0332B24}.Release|x64.Build.0 = Release|x64
	EndGlobalSection
	GlobalSection(SolutionProperties) = preSolution
		HideSolutionNode = FALSE
	EndGlobalSection
	GlobalSection(ExtensibilityGlobals) = postSolution
		SolutionGuid = {17D9D48A-24E3-4E04-B7DF-63D017B88C68}
	EndGlobalSection
EndGlobal
