
Microsoft Visual Studio Solution File, Format Version 11.00
# Visual C# Express 2010
Project("{FAE04EC0-301F-11D3-BF4B-00C04F79EFBC}") = "vcs_MenuStrip6", "vcs_MenuStrip6\vcs_MenuStrip6.csproj", "{B5B4FD6E-D1D3-42EF-8FA2-4DA1024A6190}"
EndProject
Global
	GlobalSection(SolutionConfigurationPlatforms) = preSolution
		Debug|x86 = Debug|x86
		Release|x86 = Release|x86
	EndGlobalSection
	GlobalSection(ProjectConfigurationPlatforms) = postSolution
		{B5B4FD6E-D1D3-42EF-8FA2-4DA1024A6190}.Debug|x86.ActiveCfg = Debug|x86
		{B5B4FD6E-D1D3-42EF-8FA2-4DA1024A6190}.Debug|x86.Build.0 = Debug|x86
		{B5B4FD6E-D1D3-42EF-8FA2-4DA1024A6190}.Release|x86.ActiveCfg = Release|x86
		{B5B4FD6E-D1D3-42EF-8FA2-4DA1024A6190}.Release|x86.Build.0 = Release|x86
	EndGlobalSection
	GlobalSection(SolutionProperties) = preSolution
		HideSolutionNode = FALSE
	EndGlobalSection
EndGlobal
