
Microsoft Visual Studio Solution File, Format Version 11.00
# Visual C# Express 2010
Project("{FAE04EC0-301F-11D3-BF4B-00C04F79EFBC}") = "vcs_WindowsAPICodePack", "vcs_WindowsAPICodePack\vcs_WindowsAPICodePack.csproj", "{3C0C0178-C48C-4D43-A2D8-46523BDC7EEF}"
EndProject
Global
	GlobalSection(SolutionConfigurationPlatforms) = preSolution
		Debug|Any CPU = Debug|Any CPU
		Release|Any CPU = Release|Any CPU
	EndGlobalSection
	GlobalSection(ProjectConfigurationPlatforms) = postSolution
		{3C0C0178-C48C-4D43-A2D8-46523BDC7EEF}.Debug|Any CPU.ActiveCfg = Debug|Any CPU
		{3C0C0178-C48C-4D43-A2D8-46523BDC7EEF}.Debug|Any CPU.Build.0 = Debug|Any CPU
		{3C0C0178-C48C-4D43-A2D8-46523BDC7EEF}.Release|Any CPU.ActiveCfg = Release|Any CPU
		{3C0C0178-C48C-4D43-A2D8-46523BDC7EEF}.Release|Any CPU.Build.0 = Release|Any CPU
	EndGlobalSection
	GlobalSection(SolutionProperties) = preSolution
		HideSolutionNode = FALSE
	EndGlobalSection
EndGlobal
