
Microsoft Visual Studio Solution File, Format Version 10.00
# Visual Studio 2008
Project("{FAE04EC0-301F-11D3-BF4B-00C04F79EFBC}") = "GroupingStatisticReport", "GroupingStatisticReport\GroupingStatisticReport.csproj", "{06985868-53B0-44E4-8D30-940C47C5231C}"
EndProject
Global
	GlobalSection(SolutionConfigurationPlatforms) = preSolution
		Debug|Any CPU = Debug|Any CPU
		Release|Any CPU = Release|Any CPU
	EndGlobalSection
	GlobalSection(ProjectConfigurationPlatforms) = postSolution
		{06985868-53B0-44E4-8D30-940C47C5231C}.Debug|Any CPU.ActiveCfg = Debug|Any CPU
		{06985868-53B0-44E4-8D30-940C47C5231C}.Debug|Any CPU.Build.0 = Debug|Any CPU
		{06985868-53B0-44E4-8D30-940C47C5231C}.Release|Any CPU.ActiveCfg = Release|Any CPU
		{06985868-53B0-44E4-8D30-940C47C5231C}.Release|Any CPU.Build.0 = Release|Any CPU
	EndGlobalSection
	GlobalSection(SolutionProperties) = preSolution
		HideSolutionNode = FALSE
	EndGlobalSection
EndGlobal
