
Microsoft Visual Studio Solution File, Format Version 11.00
# Visual C# Express 2010
Project("{FAE04EC0-301F-11D3-BF4B-00C04F79EFBC}") = "vcs_ReadWrite_TXT2", "vcs_ReadWrite_TXT2\vcs_ReadWrite_TXT2.csproj", "{AB291BA4-14BD-4C3A-856E-86377DE6DAB5}"
EndProject
Global
	GlobalSection(SolutionConfigurationPlatforms) = preSolution
		Debug|x86 = Debug|x86
		Release|x86 = Release|x86
	EndGlobalSection
	GlobalSection(ProjectConfigurationPlatforms) = postSolution
		{AB291BA4-14BD-4C3A-856E-86377DE6DAB5}.Debug|x86.ActiveCfg = Debug|x86
		{AB291BA4-14BD-4C3A-856E-86377DE6DAB5}.Debug|x86.Build.0 = Debug|x86
		{AB291BA4-14BD-4C3A-856E-86377DE6DAB5}.Release|x86.ActiveCfg = Release|x86
		{AB291BA4-14BD-4C3A-856E-86377DE6DAB5}.Release|x86.Build.0 = Release|x86
	EndGlobalSection
	GlobalSection(SolutionProperties) = preSolution
		HideSolutionNode = FALSE
	EndGlobalSection
EndGlobal
