
Microsoft Visual Studio Solution File, Format Version 10.00
# Visual Studio 2008
Project("{FAE04EC0-301F-11D3-BF4B-00C04F79EFBC}") = "OutLook", "OutLook\OutLook.csproj", "{88B41EFF-8772-4178-B56C-4ECD3DD84440}"
EndProject
Global
	GlobalSection(SolutionConfigurationPlatforms) = preSolution
		Debug|Any CPU = Debug|Any CPU
		Release|Any CPU = Release|Any CPU
	EndGlobalSection
	GlobalSection(ProjectConfigurationPlatforms) = postSolution
		{88B41EFF-8772-4178-B56C-4ECD3DD84440}.Debug|Any CPU.ActiveCfg = Debug|Any CPU
		{88B41EFF-8772-4178-B56C-4ECD3DD84440}.Debug|Any CPU.Build.0 = Debug|Any CPU
		{88B41EFF-8772-4178-B56C-4ECD3DD84440}.Release|Any CPU.ActiveCfg = Release|Any CPU
		{88B41EFF-8772-4178-B56C-4ECD3DD84440}.Release|Any CPU.Build.0 = Release|Any CPU
	EndGlobalSection
	GlobalSection(SolutionProperties) = preSolution
		HideSolutionNode = FALSE
	EndGlobalSection
EndGlobal
