
Microsoft Visual Studio Solution File, Format Version 12.00
# Visual Studio Version 17
VisualStudioVersion = 17.0.32802.463
MinimumVisualStudioVersion = 10.0.40219.1
Project("{8BC9CEB8-8B4A-11D0-8D11-00A0C91BC942}") = "OpenGL_sample05", "OpenGL_sample05\OpenGL_sample05.vcxproj", "{FC9F5E8E-F1CD-4500-8625-916EC21D307E}"
EndProject
Global
	GlobalSection(SolutionConfigurationPlatforms) = preSolution
		Debug|x64 = Debug|x64
		Release|x64 = Release|x64
	EndGlobalSection
	GlobalSection(ProjectConfigurationPlatforms) = postSolution
		{FC9F5E8E-F1CD-4500-8625-916EC21D307E}.Debug|x64.ActiveCfg = Debug|x64
		{FC9F5E8E-F1CD-4500-8625-916EC21D307E}.Debug|x64.Build.0 = Debug|x64
		{FC9F5E8E-F1CD-4500-8625-916EC21D307E}.Release|x64.ActiveCfg = Release|x64
		{FC9F5E8E-F1CD-4500-8625-916EC21D307E}.Release|x64.Build.0 = Release|x64
	EndGlobalSection
	GlobalSection(SolutionProperties) = preSolution
		HideSolutionNode = FALSE
	EndGlobalSection
	GlobalSection(ExtensibilityGlobals) = postSolution
		SolutionGuid = {3389CB56-4DE3-4381-BC53-C8CDF2575520}
	EndGlobalSection
EndGlobal
