
Microsoft Visual Studio Solution File, Format Version 12.00
# Visual Studio Version 16
VisualStudioVersion = 16.0.28803.452
MinimumVisualStudioVersion = 10.0.40219.1
Project("{FAE04EC0-301F-11D3-BF4B-00C04F79EFBC}") = "CH1108", "CH1108.csproj", "{FA218502-2030-400A-ADD8-46B001CD96E7}"
EndProject
Global
	GlobalSection(SolutionConfigurationPlatforms) = preSolution
		Debug|Any CPU = Debug|Any CPU
		Release|Any CPU = Release|Any CPU
	EndGlobalSection
	GlobalSection(ProjectConfigurationPlatforms) = postSolution
		{FA218502-2030-400A-ADD8-46B001CD96E7}.Debug|Any CPU.ActiveCfg = Debug|Any CPU
		{FA218502-2030-400A-ADD8-46B001CD96E7}.Debug|Any CPU.Build.0 = Debug|Any CPU
		{FA218502-2030-400A-ADD8-46B001CD96E7}.Release|Any CPU.ActiveCfg = Release|Any CPU
		{FA218502-2030-400A-ADD8-46B001CD96E7}.Release|Any CPU.Build.0 = Release|Any CPU
	EndGlobalSection
	GlobalSection(SolutionProperties) = preSolution
		HideSolutionNode = FALSE
	EndGlobalSection
	GlobalSection(ExtensibilityGlobals) = postSolution
		SolutionGuid = {0334470E-31CA-4699-906B-F6A893697A3A}
	EndGlobalSection
EndGlobal
