
Microsoft Visual Studio Solution File, Format Version 12.00
# Visual Studio Express 2012 for Windows Desktop
Project("{FAE04EC0-301F-11D3-BF4B-00C04F79EFBC}") = "ConsoleInheritException", "ConsoleInheritException.csproj", "{063D4C64-A320-40D2-95F3-0B2C3260F31E}"
EndProject
Global
	GlobalSection(SolutionConfigurationPlatforms) = preSolution
		Debug|Any CPU = Debug|Any CPU
		Release|Any CPU = Release|Any CPU
	EndGlobalSection
	GlobalSection(ProjectConfigurationPlatforms) = postSolution
		{063D4C64-A320-40D2-95F3-0B2C3260F31E}.Debug|Any CPU.ActiveCfg = Debug|Any CPU
		{063D4C64-A320-40D2-95F3-0B2C3260F31E}.Debug|Any CPU.Build.0 = Debug|Any CPU
		{063D4C64-A320-40D2-95F3-0B2C3260F31E}.Release|Any CPU.ActiveCfg = Release|Any CPU
		{063D4C64-A320-40D2-95F3-0B2C3260F31E}.Release|Any CPU.Build.0 = Release|Any CPU
	EndGlobalSection
	GlobalSection(SolutionProperties) = preSolution
		HideSolutionNode = FALSE
	EndGlobalSection
EndGlobal
