
Microsoft Visual Studio Solution File, Format Version 11.00
# Visual C# Express 2010
Project("{FAE04EC0-301F-11D3-BF4B-00C04F79EFBC}") = "vcs_Spire_PDFViewer", "vcs_Spire_PDFViewer\vcs_Spire_PDFViewer.csproj", "{5A69B728-9541-4509-8312-63C9E8136754}"
EndProject
Global
	GlobalSection(SolutionConfigurationPlatforms) = preSolution
		Debug|Any CPU = Debug|Any CPU
		Release|Any CPU = Release|Any CPU
	EndGlobalSection
	GlobalSection(ProjectConfigurationPlatforms) = postSolution
		{5A69B728-9541-4509-8312-63C9E8136754}.Debug|Any CPU.ActiveCfg = Debug|Any CPU
		{5A69B728-9541-4509-8312-63C9E8136754}.Debug|Any CPU.Build.0 = Debug|Any CPU
		{5A69B728-9541-4509-8312-63C9E8136754}.Release|Any CPU.ActiveCfg = Release|Any CPU
		{5A69B728-9541-4509-8312-63C9E8136754}.Release|Any CPU.Build.0 = Release|Any CPU
	EndGlobalSection
	GlobalSection(SolutionProperties) = preSolution
		HideSolutionNode = FALSE
	EndGlobalSection
EndGlobal
