
Microsoft Visual Studio Solution File, Format Version 12.00
# Visual Studio Express 2012 for Windows Desktop
Project("{FAE04EC0-301F-11D3-BF4B-00C04F79EFBC}") = "ConsoleGuessNo", "ConsoleGuessNo.csproj", "{CC3204D7-40BD-4750-B6AA-D8D141B7AFDB}"
EndProject
Global
	GlobalSection(SolutionConfigurationPlatforms) = preSolution
		Debug|Any CPU = Debug|Any CPU
		Release|Any CPU = Release|Any CPU
	EndGlobalSection
	GlobalSection(ProjectConfigurationPlatforms) = postSolution
		{CC3204D7-40BD-4750-B6AA-D8D141B7AFDB}.Debug|Any CPU.ActiveCfg = Debug|Any CPU
		{CC3204D7-40BD-4750-B6AA-D8D141B7AFDB}.Debug|Any CPU.Build.0 = Debug|Any CPU
		{CC3204D7-40BD-4750-B6AA-D8D141B7AFDB}.Release|Any CPU.ActiveCfg = Release|Any CPU
		{CC3204D7-40BD-4750-B6AA-D8D141B7AFDB}.Release|Any CPU.Build.0 = Release|Any CPU
	EndGlobalSection
	GlobalSection(SolutionProperties) = preSolution
		HideSolutionNode = FALSE
	EndGlobalSection
EndGlobal
