
Microsoft Visual Studio Solution File, Format Version 10.00
# Visual Studio 2008
Project("{FAE04EC0-301F-11D3-BF4B-00C04F79EFBC}") = "PrintStudentInfo", "PrintStudentInfo\PrintStudentInfo.csproj", "{8CD99BCF-EA85-4835-BD6B-2EB3839303CB}"
EndProject
Global
	GlobalSection(SolutionConfigurationPlatforms) = preSolution
		Debug|Any CPU = Debug|Any CPU
		Release|Any CPU = Release|Any CPU
	EndGlobalSection
	GlobalSection(ProjectConfigurationPlatforms) = postSolution
		{8CD99BCF-EA85-4835-BD6B-2EB3839303CB}.Debug|Any CPU.ActiveCfg = Debug|Any CPU
		{8CD99BCF-EA85-4835-BD6B-2EB3839303CB}.Debug|Any CPU.Build.0 = Debug|Any CPU
		{8CD99BCF-EA85-4835-BD6B-2EB3839303CB}.Release|Any CPU.ActiveCfg = Release|Any CPU
		{8CD99BCF-EA85-4835-BD6B-2EB3839303CB}.Release|Any CPU.Build.0 = Release|Any CPU
	EndGlobalSection
	GlobalSection(SolutionProperties) = preSolution
		HideSolutionNode = FALSE
	EndGlobalSection
EndGlobal
