
Microsoft Visual Studio Solution File, Format Version 11.00
# Visual C# Express 2010
Project("{FAE04EC0-301F-11D3-BF4B-00C04F79EFBC}") = "vcs_Puzzle2", "vcs_Puzzle2\vcs_Puzzle2.csproj", "{A0BBF648-7232-4876-BED2-6E9C33419053}"
EndProject
Global
	GlobalSection(SolutionConfigurationPlatforms) = preSolution
		Debug|Any CPU = Debug|Any CPU
		Release|Any CPU = Release|Any CPU
	EndGlobalSection
	GlobalSection(ProjectConfigurationPlatforms) = postSolution
		{A0BBF648-7232-4876-BED2-6E9C33419053}.Debug|Any CPU.ActiveCfg = Debug|Any CPU
		{A0BBF648-7232-4876-BED2-6E9C33419053}.Debug|Any CPU.Build.0 = Debug|Any CPU
		{A0BBF648-7232-4876-BED2-6E9C33419053}.Release|Any CPU.ActiveCfg = Release|Any CPU
		{A0BBF648-7232-4876-BED2-6E9C33419053}.Release|Any CPU.Build.0 = Release|Any CPU
	EndGlobalSection
	GlobalSection(SolutionProperties) = preSolution
		HideSolutionNode = FALSE
	EndGlobalSection
EndGlobal
