
Microsoft Visual Studio Solution File, Format Version 12.00
# Visual Studio Version 17
VisualStudioVersion = 17.0.32802.463
MinimumVisualStudioVersion = 10.0.40219.1
Project("{8BC9CEB8-8B4A-11D0-8D11-00A0C91BC942}") = "SLID3D10Texture", "SLID3D10Texture_vs2022.vcxproj", "{68D539A8-0DBD-4B57-B866-8D7F5F83B973}"
EndProject
Global
	GlobalSection(SolutionConfigurationPlatforms) = preSolution
		Debug|x64 = Debug|x64
		Release|x64 = Release|x64
	EndGlobalSection
	GlobalSection(ProjectConfigurationPlatforms) = postSolution
		{68D539A8-0DBD-4B57-B866-8D7F5F83B973}.Debug|x64.ActiveCfg = Debug|x64
		{68D539A8-0DBD-4B57-B866-8D7F5F83B973}.Debug|x64.Build.0 = Debug|x64
		{68D539A8-0DBD-4B57-B866-8D7F5F83B973}.Release|x64.ActiveCfg = Release|x64
		{68D539A8-0DBD-4B57-B866-8D7F5F83B973}.Release|x64.Build.0 = Release|x64
	EndGlobalSection
	GlobalSection(SolutionProperties) = preSolution
		HideSolutionNode = FALSE
	EndGlobalSection
	GlobalSection(ExtensibilityGlobals) = postSolution
		SolutionGuid = {B48A869D-118E-467F-BDE9-AB77582E2718}
	EndGlobalSection
EndGlobal
