
Microsoft Visual Studio Solution File, Format Version 12.00
# Visual Studio Version 17
VisualStudioVersion = 17.0.32802.463
MinimumVisualStudioVersion = 10.0.40219.1
Project("{8BC9CEB8-8B4A-11D0-8D11-00A0C91BC942}") = "quasirandomGenerator", "quasirandomGenerator_vs2022.vcxproj", "{279E83F4-5976-4A2B-A408-344038EBB9F3}"
EndProject
Global
	GlobalSection(SolutionConfigurationPlatforms) = preSolution
		Debug|x64 = Debug|x64
		Release|x64 = Release|x64
	EndGlobalSection
	GlobalSection(ProjectConfigurationPlatforms) = postSolution
		{279E83F4-5976-4A2B-A408-344038EBB9F3}.Debug|x64.ActiveCfg = Debug|x64
		{279E83F4-5976-4A2B-A408-344038EBB9F3}.Debug|x64.Build.0 = Debug|x64
		{279E83F4-5976-4A2B-A408-344038EBB9F3}.Release|x64.ActiveCfg = Release|x64
		{279E83F4-5976-4A2B-A408-344038EBB9F3}.Release|x64.Build.0 = Release|x64
	EndGlobalSection
	GlobalSection(SolutionProperties) = preSolution
		HideSolutionNode = FALSE
	EndGlobalSection
	GlobalSection(ExtensibilityGlobals) = postSolution
		SolutionGuid = {4C182465-C961-4DFF-8A63-DDAA44F0F6F2}
	EndGlobalSection
EndGlobal
